
Microsoft Visual Studio Solution File, Format Version 12.00
# Visual Studio Version 16
VisualStudioVersion = 16.0.30907.101
MinimumVisualStudioVersion = 10.0.40219.1
Project("{FAE04EC0-301F-11D3-BF4B-00C04F79EFBC}") = "模拟蓝绿屏", "模拟蓝绿屏\模拟蓝绿屏.csproj", "{9EC5B8B8-259C-41FB-848B-4226E44FF65E}"
EndProject
Project("{9A19103F-16F7-4668-BE54-9A1E7A4F7556}") = "MaterialDesignInPrism.DeskTop", "MaterialDesignInPrism.DeskTop\MaterialDesignInPrism.DeskTop.csproj", "{ABAAC357-D18F-44FD-AA51-5B73F1F945D2}"
EndProject
Project("{9A19103F-16F7-4668-BE54-9A1E7A4F7556}") = "MaterialDesignInPrism.Core", "MaterialDesignInPrism.Core\MaterialDesignInPrism.Core.csproj", "{BED60379-D659-4BCF-990B-E85BF9AA7731}"
EndProject
Project("{9A19103F-16F7-4668-BE54-9A1E7A4F7556}") = "MaterialDesignInPrism.ColorPicker", "MaterialDesignInPrism.ColorPicker\MaterialDesignInPrism.ColorPicker.csproj", "{6141FF90-614C-43A0-BA24-2913104CF363}"
EndProject
Global
	GlobalSection(SolutionConfigurationPlatforms) = preSolution
		Debug|Any CPU = Debug|Any CPU
		Release|Any CPU = Release|Any CPU
	EndGlobalSection
	GlobalSection(ProjectConfigurationPlatforms) = postSolution
		{9EC5B8B8-259C-41FB-848B-4226E44FF65E}.Debug|Any CPU.ActiveCfg = Debug|Any CPU
		{9EC5B8B8-259C-41FB-848B-4226E44FF65E}.Debug|Any CPU.Build.0 = Debug|Any CPU
		{9EC5B8B8-259C-41FB-848B-4226E44FF65E}.Release|Any CPU.ActiveCfg = Release|Any CPU
		{9EC5B8B8-259C-41FB-848B-4226E44FF65E}.Release|Any CPU.Build.0 = Release|Any CPU
		{ABAAC357-D18F-44FD-AA51-5B73F1F945D2}.Debug|Any CPU.ActiveCfg = Debug|Any CPU
		{ABAAC357-D18F-44FD-AA51-5B73F1F945D2}.Debug|Any CPU.Build.0 = Debug|Any CPU
		{ABAAC357-D18F-44FD-AA51-5B73F1F945D2}.Release|Any CPU.ActiveCfg = Release|Any CPU
		{ABAAC357-D18F-44FD-AA51-5B73F1F945D2}.Release|Any CPU.Build.0 = Release|Any CPU
		{BED60379-D659-4BCF-990B-E85BF9AA7731}.Debug|Any CPU.ActiveCfg = Debug|Any CPU
		{BED60379-D659-4BCF-990B-E85BF9AA7731}.Debug|Any CPU.Build.0 = Debug|Any CPU
		{BED60379-D659-4BCF-990B-E85BF9AA7731}.Release|Any CPU.ActiveCfg = Release|Any CPU
		{BED60379-D659-4BCF-990B-E85BF9AA7731}.Release|Any CPU.Build.0 = Release|Any CPU
		{6141FF90-614C-43A0-BA24-2913104CF363}.Debug|Any CPU.ActiveCfg = Debug|Any CPU
		{6141FF90-614C-43A0-BA24-2913104CF363}.Debug|Any CPU.Build.0 = Debug|Any CPU
		{6141FF90-614C-43A0-BA24-2913104CF363}.Release|Any CPU.ActiveCfg = Release|Any CPU
		{6141FF90-614C-43A0-BA24-2913104CF363}.Release|Any CPU.Build.0 = Release|Any CPU
	EndGlobalSection
	GlobalSection(SolutionProperties) = preSolution
		HideSolutionNode = FALSE
	EndGlobalSection
	GlobalSection(ExtensibilityGlobals) = postSolution
		SolutionGuid = {53844C99-5679-40ED-AB20-021A9AF3B99D}
	EndGlobalSection
EndGlobal
