
Microsoft Visual Studio Solution File, Format Version 12.00
# Visual Studio 2012
Project("{FAE04EC0-301F-11D3-BF4B-00C04F79EFBC}") = "停车场项目", "停车场项目.csproj", "{097B8EC9-D529-43F5-9F36-FF60EBBE41DF}"
EndProject
Global
	GlobalSection(SolutionConfigurationPlatforms) = preSolution
		Debug|Any CPU = Debug|Any CPU
		Release|Any CPU = Release|Any CPU
	EndGlobalSection
	GlobalSection(ProjectConfigurationPlatforms) = postSolution
		{097B8EC9-D529-43F5-9F36-FF60EBBE41DF}.Debug|Any CPU.ActiveCfg = Debug|Any CPU
		{097B8EC9-D529-43F5-9F36-FF60EBBE41DF}.Debug|Any CPU.Build.0 = Debug|Any CPU
		{097B8EC9-D529-43F5-9F36-FF60EBBE41DF}.Release|Any CPU.ActiveCfg = Release|Any CPU
		{097B8EC9-D529-43F5-9F36-FF60EBBE41DF}.Release|Any CPU.Build.0 = Release|Any CPU
	EndGlobalSection
	GlobalSection(SolutionProperties) = preSolution
		HideSolutionNode = FALSE
	EndGlobalSection
EndGlobal
