
Microsoft Visual Studio Solution File, Format Version 12.00
# Visual Studio Version 16
VisualStudioVersion = 16.0.29920.165
MinimumVisualStudioVersion = 10.0.40219.1
Project("{2150E333-8FDC-42A3-9474-1A3956D46DE8}") = "Desktop", "Desktop", "{2D4266C2-7A0F-4D00-90BB-DF5AE8274EA2}"
EndProject
Project("{2150E333-8FDC-42A3-9474-1A3956D46DE8}") = "ape", "ape", "{1B0AD709-6E2F-45BE-B6D6-AF43A46EED3E}"
EndProject
Project("{FAE04EC0-301F-11D3-BF4B-00C04F79EFBC}") = "ape-Network", "ape\ape-Network\ape-Network.csproj", "{1C5135A2-87B8-4860-872E-026D98001DBA}"
EndProject
Project("{FAE04EC0-301F-11D3-BF4B-00C04F79EFBC}") = "Calculator", "Desktop\Calculator\Calculator.csproj", "{0697B1C8-8CE1-4A63-BEC8-48F65E201C62}"
EndProject
Project("{2150E333-8FDC-42A3-9474-1A3956D46DE8}") = "UWP", "UWP", "{DCD48A48-773A-400F-80FC-1DA9F167CB41}"
EndProject
Project("{FAE04EC0-301F-11D3-BF4B-00C04F79EFBC}") = "ape-System", "ape\ape-System\ape-System.csproj", "{5D24E57E-9E72-4691-9243-474B69F1EA1A}"
EndProject
Project("{FAE04EC0-301F-11D3-BF4B-00C04F79EFBC}") = "ape-Math", "ape\ape-Math\ape-Math.csproj", "{87B2105B-35BF-45DF-9B31-C645DC65474A}"
EndProject
Project("{2150E333-8FDC-42A3-9474-1A3956D46DE8}") = "TeamClient", "TeamClient", "{9A8A636F-3088-4E45-BC6E-32EDE3E7107C}"
EndProject
Project("{FAE04EC0-301F-11D3-BF4B-00C04F79EFBC}") = "TeamC", "Desktop\TeamC\TeamC\TeamC.csproj", "{0B1B480A-2F8C-4A87-9DF7-F6609A52567B}"
EndProject
Project("{FAE04EC0-301F-11D3-BF4B-00C04F79EFBC}") = "TeamC-Serve", "Desktop\TeamC\TeamC-Serve\TeamC-Serve.csproj", "{A9339D0B-0EB9-468F-B5FD-011100429019}"
EndProject
Project("{2150E333-8FDC-42A3-9474-1A3956D46DE8}") = "Learn", "Learn", "{424F7DAB-6256-46F7-8FDA-C753F9C4EF68}"
EndProject
Project("{FAE04EC0-301F-11D3-BF4B-00C04F79EFBC}") = "SocketClientDemo", "Learn\SocketClientDemo\SocketClientDemo.csproj", "{A2D5240A-90BC-451A-B3C8-B2F9F5BB81F0}"
EndProject
Project("{FAE04EC0-301F-11D3-BF4B-00C04F79EFBC}") = "SocketServerDemo", "Learn\SocketServerDemo\SocketServerDemo.csproj", "{F5871092-459A-42BA-A2EE-E035147DAADB}"
EndProject
Project("{FAE04EC0-301F-11D3-BF4B-00C04F79EFBC}") = "Calculator", "UWP\Calculator\Calculator.csproj", "{FCA8F1D3-11C6-4C3D-B35F-FDB630C6CEA7}"
EndProject
Project("{2150E333-8FDC-42A3-9474-1A3956D46DE8}") = "Test", "Test", "{B539FB33-AE62-40C5-AB8E-772E9D7E5A51}"
EndProject
Project("{FAE04EC0-301F-11D3-BF4B-00C04F79EFBC}") = "Catrol Desktop", "Desktop\Catrol Desktop\Catrol Desktop.csproj", "{BCFFAE0E-063C-463F-8A4A-2411F54451B8}"
EndProject
Project("{FAE04EC0-301F-11D3-BF4B-00C04F79EFBC}") = "JDK Version Manager", "Desktop\JDK Version Manager\JDK Version Manager.csproj", "{DA0C3BB7-E0E2-4B19-96B9-763288536CE4}"
EndProject
Project("{2150E333-8FDC-42A3-9474-1A3956D46DE8}") = "Games", "Games", "{EF6C5D05-47E5-425D-987D-86D410A952C9}"
EndProject
Project("{FAE04EC0-301F-11D3-BF4B-00C04F79EFBC}") = "InkCanvas", "Learn\InkCanvas\InkCanvas.csproj", "{6709CB39-CB8A-4E6E-AA1B-0133B75F0E85}"
EndProject
Project("{FAE04EC0-301F-11D3-BF4B-00C04F79EFBC}") = "WaterDropsButtonGroup", "Learn\WaterDropsButtonGroup\WaterDropsButtonGroup.csproj", "{23E50CAB-6D39-4CB1-B72A-78D35BC1C529}"
EndProject
Project("{FAE04EC0-301F-11D3-BF4B-00C04F79EFBC}") = "wpf打字游戏", "Desktop\Games\wpf打字游戏\wpf打字游戏.csproj", "{CD13B9BA-3E77-4D66-A009-41DB11817BA9}"
EndProject
Project("{FAE04EC0-301F-11D3-BF4B-00C04F79EFBC}") = "练习", "Desktop\Games\练习\练习.csproj", "{6B87CAA3-3DCD-48E7-B5B8-93EE6BB5617C}"
EndProject
Project("{FAE04EC0-301F-11D3-BF4B-00C04F79EFBC}") = "贪吃蛇", "Desktop\Games\贪吃蛇\贪吃蛇.csproj", "{3E4BFA72-1C30-4C08-B9C7-407ACA9C17F0}"
EndProject
Project("{2150E333-8FDC-42A3-9474-1A3956D46DE8}") = "Manager For Colleges", "Manager For Colleges", "{ED35DE52-F045-4AAA-89EA-05083FBEAE1F}"
EndProject
Project("{FAE04EC0-301F-11D3-BF4B-00C04F79EFBC}") = "MFC-Client", "Desktop\Manager For Colleges\MFC-Client\MFC-Client.csproj", "{26504E25-393A-4D2D-A02B-ADA7C92B9541}"
EndProject
Project("{2150E333-8FDC-42A3-9474-1A3956D46DE8}") = "MVVM", "MVVM", "{3E0C6981-DE70-4C1E-A376-1FC5BF1640CD}"
EndProject
Project("{FAE04EC0-301F-11D3-BF4B-00C04F79EFBC}") = "MFC-Server", "Desktop\Manager For Colleges\MFC-Server\MFC-Server.csproj", "{B79B6073-88FA-438F-809A-3EA045591ABD}"
EndProject
Project("{FAE04EC0-301F-11D3-BF4B-00C04F79EFBC}") = "ape-Converters", "ape\ape-Converters\ape-Converters.csproj", "{97E6F5D7-DA45-44A9-A5B3-34B50BE2256F}"
EndProject
Project("{FAE04EC0-301F-11D3-BF4B-00C04F79EFBC}") = "MFC-Helper", "Desktop\Manager For Colleges\MFC-Helper\MFC-Helper.csproj", "{43141DDF-5C3E-469D-8F7A-3271BAE5E0E1}"
EndProject
Project("{FAE04EC0-301F-11D3-BF4B-00C04F79EFBC}") = "ape-DataBase", "ape\ape-DataBase\ape-DataBase.csproj", "{072B2574-BE08-4522-B3F5-FB1544525EB0}"
EndProject
Project("{2150E333-8FDC-42A3-9474-1A3956D46DE8}") = "ZKit", "ZKit", "{3BA820CF-7285-4E8F-B286-270828700969}"
EndProject
Project("{FAE04EC0-301F-11D3-BF4B-00C04F79EFBC}") = "ZKit", "Desktop\ZKit\ZKit\ZKit.csproj", "{4B57E4C5-0D2F-4FED-A84E-359263F323EE}"
EndProject
Project("{2150E333-8FDC-42A3-9474-1A3956D46DE8}") = "Apps", "Apps", "{CD58547A-BF8E-49EB-8A53-688E1670F89C}"
EndProject
Project("{FAE04EC0-301F-11D3-BF4B-00C04F79EFBC}") = "VirtualKeyboard", "Desktop\ZKit\Apps\VirtualKeyboard\VirtualKeyboard.csproj", "{350F5570-F3A8-481D-B039-12BBD3B278DD}"
EndProject
Project("{FAE04EC0-301F-11D3-BF4B-00C04F79EFBC}") = "SimpleBinding", "Learn\SimpleBinding\SimpleBinding.csproj", "{8F5C3B4E-3E5B-449F-A8C4-FE0138BDBBA8}"
EndProject
Project("{2150E333-8FDC-42A3-9474-1A3956D46DE8}") = "Library", "Library", "{BA2060DE-294F-4FF1-B5B0-09F3B317020B}"
EndProject
Project("{FAE04EC0-301F-11D3-BF4B-00C04F79EFBC}") = "lib-file", "Library\lib-file\lib-file.csproj", "{BC9B72D9-D8F2-417D-AA2B-8653884264ED}"
EndProject
Project("{FAE04EC0-301F-11D3-BF4B-00C04F79EFBC}") = "lib-convert", "Library\lib-convert\lib-convert.csproj", "{F860D1F3-321B-49EE-995B-7C8D9B2E21C9}"
EndProject
Project("{FAE04EC0-301F-11D3-BF4B-00C04F79EFBC}") = "lib-common", "Library\lib-concentrate\lib-common.csproj", "{18E055CD-D9EF-4E0B-A38F-DBA42400F0BB}"
EndProject
Project("{FAE04EC0-301F-11D3-BF4B-00C04F79EFBC}") = "RelativeCalculator", "Desktop\ZKit\Apps\RelativeCalculator\RelativeCalculator.csproj", "{6A5BC332-FCAF-4C9B-8CB1-F90D123F202B}"
EndProject
Project("{FAE04EC0-301F-11D3-BF4B-00C04F79EFBC}") = "ConsoleApp1", "Test\ConsoleApp1\ConsoleApp1.csproj", "{AFF70672-D7D7-4BFF-B3A3-E074168BFB82}"
EndProject
Project("{FAE04EC0-301F-11D3-BF4B-00C04F79EFBC}") = "ZKit.Core", "Desktop\ZKit\ZKit.Core\ZKit.Core.csproj", "{F70D17C3-6016-4E69-93C7-9CCEEA5747D9}"
EndProject
Project("{FAE04EC0-301F-11D3-BF4B-00C04F79EFBC}") = "CheckDown", "Desktop\ZKit\Apps\CheckDown\CheckDown.csproj", "{4E2EB32D-9B81-47DD-A2E0-8F825E348FB2}"
EndProject
Project("{2150E333-8FDC-42A3-9474-1A3956D46DE8}") = "Add", "Add", "{6BE6F711-7560-4CE9-8D74-BDB767770F2D}"
EndProject
Project("{FAE04EC0-301F-11D3-BF4B-00C04F79EFBC}") = "Study", "Learn\Study\Study.csproj", "{71126861-5B15-448F-88B9-8C34B1D1564C}"
EndProject
Project("{FAE04EC0-301F-11D3-BF4B-00C04F79EFBC}") = "AddInContract", "Learn\AddInContract\AddInContract.csproj", "{BBC48404-39A4-45AA-AF76-0996D20F81FD}"
EndProject
Project("{FAE04EC0-301F-11D3-BF4B-00C04F79EFBC}") = "AddInView", "AddInView\AddInView.csproj", "{2DA27346-C971-46B0-B8EE-3F86DAD7E0A6}"
EndProject
Project("{FAE04EC0-301F-11D3-BF4B-00C04F79EFBC}") = "HostView", "Learn\HostView\HostView.csproj", "{52F75C4B-D73E-47AD-9912-0E88270943EF}"
EndProject
Project("{FAE04EC0-301F-11D3-BF4B-00C04F79EFBC}") = "AddInSideAdapter", "Learn\AddInSideAdapter\AddInSideAdapter.csproj", "{F6186106-E92A-4A34-95F6-F9C9502DAB4C}"
EndProject
Project("{FAE04EC0-301F-11D3-BF4B-00C04F79EFBC}") = "HostSideAdapter", "Learn\HostAdapter\HostSideAdapter.csproj", "{AFA83769-0D40-4516-B05D-A8D3E004E947}"
EndProject
Project("{FAE04EC0-301F-11D3-BF4B-00C04F79EFBC}") = "Plug-in_A", "Learn\Plug-in_A\Plug-in_A.csproj", "{8FCFD3F3-7485-4B2E-9C67-2E84AA0C798D}"
EndProject
Project("{2150E333-8FDC-42A3-9474-1A3956D46DE8}") = "MEF", "MEF", "{76A91E93-A20E-4944-90DC-74125F1E753C}"
EndProject
Project("{FAE04EC0-301F-11D3-BF4B-00C04F79EFBC}") = "MEF.Study", "Learn\MEF\MEF.Study\MEF.Study.csproj", "{0F3DA246-916B-4B6F-A9E6-97C661A7823E}"
EndProject
Project("{FAE04EC0-301F-11D3-BF4B-00C04F79EFBC}") = "MEFAddIn.Core", "Learn\MEF\MEFAddIn.Core\MEFAddIn.Core.csproj", "{50CDC840-5632-417C-9D88-384F5E215234}"
EndProject
Project("{FAE04EC0-301F-11D3-BF4B-00C04F79EFBC}") = "AddIn.A", "Learn\MEF\AddIn.A\AddIn.A.csproj", "{EF726FD9-FE80-4B0A-B9DE-DA3A48298A2F}"
EndProject
Global
	GlobalSection(SolutionConfigurationPlatforms) = preSolution
		Debug|Any CPU = Debug|Any CPU
		Debug|ARM = Debug|ARM
		Debug|ARM64 = Debug|ARM64
		Debug|x64 = Debug|x64
		Debug|x86 = Debug|x86
		Release|Any CPU = Release|Any CPU
		Release|ARM = Release|ARM
		Release|ARM64 = Release|ARM64
		Release|x64 = Release|x64
		Release|x86 = Release|x86
	EndGlobalSection
	GlobalSection(ProjectConfigurationPlatforms) = postSolution
		{1C5135A2-87B8-4860-872E-026D98001DBA}.Debug|Any CPU.ActiveCfg = Debug|Any CPU
		{1C5135A2-87B8-4860-872E-026D98001DBA}.Debug|Any CPU.Build.0 = Debug|Any CPU
		{1C5135A2-87B8-4860-872E-026D98001DBA}.Debug|ARM.ActiveCfg = Debug|Any CPU
		{1C5135A2-87B8-4860-872E-026D98001DBA}.Debug|ARM.Build.0 = Debug|Any CPU
		{1C5135A2-87B8-4860-872E-026D98001DBA}.Debug|ARM64.ActiveCfg = Debug|Any CPU
		{1C5135A2-87B8-4860-872E-026D98001DBA}.Debug|ARM64.Build.0 = Debug|Any CPU
		{1C5135A2-87B8-4860-872E-026D98001DBA}.Debug|x64.ActiveCfg = Debug|Any CPU
		{1C5135A2-87B8-4860-872E-026D98001DBA}.Debug|x64.Build.0 = Debug|Any CPU
		{1C5135A2-87B8-4860-872E-026D98001DBA}.Debug|x86.ActiveCfg = Debug|Any CPU
		{1C5135A2-87B8-4860-872E-026D98001DBA}.Debug|x86.Build.0 = Debug|Any CPU
		{1C5135A2-87B8-4860-872E-026D98001DBA}.Release|Any CPU.ActiveCfg = Release|Any CPU
		{1C5135A2-87B8-4860-872E-026D98001DBA}.Release|Any CPU.Build.0 = Release|Any CPU
		{1C5135A2-87B8-4860-872E-026D98001DBA}.Release|ARM.ActiveCfg = Release|Any CPU
		{1C5135A2-87B8-4860-872E-026D98001DBA}.Release|ARM.Build.0 = Release|Any CPU
		{1C5135A2-87B8-4860-872E-026D98001DBA}.Release|ARM64.ActiveCfg = Release|Any CPU
		{1C5135A2-87B8-4860-872E-026D98001DBA}.Release|ARM64.Build.0 = Release|Any CPU
		{1C5135A2-87B8-4860-872E-026D98001DBA}.Release|x64.ActiveCfg = Release|Any CPU
		{1C5135A2-87B8-4860-872E-026D98001DBA}.Release|x64.Build.0 = Release|Any CPU
		{1C5135A2-87B8-4860-872E-026D98001DBA}.Release|x86.ActiveCfg = Release|Any CPU
		{1C5135A2-87B8-4860-872E-026D98001DBA}.Release|x86.Build.0 = Release|Any CPU
		{0697B1C8-8CE1-4A63-BEC8-48F65E201C62}.Debug|Any CPU.ActiveCfg = Debug|Any CPU
		{0697B1C8-8CE1-4A63-BEC8-48F65E201C62}.Debug|Any CPU.Build.0 = Debug|Any CPU
		{0697B1C8-8CE1-4A63-BEC8-48F65E201C62}.Debug|ARM.ActiveCfg = Debug|Any CPU
		{0697B1C8-8CE1-4A63-BEC8-48F65E201C62}.Debug|ARM.Build.0 = Debug|Any CPU
		{0697B1C8-8CE1-4A63-BEC8-48F65E201C62}.Debug|ARM64.ActiveCfg = Debug|Any CPU
		{0697B1C8-8CE1-4A63-BEC8-48F65E201C62}.Debug|ARM64.Build.0 = Debug|Any CPU
		{0697B1C8-8CE1-4A63-BEC8-48F65E201C62}.Debug|x64.ActiveCfg = Debug|Any CPU
		{0697B1C8-8CE1-4A63-BEC8-48F65E201C62}.Debug|x64.Build.0 = Debug|Any CPU
		{0697B1C8-8CE1-4A63-BEC8-48F65E201C62}.Debug|x86.ActiveCfg = Debug|Any CPU
		{0697B1C8-8CE1-4A63-BEC8-48F65E201C62}.Debug|x86.Build.0 = Debug|Any CPU
		{0697B1C8-8CE1-4A63-BEC8-48F65E201C62}.Release|Any CPU.ActiveCfg = Release|Any CPU
		{0697B1C8-8CE1-4A63-BEC8-48F65E201C62}.Release|Any CPU.Build.0 = Release|Any CPU
		{0697B1C8-8CE1-4A63-BEC8-48F65E201C62}.Release|ARM.ActiveCfg = Release|Any CPU
		{0697B1C8-8CE1-4A63-BEC8-48F65E201C62}.Release|ARM.Build.0 = Release|Any CPU
		{0697B1C8-8CE1-4A63-BEC8-48F65E201C62}.Release|ARM64.ActiveCfg = Release|Any CPU
		{0697B1C8-8CE1-4A63-BEC8-48F65E201C62}.Release|ARM64.Build.0 = Release|Any CPU
		{0697B1C8-8CE1-4A63-BEC8-48F65E201C62}.Release|x64.ActiveCfg = Release|Any CPU
		{0697B1C8-8CE1-4A63-BEC8-48F65E201C62}.Release|x64.Build.0 = Release|Any CPU
		{0697B1C8-8CE1-4A63-BEC8-48F65E201C62}.Release|x86.ActiveCfg = Release|Any CPU
		{0697B1C8-8CE1-4A63-BEC8-48F65E201C62}.Release|x86.Build.0 = Release|Any CPU
		{5D24E57E-9E72-4691-9243-474B69F1EA1A}.Debug|Any CPU.ActiveCfg = Debug|Any CPU
		{5D24E57E-9E72-4691-9243-474B69F1EA1A}.Debug|Any CPU.Build.0 = Debug|Any CPU
		{5D24E57E-9E72-4691-9243-474B69F1EA1A}.Debug|ARM.ActiveCfg = Debug|Any CPU
		{5D24E57E-9E72-4691-9243-474B69F1EA1A}.Debug|ARM.Build.0 = Debug|Any CPU
		{5D24E57E-9E72-4691-9243-474B69F1EA1A}.Debug|ARM64.ActiveCfg = Debug|Any CPU
		{5D24E57E-9E72-4691-9243-474B69F1EA1A}.Debug|ARM64.Build.0 = Debug|Any CPU
		{5D24E57E-9E72-4691-9243-474B69F1EA1A}.Debug|x64.ActiveCfg = Debug|Any CPU
		{5D24E57E-9E72-4691-9243-474B69F1EA1A}.Debug|x64.Build.0 = Debug|Any CPU
		{5D24E57E-9E72-4691-9243-474B69F1EA1A}.Debug|x86.ActiveCfg = Debug|Any CPU
		{5D24E57E-9E72-4691-9243-474B69F1EA1A}.Debug|x86.Build.0 = Debug|Any CPU
		{5D24E57E-9E72-4691-9243-474B69F1EA1A}.Release|Any CPU.ActiveCfg = Release|Any CPU
		{5D24E57E-9E72-4691-9243-474B69F1EA1A}.Release|Any CPU.Build.0 = Release|Any CPU
		{5D24E57E-9E72-4691-9243-474B69F1EA1A}.Release|ARM.ActiveCfg = Release|Any CPU
		{5D24E57E-9E72-4691-9243-474B69F1EA1A}.Release|ARM.Build.0 = Release|Any CPU
		{5D24E57E-9E72-4691-9243-474B69F1EA1A}.Release|ARM64.ActiveCfg = Release|Any CPU
		{5D24E57E-9E72-4691-9243-474B69F1EA1A}.Release|ARM64.Build.0 = Release|Any CPU
		{5D24E57E-9E72-4691-9243-474B69F1EA1A}.Release|x64.ActiveCfg = Release|Any CPU
		{5D24E57E-9E72-4691-9243-474B69F1EA1A}.Release|x64.Build.0 = Release|Any CPU
		{5D24E57E-9E72-4691-9243-474B69F1EA1A}.Release|x86.ActiveCfg = Release|Any CPU
		{5D24E57E-9E72-4691-9243-474B69F1EA1A}.Release|x86.Build.0 = Release|Any CPU
		{87B2105B-35BF-45DF-9B31-C645DC65474A}.Debug|Any CPU.ActiveCfg = Debug|Any CPU
		{87B2105B-35BF-45DF-9B31-C645DC65474A}.Debug|Any CPU.Build.0 = Debug|Any CPU
		{87B2105B-35BF-45DF-9B31-C645DC65474A}.Debug|ARM.ActiveCfg = Debug|Any CPU
		{87B2105B-35BF-45DF-9B31-C645DC65474A}.Debug|ARM.Build.0 = Debug|Any CPU
		{87B2105B-35BF-45DF-9B31-C645DC65474A}.Debug|ARM64.ActiveCfg = Debug|Any CPU
		{87B2105B-35BF-45DF-9B31-C645DC65474A}.Debug|ARM64.Build.0 = Debug|Any CPU
		{87B2105B-35BF-45DF-9B31-C645DC65474A}.Debug|x64.ActiveCfg = Debug|Any CPU
		{87B2105B-35BF-45DF-9B31-C645DC65474A}.Debug|x64.Build.0 = Debug|Any CPU
		{87B2105B-35BF-45DF-9B31-C645DC65474A}.Debug|x86.ActiveCfg = Debug|Any CPU
		{87B2105B-35BF-45DF-9B31-C645DC65474A}.Debug|x86.Build.0 = Debug|Any CPU
		{87B2105B-35BF-45DF-9B31-C645DC65474A}.Release|Any CPU.ActiveCfg = Release|Any CPU
		{87B2105B-35BF-45DF-9B31-C645DC65474A}.Release|Any CPU.Build.0 = Release|Any CPU
		{87B2105B-35BF-45DF-9B31-C645DC65474A}.Release|ARM.ActiveCfg = Release|Any CPU
		{87B2105B-35BF-45DF-9B31-C645DC65474A}.Release|ARM.Build.0 = Release|Any CPU
		{87B2105B-35BF-45DF-9B31-C645DC65474A}.Release|ARM64.ActiveCfg = Release|Any CPU
		{87B2105B-35BF-45DF-9B31-C645DC65474A}.Release|ARM64.Build.0 = Release|Any CPU
		{87B2105B-35BF-45DF-9B31-C645DC65474A}.Release|x64.ActiveCfg = Release|Any CPU
		{87B2105B-35BF-45DF-9B31-C645DC65474A}.Release|x64.Build.0 = Release|Any CPU
		{87B2105B-35BF-45DF-9B31-C645DC65474A}.Release|x86.ActiveCfg = Release|Any CPU
		{87B2105B-35BF-45DF-9B31-C645DC65474A}.Release|x86.Build.0 = Release|Any CPU
		{0B1B480A-2F8C-4A87-9DF7-F6609A52567B}.Debug|Any CPU.ActiveCfg = Debug|Any CPU
		{0B1B480A-2F8C-4A87-9DF7-F6609A52567B}.Debug|Any CPU.Build.0 = Debug|Any CPU
		{0B1B480A-2F8C-4A87-9DF7-F6609A52567B}.Debug|ARM.ActiveCfg = Debug|Any CPU
		{0B1B480A-2F8C-4A87-9DF7-F6609A52567B}.Debug|ARM.Build.0 = Debug|Any CPU
		{0B1B480A-2F8C-4A87-9DF7-F6609A52567B}.Debug|ARM64.ActiveCfg = Debug|Any CPU
		{0B1B480A-2F8C-4A87-9DF7-F6609A52567B}.Debug|ARM64.Build.0 = Debug|Any CPU
		{0B1B480A-2F8C-4A87-9DF7-F6609A52567B}.Debug|x64.ActiveCfg = Debug|Any CPU
		{0B1B480A-2F8C-4A87-9DF7-F6609A52567B}.Debug|x64.Build.0 = Debug|Any CPU
		{0B1B480A-2F8C-4A87-9DF7-F6609A52567B}.Debug|x86.ActiveCfg = Debug|Any CPU
		{0B1B480A-2F8C-4A87-9DF7-F6609A52567B}.Debug|x86.Build.0 = Debug|Any CPU
		{0B1B480A-2F8C-4A87-9DF7-F6609A52567B}.Release|Any CPU.ActiveCfg = Release|Any CPU
		{0B1B480A-2F8C-4A87-9DF7-F6609A52567B}.Release|Any CPU.Build.0 = Release|Any CPU
		{0B1B480A-2F8C-4A87-9DF7-F6609A52567B}.Release|ARM.ActiveCfg = Release|Any CPU
		{0B1B480A-2F8C-4A87-9DF7-F6609A52567B}.Release|ARM.Build.0 = Release|Any CPU
		{0B1B480A-2F8C-4A87-9DF7-F6609A52567B}.Release|ARM64.ActiveCfg = Release|Any CPU
		{0B1B480A-2F8C-4A87-9DF7-F6609A52567B}.Release|ARM64.Build.0 = Release|Any CPU
		{0B1B480A-2F8C-4A87-9DF7-F6609A52567B}.Release|x64.ActiveCfg = Release|Any CPU
		{0B1B480A-2F8C-4A87-9DF7-F6609A52567B}.Release|x64.Build.0 = Release|Any CPU
		{0B1B480A-2F8C-4A87-9DF7-F6609A52567B}.Release|x86.ActiveCfg = Release|Any CPU
		{0B1B480A-2F8C-4A87-9DF7-F6609A52567B}.Release|x86.Build.0 = Release|Any CPU
		{A9339D0B-0EB9-468F-B5FD-011100429019}.Debug|Any CPU.ActiveCfg = Debug|Any CPU
		{A9339D0B-0EB9-468F-B5FD-011100429019}.Debug|Any CPU.Build.0 = Debug|Any CPU
		{A9339D0B-0EB9-468F-B5FD-011100429019}.Debug|ARM.ActiveCfg = Debug|Any CPU
		{A9339D0B-0EB9-468F-B5FD-011100429019}.Debug|ARM.Build.0 = Debug|Any CPU
		{A9339D0B-0EB9-468F-B5FD-011100429019}.Debug|ARM64.ActiveCfg = Debug|Any CPU
		{A9339D0B-0EB9-468F-B5FD-011100429019}.Debug|ARM64.Build.0 = Debug|Any CPU
		{A9339D0B-0EB9-468F-B5FD-011100429019}.Debug|x64.ActiveCfg = Debug|Any CPU
		{A9339D0B-0EB9-468F-B5FD-011100429019}.Debug|x64.Build.0 = Debug|Any CPU
		{A9339D0B-0EB9-468F-B5FD-011100429019}.Debug|x86.ActiveCfg = Debug|Any CPU
		{A9339D0B-0EB9-468F-B5FD-011100429019}.Debug|x86.Build.0 = Debug|Any CPU
		{A9339D0B-0EB9-468F-B5FD-011100429019}.Release|Any CPU.ActiveCfg = Release|Any CPU
		{A9339D0B-0EB9-468F-B5FD-011100429019}.Release|Any CPU.Build.0 = Release|Any CPU
		{A9339D0B-0EB9-468F-B5FD-011100429019}.Release|ARM.ActiveCfg = Release|Any CPU
		{A9339D0B-0EB9-468F-B5FD-011100429019}.Release|ARM.Build.0 = Release|Any CPU
		{A9339D0B-0EB9-468F-B5FD-011100429019}.Release|ARM64.ActiveCfg = Release|Any CPU
		{A9339D0B-0EB9-468F-B5FD-011100429019}.Release|ARM64.Build.0 = Release|Any CPU
		{A9339D0B-0EB9-468F-B5FD-011100429019}.Release|x64.ActiveCfg = Release|Any CPU
		{A9339D0B-0EB9-468F-B5FD-011100429019}.Release|x64.Build.0 = Release|Any CPU
		{A9339D0B-0EB9-468F-B5FD-011100429019}.Release|x86.ActiveCfg = Release|Any CPU
		{A9339D0B-0EB9-468F-B5FD-011100429019}.Release|x86.Build.0 = Release|Any CPU
		{A2D5240A-90BC-451A-B3C8-B2F9F5BB81F0}.Debug|Any CPU.ActiveCfg = Debug|Any CPU
		{A2D5240A-90BC-451A-B3C8-B2F9F5BB81F0}.Debug|Any CPU.Build.0 = Debug|Any CPU
		{A2D5240A-90BC-451A-B3C8-B2F9F5BB81F0}.Debug|ARM.ActiveCfg = Debug|Any CPU
		{A2D5240A-90BC-451A-B3C8-B2F9F5BB81F0}.Debug|ARM.Build.0 = Debug|Any CPU
		{A2D5240A-90BC-451A-B3C8-B2F9F5BB81F0}.Debug|ARM64.ActiveCfg = Debug|Any CPU
		{A2D5240A-90BC-451A-B3C8-B2F9F5BB81F0}.Debug|ARM64.Build.0 = Debug|Any CPU
		{A2D5240A-90BC-451A-B3C8-B2F9F5BB81F0}.Debug|x64.ActiveCfg = Debug|Any CPU
		{A2D5240A-90BC-451A-B3C8-B2F9F5BB81F0}.Debug|x64.Build.0 = Debug|Any CPU
		{A2D5240A-90BC-451A-B3C8-B2F9F5BB81F0}.Debug|x86.ActiveCfg = Debug|Any CPU
		{A2D5240A-90BC-451A-B3C8-B2F9F5BB81F0}.Debug|x86.Build.0 = Debug|Any CPU
		{A2D5240A-90BC-451A-B3C8-B2F9F5BB81F0}.Release|Any CPU.ActiveCfg = Release|Any CPU
		{A2D5240A-90BC-451A-B3C8-B2F9F5BB81F0}.Release|Any CPU.Build.0 = Release|Any CPU
		{A2D5240A-90BC-451A-B3C8-B2F9F5BB81F0}.Release|ARM.ActiveCfg = Release|Any CPU
		{A2D5240A-90BC-451A-B3C8-B2F9F5BB81F0}.Release|ARM.Build.0 = Release|Any CPU
		{A2D5240A-90BC-451A-B3C8-B2F9F5BB81F0}.Release|ARM64.ActiveCfg = Release|Any CPU
		{A2D5240A-90BC-451A-B3C8-B2F9F5BB81F0}.Release|ARM64.Build.0 = Release|Any CPU
		{A2D5240A-90BC-451A-B3C8-B2F9F5BB81F0}.Release|x64.ActiveCfg = Release|Any CPU
		{A2D5240A-90BC-451A-B3C8-B2F9F5BB81F0}.Release|x64.Build.0 = Release|Any CPU
		{A2D5240A-90BC-451A-B3C8-B2F9F5BB81F0}.Release|x86.ActiveCfg = Release|Any CPU
		{A2D5240A-90BC-451A-B3C8-B2F9F5BB81F0}.Release|x86.Build.0 = Release|Any CPU
		{F5871092-459A-42BA-A2EE-E035147DAADB}.Debug|Any CPU.ActiveCfg = Debug|Any CPU
		{F5871092-459A-42BA-A2EE-E035147DAADB}.Debug|Any CPU.Build.0 = Debug|Any CPU
		{F5871092-459A-42BA-A2EE-E035147DAADB}.Debug|ARM.ActiveCfg = Debug|Any CPU
		{F5871092-459A-42BA-A2EE-E035147DAADB}.Debug|ARM.Build.0 = Debug|Any CPU
		{F5871092-459A-42BA-A2EE-E035147DAADB}.Debug|ARM64.ActiveCfg = Debug|Any CPU
		{F5871092-459A-42BA-A2EE-E035147DAADB}.Debug|ARM64.Build.0 = Debug|Any CPU
		{F5871092-459A-42BA-A2EE-E035147DAADB}.Debug|x64.ActiveCfg = Debug|Any CPU
		{F5871092-459A-42BA-A2EE-E035147DAADB}.Debug|x64.Build.0 = Debug|Any CPU
		{F5871092-459A-42BA-A2EE-E035147DAADB}.Debug|x86.ActiveCfg = Debug|Any CPU
		{F5871092-459A-42BA-A2EE-E035147DAADB}.Debug|x86.Build.0 = Debug|Any CPU
		{F5871092-459A-42BA-A2EE-E035147DAADB}.Release|Any CPU.ActiveCfg = Release|Any CPU
		{F5871092-459A-42BA-A2EE-E035147DAADB}.Release|Any CPU.Build.0 = Release|Any CPU
		{F5871092-459A-42BA-A2EE-E035147DAADB}.Release|ARM.ActiveCfg = Release|Any CPU
		{F5871092-459A-42BA-A2EE-E035147DAADB}.Release|ARM.Build.0 = Release|Any CPU
		{F5871092-459A-42BA-A2EE-E035147DAADB}.Release|ARM64.ActiveCfg = Release|Any CPU
		{F5871092-459A-42BA-A2EE-E035147DAADB}.Release|ARM64.Build.0 = Release|Any CPU
		{F5871092-459A-42BA-A2EE-E035147DAADB}.Release|x64.ActiveCfg = Release|Any CPU
		{F5871092-459A-42BA-A2EE-E035147DAADB}.Release|x64.Build.0 = Release|Any CPU
		{F5871092-459A-42BA-A2EE-E035147DAADB}.Release|x86.ActiveCfg = Release|Any CPU
		{F5871092-459A-42BA-A2EE-E035147DAADB}.Release|x86.Build.0 = Release|Any CPU
		{FCA8F1D3-11C6-4C3D-B35F-FDB630C6CEA7}.Debug|Any CPU.ActiveCfg = Debug|x86
		{FCA8F1D3-11C6-4C3D-B35F-FDB630C6CEA7}.Debug|ARM.ActiveCfg = Debug|ARM
		{FCA8F1D3-11C6-4C3D-B35F-FDB630C6CEA7}.Debug|ARM.Build.0 = Debug|ARM
		{FCA8F1D3-11C6-4C3D-B35F-FDB630C6CEA7}.Debug|ARM.Deploy.0 = Debug|ARM
		{FCA8F1D3-11C6-4C3D-B35F-FDB630C6CEA7}.Debug|ARM64.ActiveCfg = Debug|ARM64
		{FCA8F1D3-11C6-4C3D-B35F-FDB630C6CEA7}.Debug|ARM64.Build.0 = Debug|ARM64
		{FCA8F1D3-11C6-4C3D-B35F-FDB630C6CEA7}.Debug|ARM64.Deploy.0 = Debug|ARM64
		{FCA8F1D3-11C6-4C3D-B35F-FDB630C6CEA7}.Debug|x64.ActiveCfg = Debug|x64
		{FCA8F1D3-11C6-4C3D-B35F-FDB630C6CEA7}.Debug|x64.Build.0 = Debug|x64
		{FCA8F1D3-11C6-4C3D-B35F-FDB630C6CEA7}.Debug|x64.Deploy.0 = Debug|x64
		{FCA8F1D3-11C6-4C3D-B35F-FDB630C6CEA7}.Debug|x86.ActiveCfg = Debug|x86
		{FCA8F1D3-11C6-4C3D-B35F-FDB630C6CEA7}.Debug|x86.Build.0 = Debug|x86
		{FCA8F1D3-11C6-4C3D-B35F-FDB630C6CEA7}.Debug|x86.Deploy.0 = Debug|x86
		{FCA8F1D3-11C6-4C3D-B35F-FDB630C6CEA7}.Release|Any CPU.ActiveCfg = Release|x86
		{FCA8F1D3-11C6-4C3D-B35F-FDB630C6CEA7}.Release|ARM.ActiveCfg = Release|ARM
		{FCA8F1D3-11C6-4C3D-B35F-FDB630C6CEA7}.Release|ARM.Build.0 = Release|ARM
		{FCA8F1D3-11C6-4C3D-B35F-FDB630C6CEA7}.Release|ARM.Deploy.0 = Release|ARM
		{FCA8F1D3-11C6-4C3D-B35F-FDB630C6CEA7}.Release|ARM64.ActiveCfg = Release|ARM64
		{FCA8F1D3-11C6-4C3D-B35F-FDB630C6CEA7}.Release|ARM64.Build.0 = Release|ARM64
		{FCA8F1D3-11C6-4C3D-B35F-FDB630C6CEA7}.Release|ARM64.Deploy.0 = Release|ARM64
		{FCA8F1D3-11C6-4C3D-B35F-FDB630C6CEA7}.Release|x64.ActiveCfg = Release|x64
		{FCA8F1D3-11C6-4C3D-B35F-FDB630C6CEA7}.Release|x64.Build.0 = Release|x64
		{FCA8F1D3-11C6-4C3D-B35F-FDB630C6CEA7}.Release|x64.Deploy.0 = Release|x64
		{FCA8F1D3-11C6-4C3D-B35F-FDB630C6CEA7}.Release|x86.ActiveCfg = Release|x86
		{FCA8F1D3-11C6-4C3D-B35F-FDB630C6CEA7}.Release|x86.Build.0 = Release|x86
		{FCA8F1D3-11C6-4C3D-B35F-FDB630C6CEA7}.Release|x86.Deploy.0 = Release|x86
		{BCFFAE0E-063C-463F-8A4A-2411F54451B8}.Debug|Any CPU.ActiveCfg = Debug|x86
		{BCFFAE0E-063C-463F-8A4A-2411F54451B8}.Debug|Any CPU.Build.0 = Debug|x86
		{BCFFAE0E-063C-463F-8A4A-2411F54451B8}.Debug|ARM.ActiveCfg = Debug|Any CPU
		{BCFFAE0E-063C-463F-8A4A-2411F54451B8}.Debug|ARM.Build.0 = Debug|Any CPU
		{BCFFAE0E-063C-463F-8A4A-2411F54451B8}.Debug|ARM64.ActiveCfg = Debug|Any CPU
		{BCFFAE0E-063C-463F-8A4A-2411F54451B8}.Debug|ARM64.Build.0 = Debug|Any CPU
		{BCFFAE0E-063C-463F-8A4A-2411F54451B8}.Debug|x64.ActiveCfg = Debug|Any CPU
		{BCFFAE0E-063C-463F-8A4A-2411F54451B8}.Debug|x64.Build.0 = Debug|Any CPU
		{BCFFAE0E-063C-463F-8A4A-2411F54451B8}.Debug|x86.ActiveCfg = Debug|Any CPU
		{BCFFAE0E-063C-463F-8A4A-2411F54451B8}.Debug|x86.Build.0 = Debug|Any CPU
		{BCFFAE0E-063C-463F-8A4A-2411F54451B8}.Release|Any CPU.ActiveCfg = Release|Any CPU
		{BCFFAE0E-063C-463F-8A4A-2411F54451B8}.Release|Any CPU.Build.0 = Release|Any CPU
		{BCFFAE0E-063C-463F-8A4A-2411F54451B8}.Release|ARM.ActiveCfg = Release|Any CPU
		{BCFFAE0E-063C-463F-8A4A-2411F54451B8}.Release|ARM.Build.0 = Release|Any CPU
		{BCFFAE0E-063C-463F-8A4A-2411F54451B8}.Release|ARM64.ActiveCfg = Release|Any CPU
		{BCFFAE0E-063C-463F-8A4A-2411F54451B8}.Release|ARM64.Build.0 = Release|Any CPU
		{BCFFAE0E-063C-463F-8A4A-2411F54451B8}.Release|x64.ActiveCfg = Release|Any CPU
		{BCFFAE0E-063C-463F-8A4A-2411F54451B8}.Release|x64.Build.0 = Release|Any CPU
		{BCFFAE0E-063C-463F-8A4A-2411F54451B8}.Release|x86.ActiveCfg = Release|Any CPU
		{BCFFAE0E-063C-463F-8A4A-2411F54451B8}.Release|x86.Build.0 = Release|Any CPU
		{DA0C3BB7-E0E2-4B19-96B9-763288536CE4}.Debug|Any CPU.ActiveCfg = Debug|x86
		{DA0C3BB7-E0E2-4B19-96B9-763288536CE4}.Debug|Any CPU.Build.0 = Debug|x86
		{DA0C3BB7-E0E2-4B19-96B9-763288536CE4}.Debug|ARM.ActiveCfg = Debug|Any CPU
		{DA0C3BB7-E0E2-4B19-96B9-763288536CE4}.Debug|ARM.Build.0 = Debug|Any CPU
		{DA0C3BB7-E0E2-4B19-96B9-763288536CE4}.Debug|ARM64.ActiveCfg = Debug|Any CPU
		{DA0C3BB7-E0E2-4B19-96B9-763288536CE4}.Debug|ARM64.Build.0 = Debug|Any CPU
		{DA0C3BB7-E0E2-4B19-96B9-763288536CE4}.Debug|x64.ActiveCfg = Debug|Any CPU
		{DA0C3BB7-E0E2-4B19-96B9-763288536CE4}.Debug|x64.Build.0 = Debug|Any CPU
		{DA0C3BB7-E0E2-4B19-96B9-763288536CE4}.Debug|x86.ActiveCfg = Debug|Any CPU
		{DA0C3BB7-E0E2-4B19-96B9-763288536CE4}.Debug|x86.Build.0 = Debug|Any CPU
		{DA0C3BB7-E0E2-4B19-96B9-763288536CE4}.Release|Any CPU.ActiveCfg = Release|Any CPU
		{DA0C3BB7-E0E2-4B19-96B9-763288536CE4}.Release|Any CPU.Build.0 = Release|Any CPU
		{DA0C3BB7-E0E2-4B19-96B9-763288536CE4}.Release|ARM.ActiveCfg = Release|Any CPU
		{DA0C3BB7-E0E2-4B19-96B9-763288536CE4}.Release|ARM.Build.0 = Release|Any CPU
		{DA0C3BB7-E0E2-4B19-96B9-763288536CE4}.Release|ARM64.ActiveCfg = Release|Any CPU
		{DA0C3BB7-E0E2-4B19-96B9-763288536CE4}.Release|ARM64.Build.0 = Release|Any CPU
		{DA0C3BB7-E0E2-4B19-96B9-763288536CE4}.Release|x64.ActiveCfg = Release|Any CPU
		{DA0C3BB7-E0E2-4B19-96B9-763288536CE4}.Release|x64.Build.0 = Release|Any CPU
		{DA0C3BB7-E0E2-4B19-96B9-763288536CE4}.Release|x86.ActiveCfg = Release|Any CPU
		{DA0C3BB7-E0E2-4B19-96B9-763288536CE4}.Release|x86.Build.0 = Release|Any CPU
		{6709CB39-CB8A-4E6E-AA1B-0133B75F0E85}.Debug|Any CPU.ActiveCfg = Debug|x86
		{6709CB39-CB8A-4E6E-AA1B-0133B75F0E85}.Debug|ARM.ActiveCfg = Debug|x86
		{6709CB39-CB8A-4E6E-AA1B-0133B75F0E85}.Debug|ARM64.ActiveCfg = Debug|x86
		{6709CB39-CB8A-4E6E-AA1B-0133B75F0E85}.Debug|x64.ActiveCfg = Debug|x86
		{6709CB39-CB8A-4E6E-AA1B-0133B75F0E85}.Debug|x86.ActiveCfg = Debug|x86
		{6709CB39-CB8A-4E6E-AA1B-0133B75F0E85}.Debug|x86.Build.0 = Debug|x86
		{6709CB39-CB8A-4E6E-AA1B-0133B75F0E85}.Release|Any CPU.ActiveCfg = Debug|x86
		{6709CB39-CB8A-4E6E-AA1B-0133B75F0E85}.Release|Any CPU.Build.0 = Debug|x86
		{6709CB39-CB8A-4E6E-AA1B-0133B75F0E85}.Release|ARM.ActiveCfg = Debug|x86
		{6709CB39-CB8A-4E6E-AA1B-0133B75F0E85}.Release|ARM.Build.0 = Debug|x86
		{6709CB39-CB8A-4E6E-AA1B-0133B75F0E85}.Release|ARM64.ActiveCfg = Debug|x86
		{6709CB39-CB8A-4E6E-AA1B-0133B75F0E85}.Release|ARM64.Build.0 = Debug|x86
		{6709CB39-CB8A-4E6E-AA1B-0133B75F0E85}.Release|x64.ActiveCfg = Debug|x86
		{6709CB39-CB8A-4E6E-AA1B-0133B75F0E85}.Release|x64.Build.0 = Debug|x86
		{6709CB39-CB8A-4E6E-AA1B-0133B75F0E85}.Release|x86.ActiveCfg = Debug|x86
		{6709CB39-CB8A-4E6E-AA1B-0133B75F0E85}.Release|x86.Build.0 = Debug|x86
		{23E50CAB-6D39-4CB1-B72A-78D35BC1C529}.Debug|Any CPU.ActiveCfg = Debug|Any CPU
		{23E50CAB-6D39-4CB1-B72A-78D35BC1C529}.Debug|Any CPU.Build.0 = Debug|Any CPU
		{23E50CAB-6D39-4CB1-B72A-78D35BC1C529}.Debug|ARM.ActiveCfg = Debug|Any CPU
		{23E50CAB-6D39-4CB1-B72A-78D35BC1C529}.Debug|ARM.Build.0 = Debug|Any CPU
		{23E50CAB-6D39-4CB1-B72A-78D35BC1C529}.Debug|ARM64.ActiveCfg = Debug|Any CPU
		{23E50CAB-6D39-4CB1-B72A-78D35BC1C529}.Debug|ARM64.Build.0 = Debug|Any CPU
		{23E50CAB-6D39-4CB1-B72A-78D35BC1C529}.Debug|x64.ActiveCfg = Debug|Any CPU
		{23E50CAB-6D39-4CB1-B72A-78D35BC1C529}.Debug|x64.Build.0 = Debug|Any CPU
		{23E50CAB-6D39-4CB1-B72A-78D35BC1C529}.Debug|x86.ActiveCfg = Debug|Any CPU
		{23E50CAB-6D39-4CB1-B72A-78D35BC1C529}.Debug|x86.Build.0 = Debug|Any CPU
		{23E50CAB-6D39-4CB1-B72A-78D35BC1C529}.Release|Any CPU.ActiveCfg = Release|Any CPU
		{23E50CAB-6D39-4CB1-B72A-78D35BC1C529}.Release|Any CPU.Build.0 = Release|Any CPU
		{23E50CAB-6D39-4CB1-B72A-78D35BC1C529}.Release|ARM.ActiveCfg = Release|Any CPU
		{23E50CAB-6D39-4CB1-B72A-78D35BC1C529}.Release|ARM.Build.0 = Release|Any CPU
		{23E50CAB-6D39-4CB1-B72A-78D35BC1C529}.Release|ARM64.ActiveCfg = Release|Any CPU
		{23E50CAB-6D39-4CB1-B72A-78D35BC1C529}.Release|ARM64.Build.0 = Release|Any CPU
		{23E50CAB-6D39-4CB1-B72A-78D35BC1C529}.Release|x64.ActiveCfg = Release|Any CPU
		{23E50CAB-6D39-4CB1-B72A-78D35BC1C529}.Release|x64.Build.0 = Release|Any CPU
		{23E50CAB-6D39-4CB1-B72A-78D35BC1C529}.Release|x86.ActiveCfg = Release|Any CPU
		{23E50CAB-6D39-4CB1-B72A-78D35BC1C529}.Release|x86.Build.0 = Release|Any CPU
		{CD13B9BA-3E77-4D66-A009-41DB11817BA9}.Debug|Any CPU.ActiveCfg = Debug|Any CPU
		{CD13B9BA-3E77-4D66-A009-41DB11817BA9}.Debug|Any CPU.Build.0 = Debug|Any CPU
		{CD13B9BA-3E77-4D66-A009-41DB11817BA9}.Debug|ARM.ActiveCfg = Debug|Any CPU
		{CD13B9BA-3E77-4D66-A009-41DB11817BA9}.Debug|ARM.Build.0 = Debug|Any CPU
		{CD13B9BA-3E77-4D66-A009-41DB11817BA9}.Debug|ARM64.ActiveCfg = Debug|Any CPU
		{CD13B9BA-3E77-4D66-A009-41DB11817BA9}.Debug|ARM64.Build.0 = Debug|Any CPU
		{CD13B9BA-3E77-4D66-A009-41DB11817BA9}.Debug|x64.ActiveCfg = Debug|Any CPU
		{CD13B9BA-3E77-4D66-A009-41DB11817BA9}.Debug|x64.Build.0 = Debug|Any CPU
		{CD13B9BA-3E77-4D66-A009-41DB11817BA9}.Debug|x86.ActiveCfg = Debug|Any CPU
		{CD13B9BA-3E77-4D66-A009-41DB11817BA9}.Debug|x86.Build.0 = Debug|Any CPU
		{CD13B9BA-3E77-4D66-A009-41DB11817BA9}.Release|Any CPU.ActiveCfg = Release|Any CPU
		{CD13B9BA-3E77-4D66-A009-41DB11817BA9}.Release|Any CPU.Build.0 = Release|Any CPU
		{CD13B9BA-3E77-4D66-A009-41DB11817BA9}.Release|ARM.ActiveCfg = Release|Any CPU
		{CD13B9BA-3E77-4D66-A009-41DB11817BA9}.Release|ARM.Build.0 = Release|Any CPU
		{CD13B9BA-3E77-4D66-A009-41DB11817BA9}.Release|ARM64.ActiveCfg = Release|Any CPU
		{CD13B9BA-3E77-4D66-A009-41DB11817BA9}.Release|ARM64.Build.0 = Release|Any CPU
		{CD13B9BA-3E77-4D66-A009-41DB11817BA9}.Release|x64.ActiveCfg = Release|Any CPU
		{CD13B9BA-3E77-4D66-A009-41DB11817BA9}.Release|x64.Build.0 = Release|Any CPU
		{CD13B9BA-3E77-4D66-A009-41DB11817BA9}.Release|x86.ActiveCfg = Release|Any CPU
		{CD13B9BA-3E77-4D66-A009-41DB11817BA9}.Release|x86.Build.0 = Release|Any CPU
		{6B87CAA3-3DCD-48E7-B5B8-93EE6BB5617C}.Debug|Any CPU.ActiveCfg = Debug|Any CPU
		{6B87CAA3-3DCD-48E7-B5B8-93EE6BB5617C}.Debug|Any CPU.Build.0 = Debug|Any CPU
		{6B87CAA3-3DCD-48E7-B5B8-93EE6BB5617C}.Debug|ARM.ActiveCfg = Debug|Any CPU
		{6B87CAA3-3DCD-48E7-B5B8-93EE6BB5617C}.Debug|ARM.Build.0 = Debug|Any CPU
		{6B87CAA3-3DCD-48E7-B5B8-93EE6BB5617C}.Debug|ARM64.ActiveCfg = Debug|Any CPU
		{6B87CAA3-3DCD-48E7-B5B8-93EE6BB5617C}.Debug|ARM64.Build.0 = Debug|Any CPU
		{6B87CAA3-3DCD-48E7-B5B8-93EE6BB5617C}.Debug|x64.ActiveCfg = Debug|Any CPU
		{6B87CAA3-3DCD-48E7-B5B8-93EE6BB5617C}.Debug|x64.Build.0 = Debug|Any CPU
		{6B87CAA3-3DCD-48E7-B5B8-93EE6BB5617C}.Debug|x86.ActiveCfg = Debug|Any CPU
		{6B87CAA3-3DCD-48E7-B5B8-93EE6BB5617C}.Debug|x86.Build.0 = Debug|Any CPU
		{6B87CAA3-3DCD-48E7-B5B8-93EE6BB5617C}.Release|Any CPU.ActiveCfg = Release|Any CPU
		{6B87CAA3-3DCD-48E7-B5B8-93EE6BB5617C}.Release|Any CPU.Build.0 = Release|Any CPU
		{6B87CAA3-3DCD-48E7-B5B8-93EE6BB5617C}.Release|ARM.ActiveCfg = Release|Any CPU
		{6B87CAA3-3DCD-48E7-B5B8-93EE6BB5617C}.Release|ARM.Build.0 = Release|Any CPU
		{6B87CAA3-3DCD-48E7-B5B8-93EE6BB5617C}.Release|ARM64.ActiveCfg = Release|Any CPU
		{6B87CAA3-3DCD-48E7-B5B8-93EE6BB5617C}.Release|ARM64.Build.0 = Release|Any CPU
		{6B87CAA3-3DCD-48E7-B5B8-93EE6BB5617C}.Release|x64.ActiveCfg = Release|Any CPU
		{6B87CAA3-3DCD-48E7-B5B8-93EE6BB5617C}.Release|x64.Build.0 = Release|Any CPU
		{6B87CAA3-3DCD-48E7-B5B8-93EE6BB5617C}.Release|x86.ActiveCfg = Release|Any CPU
		{6B87CAA3-3DCD-48E7-B5B8-93EE6BB5617C}.Release|x86.Build.0 = Release|Any CPU
		{3E4BFA72-1C30-4C08-B9C7-407ACA9C17F0}.Debug|Any CPU.ActiveCfg = Debug|Any CPU
		{3E4BFA72-1C30-4C08-B9C7-407ACA9C17F0}.Debug|Any CPU.Build.0 = Debug|Any CPU
		{3E4BFA72-1C30-4C08-B9C7-407ACA9C17F0}.Debug|ARM.ActiveCfg = Debug|Any CPU
		{3E4BFA72-1C30-4C08-B9C7-407ACA9C17F0}.Debug|ARM.Build.0 = Debug|Any CPU
		{3E4BFA72-1C30-4C08-B9C7-407ACA9C17F0}.Debug|ARM64.ActiveCfg = Debug|Any CPU
		{3E4BFA72-1C30-4C08-B9C7-407ACA9C17F0}.Debug|ARM64.Build.0 = Debug|Any CPU
		{3E4BFA72-1C30-4C08-B9C7-407ACA9C17F0}.Debug|x64.ActiveCfg = Debug|Any CPU
		{3E4BFA72-1C30-4C08-B9C7-407ACA9C17F0}.Debug|x64.Build.0 = Debug|Any CPU
		{3E4BFA72-1C30-4C08-B9C7-407ACA9C17F0}.Debug|x86.ActiveCfg = Debug|Any CPU
		{3E4BFA72-1C30-4C08-B9C7-407ACA9C17F0}.Debug|x86.Build.0 = Debug|Any CPU
		{3E4BFA72-1C30-4C08-B9C7-407ACA9C17F0}.Release|Any CPU.ActiveCfg = Release|Any CPU
		{3E4BFA72-1C30-4C08-B9C7-407ACA9C17F0}.Release|Any CPU.Build.0 = Release|Any CPU
		{3E4BFA72-1C30-4C08-B9C7-407ACA9C17F0}.Release|ARM.ActiveCfg = Release|Any CPU
		{3E4BFA72-1C30-4C08-B9C7-407ACA9C17F0}.Release|ARM.Build.0 = Release|Any CPU
		{3E4BFA72-1C30-4C08-B9C7-407ACA9C17F0}.Release|ARM64.ActiveCfg = Release|Any CPU
		{3E4BFA72-1C30-4C08-B9C7-407ACA9C17F0}.Release|ARM64.Build.0 = Release|Any CPU
		{3E4BFA72-1C30-4C08-B9C7-407ACA9C17F0}.Release|x64.ActiveCfg = Release|Any CPU
		{3E4BFA72-1C30-4C08-B9C7-407ACA9C17F0}.Release|x64.Build.0 = Release|Any CPU
		{3E4BFA72-1C30-4C08-B9C7-407ACA9C17F0}.Release|x86.ActiveCfg = Release|Any CPU
		{3E4BFA72-1C30-4C08-B9C7-407ACA9C17F0}.Release|x86.Build.0 = Release|Any CPU
		{26504E25-393A-4D2D-A02B-ADA7C92B9541}.Debug|Any CPU.ActiveCfg = Debug|Any CPU
		{26504E25-393A-4D2D-A02B-ADA7C92B9541}.Debug|Any CPU.Build.0 = Debug|Any CPU
		{26504E25-393A-4D2D-A02B-ADA7C92B9541}.Debug|ARM.ActiveCfg = Debug|Any CPU
		{26504E25-393A-4D2D-A02B-ADA7C92B9541}.Debug|ARM.Build.0 = Debug|Any CPU
		{26504E25-393A-4D2D-A02B-ADA7C92B9541}.Debug|ARM64.ActiveCfg = Debug|Any CPU
		{26504E25-393A-4D2D-A02B-ADA7C92B9541}.Debug|ARM64.Build.0 = Debug|Any CPU
		{26504E25-393A-4D2D-A02B-ADA7C92B9541}.Debug|x64.ActiveCfg = Debug|Any CPU
		{26504E25-393A-4D2D-A02B-ADA7C92B9541}.Debug|x64.Build.0 = Debug|Any CPU
		{26504E25-393A-4D2D-A02B-ADA7C92B9541}.Debug|x86.ActiveCfg = Debug|Any CPU
		{26504E25-393A-4D2D-A02B-ADA7C92B9541}.Debug|x86.Build.0 = Debug|Any CPU
		{26504E25-393A-4D2D-A02B-ADA7C92B9541}.Release|Any CPU.ActiveCfg = Release|Any CPU
		{26504E25-393A-4D2D-A02B-ADA7C92B9541}.Release|Any CPU.Build.0 = Release|Any CPU
		{26504E25-393A-4D2D-A02B-ADA7C92B9541}.Release|ARM.ActiveCfg = Release|Any CPU
		{26504E25-393A-4D2D-A02B-ADA7C92B9541}.Release|ARM.Build.0 = Release|Any CPU
		{26504E25-393A-4D2D-A02B-ADA7C92B9541}.Release|ARM64.ActiveCfg = Release|Any CPU
		{26504E25-393A-4D2D-A02B-ADA7C92B9541}.Release|ARM64.Build.0 = Release|Any CPU
		{26504E25-393A-4D2D-A02B-ADA7C92B9541}.Release|x64.ActiveCfg = Release|Any CPU
		{26504E25-393A-4D2D-A02B-ADA7C92B9541}.Release|x64.Build.0 = Release|Any CPU
		{26504E25-393A-4D2D-A02B-ADA7C92B9541}.Release|x86.ActiveCfg = Release|Any CPU
		{26504E25-393A-4D2D-A02B-ADA7C92B9541}.Release|x86.Build.0 = Release|Any CPU
		{B79B6073-88FA-438F-809A-3EA045591ABD}.Debug|Any CPU.ActiveCfg = Debug|Any CPU
		{B79B6073-88FA-438F-809A-3EA045591ABD}.Debug|Any CPU.Build.0 = Debug|Any CPU
		{B79B6073-88FA-438F-809A-3EA045591ABD}.Debug|ARM.ActiveCfg = Debug|Any CPU
		{B79B6073-88FA-438F-809A-3EA045591ABD}.Debug|ARM.Build.0 = Debug|Any CPU
		{B79B6073-88FA-438F-809A-3EA045591ABD}.Debug|ARM64.ActiveCfg = Debug|Any CPU
		{B79B6073-88FA-438F-809A-3EA045591ABD}.Debug|ARM64.Build.0 = Debug|Any CPU
		{B79B6073-88FA-438F-809A-3EA045591ABD}.Debug|x64.ActiveCfg = Debug|Any CPU
		{B79B6073-88FA-438F-809A-3EA045591ABD}.Debug|x64.Build.0 = Debug|Any CPU
		{B79B6073-88FA-438F-809A-3EA045591ABD}.Debug|x86.ActiveCfg = Debug|Any CPU
		{B79B6073-88FA-438F-809A-3EA045591ABD}.Debug|x86.Build.0 = Debug|Any CPU
		{B79B6073-88FA-438F-809A-3EA045591ABD}.Release|Any CPU.ActiveCfg = Release|Any CPU
		{B79B6073-88FA-438F-809A-3EA045591ABD}.Release|Any CPU.Build.0 = Release|Any CPU
		{B79B6073-88FA-438F-809A-3EA045591ABD}.Release|ARM.ActiveCfg = Release|Any CPU
		{B79B6073-88FA-438F-809A-3EA045591ABD}.Release|ARM.Build.0 = Release|Any CPU
		{B79B6073-88FA-438F-809A-3EA045591ABD}.Release|ARM64.ActiveCfg = Release|Any CPU
		{B79B6073-88FA-438F-809A-3EA045591ABD}.Release|ARM64.Build.0 = Release|Any CPU
		{B79B6073-88FA-438F-809A-3EA045591ABD}.Release|x64.ActiveCfg = Release|Any CPU
		{B79B6073-88FA-438F-809A-3EA045591ABD}.Release|x64.Build.0 = Release|Any CPU
		{B79B6073-88FA-438F-809A-3EA045591ABD}.Release|x86.ActiveCfg = Release|Any CPU
		{B79B6073-88FA-438F-809A-3EA045591ABD}.Release|x86.Build.0 = Release|Any CPU
		{97E6F5D7-DA45-44A9-A5B3-34B50BE2256F}.Debug|Any CPU.ActiveCfg = Debug|Any CPU
		{97E6F5D7-DA45-44A9-A5B3-34B50BE2256F}.Debug|Any CPU.Build.0 = Debug|Any CPU
		{97E6F5D7-DA45-44A9-A5B3-34B50BE2256F}.Debug|ARM.ActiveCfg = Debug|Any CPU
		{97E6F5D7-DA45-44A9-A5B3-34B50BE2256F}.Debug|ARM.Build.0 = Debug|Any CPU
		{97E6F5D7-DA45-44A9-A5B3-34B50BE2256F}.Debug|ARM64.ActiveCfg = Debug|Any CPU
		{97E6F5D7-DA45-44A9-A5B3-34B50BE2256F}.Debug|ARM64.Build.0 = Debug|Any CPU
		{97E6F5D7-DA45-44A9-A5B3-34B50BE2256F}.Debug|x64.ActiveCfg = Debug|Any CPU
		{97E6F5D7-DA45-44A9-A5B3-34B50BE2256F}.Debug|x64.Build.0 = Debug|Any CPU
		{97E6F5D7-DA45-44A9-A5B3-34B50BE2256F}.Debug|x86.ActiveCfg = Debug|Any CPU
		{97E6F5D7-DA45-44A9-A5B3-34B50BE2256F}.Debug|x86.Build.0 = Debug|Any CPU
		{97E6F5D7-DA45-44A9-A5B3-34B50BE2256F}.Release|Any CPU.ActiveCfg = Release|Any CPU
		{97E6F5D7-DA45-44A9-A5B3-34B50BE2256F}.Release|Any CPU.Build.0 = Release|Any CPU
		{97E6F5D7-DA45-44A9-A5B3-34B50BE2256F}.Release|ARM.ActiveCfg = Release|Any CPU
		{97E6F5D7-DA45-44A9-A5B3-34B50BE2256F}.Release|ARM.Build.0 = Release|Any CPU
		{97E6F5D7-DA45-44A9-A5B3-34B50BE2256F}.Release|ARM64.ActiveCfg = Release|Any CPU
		{97E6F5D7-DA45-44A9-A5B3-34B50BE2256F}.Release|ARM64.Build.0 = Release|Any CPU
		{97E6F5D7-DA45-44A9-A5B3-34B50BE2256F}.Release|x64.ActiveCfg = Release|Any CPU
		{97E6F5D7-DA45-44A9-A5B3-34B50BE2256F}.Release|x64.Build.0 = Release|Any CPU
		{97E6F5D7-DA45-44A9-A5B3-34B50BE2256F}.Release|x86.ActiveCfg = Release|Any CPU
		{97E6F5D7-DA45-44A9-A5B3-34B50BE2256F}.Release|x86.Build.0 = Release|Any CPU
		{43141DDF-5C3E-469D-8F7A-3271BAE5E0E1}.Debug|Any CPU.ActiveCfg = Debug|Any CPU
		{43141DDF-5C3E-469D-8F7A-3271BAE5E0E1}.Debug|Any CPU.Build.0 = Debug|Any CPU
		{43141DDF-5C3E-469D-8F7A-3271BAE5E0E1}.Debug|ARM.ActiveCfg = Debug|Any CPU
		{43141DDF-5C3E-469D-8F7A-3271BAE5E0E1}.Debug|ARM.Build.0 = Debug|Any CPU
		{43141DDF-5C3E-469D-8F7A-3271BAE5E0E1}.Debug|ARM64.ActiveCfg = Debug|Any CPU
		{43141DDF-5C3E-469D-8F7A-3271BAE5E0E1}.Debug|ARM64.Build.0 = Debug|Any CPU
		{43141DDF-5C3E-469D-8F7A-3271BAE5E0E1}.Debug|x64.ActiveCfg = Debug|Any CPU
		{43141DDF-5C3E-469D-8F7A-3271BAE5E0E1}.Debug|x64.Build.0 = Debug|Any CPU
		{43141DDF-5C3E-469D-8F7A-3271BAE5E0E1}.Debug|x86.ActiveCfg = Debug|Any CPU
		{43141DDF-5C3E-469D-8F7A-3271BAE5E0E1}.Debug|x86.Build.0 = Debug|Any CPU
		{43141DDF-5C3E-469D-8F7A-3271BAE5E0E1}.Release|Any CPU.ActiveCfg = Release|Any CPU
		{43141DDF-5C3E-469D-8F7A-3271BAE5E0E1}.Release|Any CPU.Build.0 = Release|Any CPU
		{43141DDF-5C3E-469D-8F7A-3271BAE5E0E1}.Release|ARM.ActiveCfg = Release|Any CPU
		{43141DDF-5C3E-469D-8F7A-3271BAE5E0E1}.Release|ARM.Build.0 = Release|Any CPU
		{43141DDF-5C3E-469D-8F7A-3271BAE5E0E1}.Release|ARM64.ActiveCfg = Release|Any CPU
		{43141DDF-5C3E-469D-8F7A-3271BAE5E0E1}.Release|ARM64.Build.0 = Release|Any CPU
		{43141DDF-5C3E-469D-8F7A-3271BAE5E0E1}.Release|x64.ActiveCfg = Release|Any CPU
		{43141DDF-5C3E-469D-8F7A-3271BAE5E0E1}.Release|x64.Build.0 = Release|Any CPU
		{43141DDF-5C3E-469D-8F7A-3271BAE5E0E1}.Release|x86.ActiveCfg = Release|Any CPU
		{43141DDF-5C3E-469D-8F7A-3271BAE5E0E1}.Release|x86.Build.0 = Release|Any CPU
		{072B2574-BE08-4522-B3F5-FB1544525EB0}.Debug|Any CPU.ActiveCfg = Debug|Any CPU
		{072B2574-BE08-4522-B3F5-FB1544525EB0}.Debug|Any CPU.Build.0 = Debug|Any CPU
		{072B2574-BE08-4522-B3F5-FB1544525EB0}.Debug|ARM.ActiveCfg = Debug|Any CPU
		{072B2574-BE08-4522-B3F5-FB1544525EB0}.Debug|ARM.Build.0 = Debug|Any CPU
		{072B2574-BE08-4522-B3F5-FB1544525EB0}.Debug|ARM64.ActiveCfg = Debug|Any CPU
		{072B2574-BE08-4522-B3F5-FB1544525EB0}.Debug|ARM64.Build.0 = Debug|Any CPU
		{072B2574-BE08-4522-B3F5-FB1544525EB0}.Debug|x64.ActiveCfg = Debug|Any CPU
		{072B2574-BE08-4522-B3F5-FB1544525EB0}.Debug|x64.Build.0 = Debug|Any CPU
		{072B2574-BE08-4522-B3F5-FB1544525EB0}.Debug|x86.ActiveCfg = Debug|Any CPU
		{072B2574-BE08-4522-B3F5-FB1544525EB0}.Debug|x86.Build.0 = Debug|Any CPU
		{072B2574-BE08-4522-B3F5-FB1544525EB0}.Release|Any CPU.ActiveCfg = Release|Any CPU
		{072B2574-BE08-4522-B3F5-FB1544525EB0}.Release|Any CPU.Build.0 = Release|Any CPU
		{072B2574-BE08-4522-B3F5-FB1544525EB0}.Release|ARM.ActiveCfg = Release|Any CPU
		{072B2574-BE08-4522-B3F5-FB1544525EB0}.Release|ARM.Build.0 = Release|Any CPU
		{072B2574-BE08-4522-B3F5-FB1544525EB0}.Release|ARM64.ActiveCfg = Release|Any CPU
		{072B2574-BE08-4522-B3F5-FB1544525EB0}.Release|ARM64.Build.0 = Release|Any CPU
		{072B2574-BE08-4522-B3F5-FB1544525EB0}.Release|x64.ActiveCfg = Release|Any CPU
		{072B2574-BE08-4522-B3F5-FB1544525EB0}.Release|x64.Build.0 = Release|Any CPU
		{072B2574-BE08-4522-B3F5-FB1544525EB0}.Release|x86.ActiveCfg = Release|Any CPU
		{072B2574-BE08-4522-B3F5-FB1544525EB0}.Release|x86.Build.0 = Release|Any CPU
		{4B57E4C5-0D2F-4FED-A84E-359263F323EE}.Debug|Any CPU.ActiveCfg = Debug|Any CPU
		{4B57E4C5-0D2F-4FED-A84E-359263F323EE}.Debug|Any CPU.Build.0 = Debug|Any CPU
		{4B57E4C5-0D2F-4FED-A84E-359263F323EE}.Debug|ARM.ActiveCfg = Debug|Any CPU
		{4B57E4C5-0D2F-4FED-A84E-359263F323EE}.Debug|ARM.Build.0 = Debug|Any CPU
		{4B57E4C5-0D2F-4FED-A84E-359263F323EE}.Debug|ARM64.ActiveCfg = Debug|Any CPU
		{4B57E4C5-0D2F-4FED-A84E-359263F323EE}.Debug|ARM64.Build.0 = Debug|Any CPU
		{4B57E4C5-0D2F-4FED-A84E-359263F323EE}.Debug|x64.ActiveCfg = Debug|Any CPU
		{4B57E4C5-0D2F-4FED-A84E-359263F323EE}.Debug|x64.Build.0 = Debug|Any CPU
		{4B57E4C5-0D2F-4FED-A84E-359263F323EE}.Debug|x86.ActiveCfg = Debug|Any CPU
		{4B57E4C5-0D2F-4FED-A84E-359263F323EE}.Debug|x86.Build.0 = Debug|Any CPU
		{4B57E4C5-0D2F-4FED-A84E-359263F323EE}.Release|Any CPU.ActiveCfg = Release|Any CPU
		{4B57E4C5-0D2F-4FED-A84E-359263F323EE}.Release|Any CPU.Build.0 = Release|Any CPU
		{4B57E4C5-0D2F-4FED-A84E-359263F323EE}.Release|ARM.ActiveCfg = Release|Any CPU
		{4B57E4C5-0D2F-4FED-A84E-359263F323EE}.Release|ARM.Build.0 = Release|Any CPU
		{4B57E4C5-0D2F-4FED-A84E-359263F323EE}.Release|ARM64.ActiveCfg = Release|Any CPU
		{4B57E4C5-0D2F-4FED-A84E-359263F323EE}.Release|ARM64.Build.0 = Release|Any CPU
		{4B57E4C5-0D2F-4FED-A84E-359263F323EE}.Release|x64.ActiveCfg = Release|Any CPU
		{4B57E4C5-0D2F-4FED-A84E-359263F323EE}.Release|x64.Build.0 = Release|Any CPU
		{4B57E4C5-0D2F-4FED-A84E-359263F323EE}.Release|x86.ActiveCfg = Release|Any CPU
		{4B57E4C5-0D2F-4FED-A84E-359263F323EE}.Release|x86.Build.0 = Release|Any CPU
		{350F5570-F3A8-481D-B039-12BBD3B278DD}.Debug|Any CPU.ActiveCfg = Debug|Any CPU
		{350F5570-F3A8-481D-B039-12BBD3B278DD}.Debug|Any CPU.Build.0 = Debug|Any CPU
		{350F5570-F3A8-481D-B039-12BBD3B278DD}.Debug|ARM.ActiveCfg = Debug|Any CPU
		{350F5570-F3A8-481D-B039-12BBD3B278DD}.Debug|ARM.Build.0 = Debug|Any CPU
		{350F5570-F3A8-481D-B039-12BBD3B278DD}.Debug|ARM64.ActiveCfg = Debug|Any CPU
		{350F5570-F3A8-481D-B039-12BBD3B278DD}.Debug|ARM64.Build.0 = Debug|Any CPU
		{350F5570-F3A8-481D-B039-12BBD3B278DD}.Debug|x64.ActiveCfg = Debug|Any CPU
		{350F5570-F3A8-481D-B039-12BBD3B278DD}.Debug|x64.Build.0 = Debug|Any CPU
		{350F5570-F3A8-481D-B039-12BBD3B278DD}.Debug|x86.ActiveCfg = Debug|Any CPU
		{350F5570-F3A8-481D-B039-12BBD3B278DD}.Debug|x86.Build.0 = Debug|Any CPU
		{350F5570-F3A8-481D-B039-12BBD3B278DD}.Release|Any CPU.ActiveCfg = Release|Any CPU
		{350F5570-F3A8-481D-B039-12BBD3B278DD}.Release|Any CPU.Build.0 = Release|Any CPU
		{350F5570-F3A8-481D-B039-12BBD3B278DD}.Release|ARM.ActiveCfg = Release|Any CPU
		{350F5570-F3A8-481D-B039-12BBD3B278DD}.Release|ARM.Build.0 = Release|Any CPU
		{350F5570-F3A8-481D-B039-12BBD3B278DD}.Release|ARM64.ActiveCfg = Release|Any CPU
		{350F5570-F3A8-481D-B039-12BBD3B278DD}.Release|ARM64.Build.0 = Release|Any CPU
		{350F5570-F3A8-481D-B039-12BBD3B278DD}.Release|x64.ActiveCfg = Release|Any CPU
		{350F5570-F3A8-481D-B039-12BBD3B278DD}.Release|x64.Build.0 = Release|Any CPU
		{350F5570-F3A8-481D-B039-12BBD3B278DD}.Release|x86.ActiveCfg = Release|Any CPU
		{350F5570-F3A8-481D-B039-12BBD3B278DD}.Release|x86.Build.0 = Release|Any CPU
		{8F5C3B4E-3E5B-449F-A8C4-FE0138BDBBA8}.Debug|Any CPU.ActiveCfg = Debug|Any CPU
		{8F5C3B4E-3E5B-449F-A8C4-FE0138BDBBA8}.Debug|Any CPU.Build.0 = Debug|Any CPU
		{8F5C3B4E-3E5B-449F-A8C4-FE0138BDBBA8}.Debug|ARM.ActiveCfg = Debug|Any CPU
		{8F5C3B4E-3E5B-449F-A8C4-FE0138BDBBA8}.Debug|ARM.Build.0 = Debug|Any CPU
		{8F5C3B4E-3E5B-449F-A8C4-FE0138BDBBA8}.Debug|ARM64.ActiveCfg = Debug|Any CPU
		{8F5C3B4E-3E5B-449F-A8C4-FE0138BDBBA8}.Debug|ARM64.Build.0 = Debug|Any CPU
		{8F5C3B4E-3E5B-449F-A8C4-FE0138BDBBA8}.Debug|x64.ActiveCfg = Debug|Any CPU
		{8F5C3B4E-3E5B-449F-A8C4-FE0138BDBBA8}.Debug|x64.Build.0 = Debug|Any CPU
		{8F5C3B4E-3E5B-449F-A8C4-FE0138BDBBA8}.Debug|x86.ActiveCfg = Debug|Any CPU
		{8F5C3B4E-3E5B-449F-A8C4-FE0138BDBBA8}.Debug|x86.Build.0 = Debug|Any CPU
		{8F5C3B4E-3E5B-449F-A8C4-FE0138BDBBA8}.Release|Any CPU.ActiveCfg = Release|Any CPU
		{8F5C3B4E-3E5B-449F-A8C4-FE0138BDBBA8}.Release|Any CPU.Build.0 = Release|Any CPU
		{8F5C3B4E-3E5B-449F-A8C4-FE0138BDBBA8}.Release|ARM.ActiveCfg = Release|Any CPU
		{8F5C3B4E-3E5B-449F-A8C4-FE0138BDBBA8}.Release|ARM.Build.0 = Release|Any CPU
		{8F5C3B4E-3E5B-449F-A8C4-FE0138BDBBA8}.Release|ARM64.ActiveCfg = Release|Any CPU
		{8F5C3B4E-3E5B-449F-A8C4-FE0138BDBBA8}.Release|ARM64.Build.0 = Release|Any CPU
		{8F5C3B4E-3E5B-449F-A8C4-FE0138BDBBA8}.Release|x64.ActiveCfg = Release|Any CPU
		{8F5C3B4E-3E5B-449F-A8C4-FE0138BDBBA8}.Release|x64.Build.0 = Release|Any CPU
		{8F5C3B4E-3E5B-449F-A8C4-FE0138BDBBA8}.Release|x86.ActiveCfg = Release|Any CPU
		{8F5C3B4E-3E5B-449F-A8C4-FE0138BDBBA8}.Release|x86.Build.0 = Release|Any CPU
		{BC9B72D9-D8F2-417D-AA2B-8653884264ED}.Debug|Any CPU.ActiveCfg = Debug|Any CPU
		{BC9B72D9-D8F2-417D-AA2B-8653884264ED}.Debug|Any CPU.Build.0 = Debug|Any CPU
		{BC9B72D9-D8F2-417D-AA2B-8653884264ED}.Debug|ARM.ActiveCfg = Debug|Any CPU
		{BC9B72D9-D8F2-417D-AA2B-8653884264ED}.Debug|ARM.Build.0 = Debug|Any CPU
		{BC9B72D9-D8F2-417D-AA2B-8653884264ED}.Debug|ARM64.ActiveCfg = Debug|Any CPU
		{BC9B72D9-D8F2-417D-AA2B-8653884264ED}.Debug|ARM64.Build.0 = Debug|Any CPU
		{BC9B72D9-D8F2-417D-AA2B-8653884264ED}.Debug|x64.ActiveCfg = Debug|Any CPU
		{BC9B72D9-D8F2-417D-AA2B-8653884264ED}.Debug|x64.Build.0 = Debug|Any CPU
		{BC9B72D9-D8F2-417D-AA2B-8653884264ED}.Debug|x86.ActiveCfg = Debug|Any CPU
		{BC9B72D9-D8F2-417D-AA2B-8653884264ED}.Debug|x86.Build.0 = Debug|Any CPU
		{BC9B72D9-D8F2-417D-AA2B-8653884264ED}.Release|Any CPU.ActiveCfg = Release|Any CPU
		{BC9B72D9-D8F2-417D-AA2B-8653884264ED}.Release|Any CPU.Build.0 = Release|Any CPU
		{BC9B72D9-D8F2-417D-AA2B-8653884264ED}.Release|ARM.ActiveCfg = Release|Any CPU
		{BC9B72D9-D8F2-417D-AA2B-8653884264ED}.Release|ARM.Build.0 = Release|Any CPU
		{BC9B72D9-D8F2-417D-AA2B-8653884264ED}.Release|ARM64.ActiveCfg = Release|Any CPU
		{BC9B72D9-D8F2-417D-AA2B-8653884264ED}.Release|ARM64.Build.0 = Release|Any CPU
		{BC9B72D9-D8F2-417D-AA2B-8653884264ED}.Release|x64.ActiveCfg = Release|Any CPU
		{BC9B72D9-D8F2-417D-AA2B-8653884264ED}.Release|x64.Build.0 = Release|Any CPU
		{BC9B72D9-D8F2-417D-AA2B-8653884264ED}.Release|x86.ActiveCfg = Release|Any CPU
		{BC9B72D9-D8F2-417D-AA2B-8653884264ED}.Release|x86.Build.0 = Release|Any CPU
		{F860D1F3-321B-49EE-995B-7C8D9B2E21C9}.Debug|Any CPU.ActiveCfg = Debug|Any CPU
		{F860D1F3-321B-49EE-995B-7C8D9B2E21C9}.Debug|Any CPU.Build.0 = Debug|Any CPU
		{F860D1F3-321B-49EE-995B-7C8D9B2E21C9}.Debug|ARM.ActiveCfg = Debug|Any CPU
		{F860D1F3-321B-49EE-995B-7C8D9B2E21C9}.Debug|ARM.Build.0 = Debug|Any CPU
		{F860D1F3-321B-49EE-995B-7C8D9B2E21C9}.Debug|ARM64.ActiveCfg = Debug|Any CPU
		{F860D1F3-321B-49EE-995B-7C8D9B2E21C9}.Debug|ARM64.Build.0 = Debug|Any CPU
		{F860D1F3-321B-49EE-995B-7C8D9B2E21C9}.Debug|x64.ActiveCfg = Debug|Any CPU
		{F860D1F3-321B-49EE-995B-7C8D9B2E21C9}.Debug|x64.Build.0 = Debug|Any CPU
		{F860D1F3-321B-49EE-995B-7C8D9B2E21C9}.Debug|x86.ActiveCfg = Debug|Any CPU
		{F860D1F3-321B-49EE-995B-7C8D9B2E21C9}.Debug|x86.Build.0 = Debug|Any CPU
		{F860D1F3-321B-49EE-995B-7C8D9B2E21C9}.Release|Any CPU.ActiveCfg = Release|Any CPU
		{F860D1F3-321B-49EE-995B-7C8D9B2E21C9}.Release|Any CPU.Build.0 = Release|Any CPU
		{F860D1F3-321B-49EE-995B-7C8D9B2E21C9}.Release|ARM.ActiveCfg = Release|Any CPU
		{F860D1F3-321B-49EE-995B-7C8D9B2E21C9}.Release|ARM.Build.0 = Release|Any CPU
		{F860D1F3-321B-49EE-995B-7C8D9B2E21C9}.Release|ARM64.ActiveCfg = Release|Any CPU
		{F860D1F3-321B-49EE-995B-7C8D9B2E21C9}.Release|ARM64.Build.0 = Release|Any CPU
		{F860D1F3-321B-49EE-995B-7C8D9B2E21C9}.Release|x64.ActiveCfg = Release|Any CPU
		{F860D1F3-321B-49EE-995B-7C8D9B2E21C9}.Release|x64.Build.0 = Release|Any CPU
		{F860D1F3-321B-49EE-995B-7C8D9B2E21C9}.Release|x86.ActiveCfg = Release|Any CPU
		{F860D1F3-321B-49EE-995B-7C8D9B2E21C9}.Release|x86.Build.0 = Release|Any CPU
		{18E055CD-D9EF-4E0B-A38F-DBA42400F0BB}.Debug|Any CPU.ActiveCfg = Debug|Any CPU
		{18E055CD-D9EF-4E0B-A38F-DBA42400F0BB}.Debug|Any CPU.Build.0 = Debug|Any CPU
		{18E055CD-D9EF-4E0B-A38F-DBA42400F0BB}.Debug|ARM.ActiveCfg = Debug|Any CPU
		{18E055CD-D9EF-4E0B-A38F-DBA42400F0BB}.Debug|ARM.Build.0 = Debug|Any CPU
		{18E055CD-D9EF-4E0B-A38F-DBA42400F0BB}.Debug|ARM64.ActiveCfg = Debug|Any CPU
		{18E055CD-D9EF-4E0B-A38F-DBA42400F0BB}.Debug|ARM64.Build.0 = Debug|Any CPU
		{18E055CD-D9EF-4E0B-A38F-DBA42400F0BB}.Debug|x64.ActiveCfg = Debug|Any CPU
		{18E055CD-D9EF-4E0B-A38F-DBA42400F0BB}.Debug|x64.Build.0 = Debug|Any CPU
		{18E055CD-D9EF-4E0B-A38F-DBA42400F0BB}.Debug|x86.ActiveCfg = Debug|Any CPU
		{18E055CD-D9EF-4E0B-A38F-DBA42400F0BB}.Debug|x86.Build.0 = Debug|Any CPU
		{18E055CD-D9EF-4E0B-A38F-DBA42400F0BB}.Release|Any CPU.ActiveCfg = Release|Any CPU
		{18E055CD-D9EF-4E0B-A38F-DBA42400F0BB}.Release|Any CPU.Build.0 = Release|Any CPU
		{18E055CD-D9EF-4E0B-A38F-DBA42400F0BB}.Release|ARM.ActiveCfg = Release|Any CPU
		{18E055CD-D9EF-4E0B-A38F-DBA42400F0BB}.Release|ARM.Build.0 = Release|Any CPU
		{18E055CD-D9EF-4E0B-A38F-DBA42400F0BB}.Release|ARM64.ActiveCfg = Release|Any CPU
		{18E055CD-D9EF-4E0B-A38F-DBA42400F0BB}.Release|ARM64.Build.0 = Release|Any CPU
		{18E055CD-D9EF-4E0B-A38F-DBA42400F0BB}.Release|x64.ActiveCfg = Release|Any CPU
		{18E055CD-D9EF-4E0B-A38F-DBA42400F0BB}.Release|x64.Build.0 = Release|Any CPU
		{18E055CD-D9EF-4E0B-A38F-DBA42400F0BB}.Release|x86.ActiveCfg = Release|Any CPU
		{18E055CD-D9EF-4E0B-A38F-DBA42400F0BB}.Release|x86.Build.0 = Release|Any CPU
		{6A5BC332-FCAF-4C9B-8CB1-F90D123F202B}.Debug|Any CPU.ActiveCfg = Debug|x86
		{6A5BC332-FCAF-4C9B-8CB1-F90D123F202B}.Debug|Any CPU.Build.0 = Debug|x86
		{6A5BC332-FCAF-4C9B-8CB1-F90D123F202B}.Debug|ARM.ActiveCfg = Debug|Any CPU
		{6A5BC332-FCAF-4C9B-8CB1-F90D123F202B}.Debug|ARM.Build.0 = Debug|Any CPU
		{6A5BC332-FCAF-4C9B-8CB1-F90D123F202B}.Debug|ARM64.ActiveCfg = Debug|Any CPU
		{6A5BC332-FCAF-4C9B-8CB1-F90D123F202B}.Debug|ARM64.Build.0 = Debug|Any CPU
		{6A5BC332-FCAF-4C9B-8CB1-F90D123F202B}.Debug|x64.ActiveCfg = Debug|Any CPU
		{6A5BC332-FCAF-4C9B-8CB1-F90D123F202B}.Debug|x64.Build.0 = Debug|Any CPU
		{6A5BC332-FCAF-4C9B-8CB1-F90D123F202B}.Debug|x86.ActiveCfg = Debug|x86
		{6A5BC332-FCAF-4C9B-8CB1-F90D123F202B}.Debug|x86.Build.0 = Debug|x86
		{6A5BC332-FCAF-4C9B-8CB1-F90D123F202B}.Release|Any CPU.ActiveCfg = Release|Any CPU
		{6A5BC332-FCAF-4C9B-8CB1-F90D123F202B}.Release|Any CPU.Build.0 = Release|Any CPU
		{6A5BC332-FCAF-4C9B-8CB1-F90D123F202B}.Release|ARM.ActiveCfg = Release|Any CPU
		{6A5BC332-FCAF-4C9B-8CB1-F90D123F202B}.Release|ARM.Build.0 = Release|Any CPU
		{6A5BC332-FCAF-4C9B-8CB1-F90D123F202B}.Release|ARM64.ActiveCfg = Release|Any CPU
		{6A5BC332-FCAF-4C9B-8CB1-F90D123F202B}.Release|ARM64.Build.0 = Release|Any CPU
		{6A5BC332-FCAF-4C9B-8CB1-F90D123F202B}.Release|x64.ActiveCfg = Release|Any CPU
		{6A5BC332-FCAF-4C9B-8CB1-F90D123F202B}.Release|x64.Build.0 = Release|Any CPU
		{6A5BC332-FCAF-4C9B-8CB1-F90D123F202B}.Release|x86.ActiveCfg = Release|Any CPU
		{6A5BC332-FCAF-4C9B-8CB1-F90D123F202B}.Release|x86.Build.0 = Release|Any CPU
		{AFF70672-D7D7-4BFF-B3A3-E074168BFB82}.Debug|Any CPU.ActiveCfg = Debug|Any CPU
		{AFF70672-D7D7-4BFF-B3A3-E074168BFB82}.Debug|Any CPU.Build.0 = Debug|Any CPU
		{AFF70672-D7D7-4BFF-B3A3-E074168BFB82}.Debug|ARM.ActiveCfg = Debug|Any CPU
		{AFF70672-D7D7-4BFF-B3A3-E074168BFB82}.Debug|ARM.Build.0 = Debug|Any CPU
		{AFF70672-D7D7-4BFF-B3A3-E074168BFB82}.Debug|ARM64.ActiveCfg = Debug|Any CPU
		{AFF70672-D7D7-4BFF-B3A3-E074168BFB82}.Debug|ARM64.Build.0 = Debug|Any CPU
		{AFF70672-D7D7-4BFF-B3A3-E074168BFB82}.Debug|x64.ActiveCfg = Debug|Any CPU
		{AFF70672-D7D7-4BFF-B3A3-E074168BFB82}.Debug|x64.Build.0 = Debug|Any CPU
		{AFF70672-D7D7-4BFF-B3A3-E074168BFB82}.Debug|x86.ActiveCfg = Debug|Any CPU
		{AFF70672-D7D7-4BFF-B3A3-E074168BFB82}.Debug|x86.Build.0 = Debug|Any CPU
		{AFF70672-D7D7-4BFF-B3A3-E074168BFB82}.Release|Any CPU.ActiveCfg = Release|Any CPU
		{AFF70672-D7D7-4BFF-B3A3-E074168BFB82}.Release|Any CPU.Build.0 = Release|Any CPU
		{AFF70672-D7D7-4BFF-B3A3-E074168BFB82}.Release|ARM.ActiveCfg = Release|Any CPU
		{AFF70672-D7D7-4BFF-B3A3-E074168BFB82}.Release|ARM.Build.0 = Release|Any CPU
		{AFF70672-D7D7-4BFF-B3A3-E074168BFB82}.Release|ARM64.ActiveCfg = Release|Any CPU
		{AFF70672-D7D7-4BFF-B3A3-E074168BFB82}.Release|ARM64.Build.0 = Release|Any CPU
		{AFF70672-D7D7-4BFF-B3A3-E074168BFB82}.Release|x64.ActiveCfg = Release|Any CPU
		{AFF70672-D7D7-4BFF-B3A3-E074168BFB82}.Release|x64.Build.0 = Release|Any CPU
		{AFF70672-D7D7-4BFF-B3A3-E074168BFB82}.Release|x86.ActiveCfg = Release|Any CPU
		{AFF70672-D7D7-4BFF-B3A3-E074168BFB82}.Release|x86.Build.0 = Release|Any CPU
		{F70D17C3-6016-4E69-93C7-9CCEEA5747D9}.Debug|Any CPU.ActiveCfg = Debug|Any CPU
		{F70D17C3-6016-4E69-93C7-9CCEEA5747D9}.Debug|Any CPU.Build.0 = Debug|Any CPU
		{F70D17C3-6016-4E69-93C7-9CCEEA5747D9}.Debug|ARM.ActiveCfg = Debug|Any CPU
		{F70D17C3-6016-4E69-93C7-9CCEEA5747D9}.Debug|ARM.Build.0 = Debug|Any CPU
		{F70D17C3-6016-4E69-93C7-9CCEEA5747D9}.Debug|ARM64.ActiveCfg = Debug|Any CPU
		{F70D17C3-6016-4E69-93C7-9CCEEA5747D9}.Debug|ARM64.Build.0 = Debug|Any CPU
		{F70D17C3-6016-4E69-93C7-9CCEEA5747D9}.Debug|x64.ActiveCfg = Debug|Any CPU
		{F70D17C3-6016-4E69-93C7-9CCEEA5747D9}.Debug|x64.Build.0 = Debug|Any CPU
		{F70D17C3-6016-4E69-93C7-9CCEEA5747D9}.Debug|x86.ActiveCfg = Debug|Any CPU
		{F70D17C3-6016-4E69-93C7-9CCEEA5747D9}.Debug|x86.Build.0 = Debug|Any CPU
		{F70D17C3-6016-4E69-93C7-9CCEEA5747D9}.Release|Any CPU.ActiveCfg = Release|Any CPU
		{F70D17C3-6016-4E69-93C7-9CCEEA5747D9}.Release|Any CPU.Build.0 = Release|Any CPU
		{F70D17C3-6016-4E69-93C7-9CCEEA5747D9}.Release|ARM.ActiveCfg = Release|Any CPU
		{F70D17C3-6016-4E69-93C7-9CCEEA5747D9}.Release|ARM.Build.0 = Release|Any CPU
		{F70D17C3-6016-4E69-93C7-9CCEEA5747D9}.Release|ARM64.ActiveCfg = Release|Any CPU
		{F70D17C3-6016-4E69-93C7-9CCEEA5747D9}.Release|ARM64.Build.0 = Release|Any CPU
		{F70D17C3-6016-4E69-93C7-9CCEEA5747D9}.Release|x64.ActiveCfg = Release|Any CPU
		{F70D17C3-6016-4E69-93C7-9CCEEA5747D9}.Release|x64.Build.0 = Release|Any CPU
		{F70D17C3-6016-4E69-93C7-9CCEEA5747D9}.Release|x86.ActiveCfg = Release|Any CPU
		{F70D17C3-6016-4E69-93C7-9CCEEA5747D9}.Release|x86.Build.0 = Release|Any CPU
		{4E2EB32D-9B81-47DD-A2E0-8F825E348FB2}.Debug|Any CPU.ActiveCfg = Debug|Any CPU
		{4E2EB32D-9B81-47DD-A2E0-8F825E348FB2}.Debug|Any CPU.Build.0 = Debug|Any CPU
		{4E2EB32D-9B81-47DD-A2E0-8F825E348FB2}.Debug|ARM.ActiveCfg = Debug|Any CPU
		{4E2EB32D-9B81-47DD-A2E0-8F825E348FB2}.Debug|ARM.Build.0 = Debug|Any CPU
		{4E2EB32D-9B81-47DD-A2E0-8F825E348FB2}.Debug|ARM64.ActiveCfg = Debug|Any CPU
		{4E2EB32D-9B81-47DD-A2E0-8F825E348FB2}.Debug|ARM64.Build.0 = Debug|Any CPU
		{4E2EB32D-9B81-47DD-A2E0-8F825E348FB2}.Debug|x64.ActiveCfg = Debug|Any CPU
		{4E2EB32D-9B81-47DD-A2E0-8F825E348FB2}.Debug|x64.Build.0 = Debug|Any CPU
		{4E2EB32D-9B81-47DD-A2E0-8F825E348FB2}.Debug|x86.ActiveCfg = Debug|Any CPU
		{4E2EB32D-9B81-47DD-A2E0-8F825E348FB2}.Debug|x86.Build.0 = Debug|Any CPU
		{4E2EB32D-9B81-47DD-A2E0-8F825E348FB2}.Release|Any CPU.ActiveCfg = Release|Any CPU
		{4E2EB32D-9B81-47DD-A2E0-8F825E348FB2}.Release|Any CPU.Build.0 = Release|Any CPU
		{4E2EB32D-9B81-47DD-A2E0-8F825E348FB2}.Release|ARM.ActiveCfg = Release|Any CPU
		{4E2EB32D-9B81-47DD-A2E0-8F825E348FB2}.Release|ARM.Build.0 = Release|Any CPU
		{4E2EB32D-9B81-47DD-A2E0-8F825E348FB2}.Release|ARM64.ActiveCfg = Release|Any CPU
		{4E2EB32D-9B81-47DD-A2E0-8F825E348FB2}.Release|ARM64.Build.0 = Release|Any CPU
		{4E2EB32D-9B81-47DD-A2E0-8F825E348FB2}.Release|x64.ActiveCfg = Release|Any CPU
		{4E2EB32D-9B81-47DD-A2E0-8F825E348FB2}.Release|x64.Build.0 = Release|Any CPU
		{4E2EB32D-9B81-47DD-A2E0-8F825E348FB2}.Release|x86.ActiveCfg = Release|Any CPU
		{4E2EB32D-9B81-47DD-A2E0-8F825E348FB2}.Release|x86.Build.0 = Release|Any CPU
		{71126861-5B15-448F-88B9-8C34B1D1564C}.Debug|Any CPU.ActiveCfg = Debug|Any CPU
		{71126861-5B15-448F-88B9-8C34B1D1564C}.Debug|Any CPU.Build.0 = Debug|Any CPU
		{71126861-5B15-448F-88B9-8C34B1D1564C}.Debug|ARM.ActiveCfg = Debug|Any CPU
		{71126861-5B15-448F-88B9-8C34B1D1564C}.Debug|ARM.Build.0 = Debug|Any CPU
		{71126861-5B15-448F-88B9-8C34B1D1564C}.Debug|ARM64.ActiveCfg = Debug|Any CPU
		{71126861-5B15-448F-88B9-8C34B1D1564C}.Debug|ARM64.Build.0 = Debug|Any CPU
		{71126861-5B15-448F-88B9-8C34B1D1564C}.Debug|x64.ActiveCfg = Debug|Any CPU
		{71126861-5B15-448F-88B9-8C34B1D1564C}.Debug|x64.Build.0 = Debug|Any CPU
		{71126861-5B15-448F-88B9-8C34B1D1564C}.Debug|x86.ActiveCfg = Debug|Any CPU
		{71126861-5B15-448F-88B9-8C34B1D1564C}.Debug|x86.Build.0 = Debug|Any CPU
		{71126861-5B15-448F-88B9-8C34B1D1564C}.Release|Any CPU.ActiveCfg = Release|Any CPU
		{71126861-5B15-448F-88B9-8C34B1D1564C}.Release|Any CPU.Build.0 = Release|Any CPU
		{71126861-5B15-448F-88B9-8C34B1D1564C}.Release|ARM.ActiveCfg = Release|Any CPU
		{71126861-5B15-448F-88B9-8C34B1D1564C}.Release|ARM.Build.0 = Release|Any CPU
		{71126861-5B15-448F-88B9-8C34B1D1564C}.Release|ARM64.ActiveCfg = Release|Any CPU
		{71126861-5B15-448F-88B9-8C34B1D1564C}.Release|ARM64.Build.0 = Release|Any CPU
		{71126861-5B15-448F-88B9-8C34B1D1564C}.Release|x64.ActiveCfg = Release|Any CPU
		{71126861-5B15-448F-88B9-8C34B1D1564C}.Release|x64.Build.0 = Release|Any CPU
		{71126861-5B15-448F-88B9-8C34B1D1564C}.Release|x86.ActiveCfg = Release|Any CPU
		{71126861-5B15-448F-88B9-8C34B1D1564C}.Release|x86.Build.0 = Release|Any CPU
		{BBC48404-39A4-45AA-AF76-0996D20F81FD}.Debug|Any CPU.ActiveCfg = Debug|Any CPU
		{BBC48404-39A4-45AA-AF76-0996D20F81FD}.Debug|Any CPU.Build.0 = Debug|Any CPU
		{BBC48404-39A4-45AA-AF76-0996D20F81FD}.Debug|ARM.ActiveCfg = Debug|Any CPU
		{BBC48404-39A4-45AA-AF76-0996D20F81FD}.Debug|ARM.Build.0 = Debug|Any CPU
		{BBC48404-39A4-45AA-AF76-0996D20F81FD}.Debug|ARM64.ActiveCfg = Debug|Any CPU
		{BBC48404-39A4-45AA-AF76-0996D20F81FD}.Debug|ARM64.Build.0 = Debug|Any CPU
		{BBC48404-39A4-45AA-AF76-0996D20F81FD}.Debug|x64.ActiveCfg = Debug|Any CPU
		{BBC48404-39A4-45AA-AF76-0996D20F81FD}.Debug|x64.Build.0 = Debug|Any CPU
		{BBC48404-39A4-45AA-AF76-0996D20F81FD}.Debug|x86.ActiveCfg = Debug|Any CPU
		{BBC48404-39A4-45AA-AF76-0996D20F81FD}.Debug|x86.Build.0 = Debug|Any CPU
		{BBC48404-39A4-45AA-AF76-0996D20F81FD}.Release|Any CPU.ActiveCfg = Release|Any CPU
		{BBC48404-39A4-45AA-AF76-0996D20F81FD}.Release|Any CPU.Build.0 = Release|Any CPU
		{BBC48404-39A4-45AA-AF76-0996D20F81FD}.Release|ARM.ActiveCfg = Release|Any CPU
		{BBC48404-39A4-45AA-AF76-0996D20F81FD}.Release|ARM.Build.0 = Release|Any CPU
		{BBC48404-39A4-45AA-AF76-0996D20F81FD}.Release|ARM64.ActiveCfg = Release|Any CPU
		{BBC48404-39A4-45AA-AF76-0996D20F81FD}.Release|ARM64.Build.0 = Release|Any CPU
		{BBC48404-39A4-45AA-AF76-0996D20F81FD}.Release|x64.ActiveCfg = Release|Any CPU
		{BBC48404-39A4-45AA-AF76-0996D20F81FD}.Release|x64.Build.0 = Release|Any CPU
		{BBC48404-39A4-45AA-AF76-0996D20F81FD}.Release|x86.ActiveCfg = Release|Any CPU
		{BBC48404-39A4-45AA-AF76-0996D20F81FD}.Release|x86.Build.0 = Release|Any CPU
		{2DA27346-C971-46B0-B8EE-3F86DAD7E0A6}.Debug|Any CPU.ActiveCfg = Debug|Any CPU
		{2DA27346-C971-46B0-B8EE-3F86DAD7E0A6}.Debug|Any CPU.Build.0 = Debug|Any CPU
		{2DA27346-C971-46B0-B8EE-3F86DAD7E0A6}.Debug|ARM.ActiveCfg = Debug|Any CPU
		{2DA27346-C971-46B0-B8EE-3F86DAD7E0A6}.Debug|ARM.Build.0 = Debug|Any CPU
		{2DA27346-C971-46B0-B8EE-3F86DAD7E0A6}.Debug|ARM64.ActiveCfg = Debug|Any CPU
		{2DA27346-C971-46B0-B8EE-3F86DAD7E0A6}.Debug|ARM64.Build.0 = Debug|Any CPU
		{2DA27346-C971-46B0-B8EE-3F86DAD7E0A6}.Debug|x64.ActiveCfg = Debug|Any CPU
		{2DA27346-C971-46B0-B8EE-3F86DAD7E0A6}.Debug|x64.Build.0 = Debug|Any CPU
		{2DA27346-C971-46B0-B8EE-3F86DAD7E0A6}.Debug|x86.ActiveCfg = Debug|Any CPU
		{2DA27346-C971-46B0-B8EE-3F86DAD7E0A6}.Debug|x86.Build.0 = Debug|Any CPU
		{2DA27346-C971-46B0-B8EE-3F86DAD7E0A6}.Release|Any CPU.ActiveCfg = Release|Any CPU
		{2DA27346-C971-46B0-B8EE-3F86DAD7E0A6}.Release|Any CPU.Build.0 = Release|Any CPU
		{2DA27346-C971-46B0-B8EE-3F86DAD7E0A6}.Release|ARM.ActiveCfg = Release|Any CPU
		{2DA27346-C971-46B0-B8EE-3F86DAD7E0A6}.Release|ARM.Build.0 = Release|Any CPU
		{2DA27346-C971-46B0-B8EE-3F86DAD7E0A6}.Release|ARM64.ActiveCfg = Release|Any CPU
		{2DA27346-C971-46B0-B8EE-3F86DAD7E0A6}.Release|ARM64.Build.0 = Release|Any CPU
		{2DA27346-C971-46B0-B8EE-3F86DAD7E0A6}.Release|x64.ActiveCfg = Release|Any CPU
		{2DA27346-C971-46B0-B8EE-3F86DAD7E0A6}.Release|x64.Build.0 = Release|Any CPU
		{2DA27346-C971-46B0-B8EE-3F86DAD7E0A6}.Release|x86.ActiveCfg = Release|Any CPU
		{2DA27346-C971-46B0-B8EE-3F86DAD7E0A6}.Release|x86.Build.0 = Release|Any CPU
		{52F75C4B-D73E-47AD-9912-0E88270943EF}.Debug|Any CPU.ActiveCfg = Debug|Any CPU
		{52F75C4B-D73E-47AD-9912-0E88270943EF}.Debug|Any CPU.Build.0 = Debug|Any CPU
		{52F75C4B-D73E-47AD-9912-0E88270943EF}.Debug|ARM.ActiveCfg = Debug|Any CPU
		{52F75C4B-D73E-47AD-9912-0E88270943EF}.Debug|ARM.Build.0 = Debug|Any CPU
		{52F75C4B-D73E-47AD-9912-0E88270943EF}.Debug|ARM64.ActiveCfg = Debug|Any CPU
		{52F75C4B-D73E-47AD-9912-0E88270943EF}.Debug|ARM64.Build.0 = Debug|Any CPU
		{52F75C4B-D73E-47AD-9912-0E88270943EF}.Debug|x64.ActiveCfg = Debug|Any CPU
		{52F75C4B-D73E-47AD-9912-0E88270943EF}.Debug|x64.Build.0 = Debug|Any CPU
		{52F75C4B-D73E-47AD-9912-0E88270943EF}.Debug|x86.ActiveCfg = Debug|Any CPU
		{52F75C4B-D73E-47AD-9912-0E88270943EF}.Debug|x86.Build.0 = Debug|Any CPU
		{52F75C4B-D73E-47AD-9912-0E88270943EF}.Release|Any CPU.ActiveCfg = Release|Any CPU
		{52F75C4B-D73E-47AD-9912-0E88270943EF}.Release|Any CPU.Build.0 = Release|Any CPU
		{52F75C4B-D73E-47AD-9912-0E88270943EF}.Release|ARM.ActiveCfg = Release|Any CPU
		{52F75C4B-D73E-47AD-9912-0E88270943EF}.Release|ARM.Build.0 = Release|Any CPU
		{52F75C4B-D73E-47AD-9912-0E88270943EF}.Release|ARM64.ActiveCfg = Release|Any CPU
		{52F75C4B-D73E-47AD-9912-0E88270943EF}.Release|ARM64.Build.0 = Release|Any CPU
		{52F75C4B-D73E-47AD-9912-0E88270943EF}.Release|x64.ActiveCfg = Release|Any CPU
		{52F75C4B-D73E-47AD-9912-0E88270943EF}.Release|x64.Build.0 = Release|Any CPU
		{52F75C4B-D73E-47AD-9912-0E88270943EF}.Release|x86.ActiveCfg = Release|Any CPU
		{52F75C4B-D73E-47AD-9912-0E88270943EF}.Release|x86.Build.0 = Release|Any CPU
		{F6186106-E92A-4A34-95F6-F9C9502DAB4C}.Debug|Any CPU.ActiveCfg = Debug|Any CPU
		{F6186106-E92A-4A34-95F6-F9C9502DAB4C}.Debug|Any CPU.Build.0 = Debug|Any CPU
		{F6186106-E92A-4A34-95F6-F9C9502DAB4C}.Debug|ARM.ActiveCfg = Debug|Any CPU
		{F6186106-E92A-4A34-95F6-F9C9502DAB4C}.Debug|ARM.Build.0 = Debug|Any CPU
		{F6186106-E92A-4A34-95F6-F9C9502DAB4C}.Debug|ARM64.ActiveCfg = Debug|Any CPU
		{F6186106-E92A-4A34-95F6-F9C9502DAB4C}.Debug|ARM64.Build.0 = Debug|Any CPU
		{F6186106-E92A-4A34-95F6-F9C9502DAB4C}.Debug|x64.ActiveCfg = Debug|Any CPU
		{F6186106-E92A-4A34-95F6-F9C9502DAB4C}.Debug|x64.Build.0 = Debug|Any CPU
		{F6186106-E92A-4A34-95F6-F9C9502DAB4C}.Debug|x86.ActiveCfg = Debug|Any CPU
		{F6186106-E92A-4A34-95F6-F9C9502DAB4C}.Debug|x86.Build.0 = Debug|Any CPU
		{F6186106-E92A-4A34-95F6-F9C9502DAB4C}.Release|Any CPU.ActiveCfg = Release|Any CPU
		{F6186106-E92A-4A34-95F6-F9C9502DAB4C}.Release|Any CPU.Build.0 = Release|Any CPU
		{F6186106-E92A-4A34-95F6-F9C9502DAB4C}.Release|ARM.ActiveCfg = Release|Any CPU
		{F6186106-E92A-4A34-95F6-F9C9502DAB4C}.Release|ARM.Build.0 = Release|Any CPU
		{F6186106-E92A-4A34-95F6-F9C9502DAB4C}.Release|ARM64.ActiveCfg = Release|Any CPU
		{F6186106-E92A-4A34-95F6-F9C9502DAB4C}.Release|ARM64.Build.0 = Release|Any CPU
		{F6186106-E92A-4A34-95F6-F9C9502DAB4C}.Release|x64.ActiveCfg = Release|Any CPU
		{F6186106-E92A-4A34-95F6-F9C9502DAB4C}.Release|x64.Build.0 = Release|Any CPU
		{F6186106-E92A-4A34-95F6-F9C9502DAB4C}.Release|x86.ActiveCfg = Release|Any CPU
		{F6186106-E92A-4A34-95F6-F9C9502DAB4C}.Release|x86.Build.0 = Release|Any CPU
		{AFA83769-0D40-4516-B05D-A8D3E004E947}.Debug|Any CPU.ActiveCfg = Debug|Any CPU
		{AFA83769-0D40-4516-B05D-A8D3E004E947}.Debug|Any CPU.Build.0 = Debug|Any CPU
		{AFA83769-0D40-4516-B05D-A8D3E004E947}.Debug|ARM.ActiveCfg = Debug|Any CPU
		{AFA83769-0D40-4516-B05D-A8D3E004E947}.Debug|ARM.Build.0 = Debug|Any CPU
		{AFA83769-0D40-4516-B05D-A8D3E004E947}.Debug|ARM64.ActiveCfg = Debug|Any CPU
		{AFA83769-0D40-4516-B05D-A8D3E004E947}.Debug|ARM64.Build.0 = Debug|Any CPU
		{AFA83769-0D40-4516-B05D-A8D3E004E947}.Debug|x64.ActiveCfg = Debug|Any CPU
		{AFA83769-0D40-4516-B05D-A8D3E004E947}.Debug|x64.Build.0 = Debug|Any CPU
		{AFA83769-0D40-4516-B05D-A8D3E004E947}.Debug|x86.ActiveCfg = Debug|Any CPU
		{AFA83769-0D40-4516-B05D-A8D3E004E947}.Debug|x86.Build.0 = Debug|Any CPU
		{AFA83769-0D40-4516-B05D-A8D3E004E947}.Release|Any CPU.ActiveCfg = Release|Any CPU
		{AFA83769-0D40-4516-B05D-A8D3E004E947}.Release|Any CPU.Build.0 = Release|Any CPU
		{AFA83769-0D40-4516-B05D-A8D3E004E947}.Release|ARM.ActiveCfg = Release|Any CPU
		{AFA83769-0D40-4516-B05D-A8D3E004E947}.Release|ARM.Build.0 = Release|Any CPU
		{AFA83769-0D40-4516-B05D-A8D3E004E947}.Release|ARM64.ActiveCfg = Release|Any CPU
		{AFA83769-0D40-4516-B05D-A8D3E004E947}.Release|ARM64.Build.0 = Release|Any CPU
		{AFA83769-0D40-4516-B05D-A8D3E004E947}.Release|x64.ActiveCfg = Release|Any CPU
		{AFA83769-0D40-4516-B05D-A8D3E004E947}.Release|x64.Build.0 = Release|Any CPU
		{AFA83769-0D40-4516-B05D-A8D3E004E947}.Release|x86.ActiveCfg = Release|Any CPU
		{AFA83769-0D40-4516-B05D-A8D3E004E947}.Release|x86.Build.0 = Release|Any CPU
		{8FCFD3F3-7485-4B2E-9C67-2E84AA0C798D}.Debug|Any CPU.ActiveCfg = Debug|Any CPU
		{8FCFD3F3-7485-4B2E-9C67-2E84AA0C798D}.Debug|Any CPU.Build.0 = Debug|Any CPU
		{8FCFD3F3-7485-4B2E-9C67-2E84AA0C798D}.Debug|ARM.ActiveCfg = Debug|Any CPU
		{8FCFD3F3-7485-4B2E-9C67-2E84AA0C798D}.Debug|ARM.Build.0 = Debug|Any CPU
		{8FCFD3F3-7485-4B2E-9C67-2E84AA0C798D}.Debug|ARM64.ActiveCfg = Debug|Any CPU
		{8FCFD3F3-7485-4B2E-9C67-2E84AA0C798D}.Debug|ARM64.Build.0 = Debug|Any CPU
		{8FCFD3F3-7485-4B2E-9C67-2E84AA0C798D}.Debug|x64.ActiveCfg = Debug|Any CPU
		{8FCFD3F3-7485-4B2E-9C67-2E84AA0C798D}.Debug|x64.Build.0 = Debug|Any CPU
		{8FCFD3F3-7485-4B2E-9C67-2E84AA0C798D}.Debug|x86.ActiveCfg = Debug|Any CPU
		{8FCFD3F3-7485-4B2E-9C67-2E84AA0C798D}.Debug|x86.Build.0 = Debug|Any CPU
		{8FCFD3F3-7485-4B2E-9C67-2E84AA0C798D}.Release|Any CPU.ActiveCfg = Release|Any CPU
		{8FCFD3F3-7485-4B2E-9C67-2E84AA0C798D}.Release|Any CPU.Build.0 = Release|Any CPU
		{8FCFD3F3-7485-4B2E-9C67-2E84AA0C798D}.Release|ARM.ActiveCfg = Release|Any CPU
		{8FCFD3F3-7485-4B2E-9C67-2E84AA0C798D}.Release|ARM.Build.0 = Release|Any CPU
		{8FCFD3F3-7485-4B2E-9C67-2E84AA0C798D}.Release|ARM64.ActiveCfg = Release|Any CPU
		{8FCFD3F3-7485-4B2E-9C67-2E84AA0C798D}.Release|ARM64.Build.0 = Release|Any CPU
		{8FCFD3F3-7485-4B2E-9C67-2E84AA0C798D}.Release|x64.ActiveCfg = Release|Any CPU
		{8FCFD3F3-7485-4B2E-9C67-2E84AA0C798D}.Release|x64.Build.0 = Release|Any CPU
		{8FCFD3F3-7485-4B2E-9C67-2E84AA0C798D}.Release|x86.ActiveCfg = Release|Any CPU
		{8FCFD3F3-7485-4B2E-9C67-2E84AA0C798D}.Release|x86.Build.0 = Release|Any CPU
		{0F3DA246-916B-4B6F-A9E6-97C661A7823E}.Debug|Any CPU.ActiveCfg = Debug|Any CPU
		{0F3DA246-916B-4B6F-A9E6-97C661A7823E}.Debug|Any CPU.Build.0 = Debug|Any CPU
		{0F3DA246-916B-4B6F-A9E6-97C661A7823E}.Debug|ARM.ActiveCfg = Debug|Any CPU
		{0F3DA246-916B-4B6F-A9E6-97C661A7823E}.Debug|ARM.Build.0 = Debug|Any CPU
		{0F3DA246-916B-4B6F-A9E6-97C661A7823E}.Debug|ARM64.ActiveCfg = Debug|Any CPU
		{0F3DA246-916B-4B6F-A9E6-97C661A7823E}.Debug|ARM64.Build.0 = Debug|Any CPU
		{0F3DA246-916B-4B6F-A9E6-97C661A7823E}.Debug|x64.ActiveCfg = Debug|Any CPU
		{0F3DA246-916B-4B6F-A9E6-97C661A7823E}.Debug|x64.Build.0 = Debug|Any CPU
		{0F3DA246-916B-4B6F-A9E6-97C661A7823E}.Debug|x86.ActiveCfg = Debug|Any CPU
		{0F3DA246-916B-4B6F-A9E6-97C661A7823E}.Debug|x86.Build.0 = Debug|Any CPU
		{0F3DA246-916B-4B6F-A9E6-97C661A7823E}.Release|Any CPU.ActiveCfg = Release|Any CPU
		{0F3DA246-916B-4B6F-A9E6-97C661A7823E}.Release|Any CPU.Build.0 = Release|Any CPU
		{0F3DA246-916B-4B6F-A9E6-97C661A7823E}.Release|ARM.ActiveCfg = Release|Any CPU
		{0F3DA246-916B-4B6F-A9E6-97C661A7823E}.Release|ARM.Build.0 = Release|Any CPU
		{0F3DA246-916B-4B6F-A9E6-97C661A7823E}.Release|ARM64.ActiveCfg = Release|Any CPU
		{0F3DA246-916B-4B6F-A9E6-97C661A7823E}.Release|ARM64.Build.0 = Release|Any CPU
		{0F3DA246-916B-4B6F-A9E6-97C661A7823E}.Release|x64.ActiveCfg = Release|Any CPU
		{0F3DA246-916B-4B6F-A9E6-97C661A7823E}.Release|x64.Build.0 = Release|Any CPU
		{0F3DA246-916B-4B6F-A9E6-97C661A7823E}.Release|x86.ActiveCfg = Release|Any CPU
		{0F3DA246-916B-4B6F-A9E6-97C661A7823E}.Release|x86.Build.0 = Release|Any CPU
		{50CDC840-5632-417C-9D88-384F5E215234}.Debug|Any CPU.ActiveCfg = Debug|Any CPU
		{50CDC840-5632-417C-9D88-384F5E215234}.Debug|Any CPU.Build.0 = Debug|Any CPU
		{50CDC840-5632-417C-9D88-384F5E215234}.Debug|ARM.ActiveCfg = Debug|Any CPU
		{50CDC840-5632-417C-9D88-384F5E215234}.Debug|ARM.Build.0 = Debug|Any CPU
		{50CDC840-5632-417C-9D88-384F5E215234}.Debug|ARM64.ActiveCfg = Debug|Any CPU
		{50CDC840-5632-417C-9D88-384F5E215234}.Debug|ARM64.Build.0 = Debug|Any CPU
		{50CDC840-5632-417C-9D88-384F5E215234}.Debug|x64.ActiveCfg = Debug|Any CPU
		{50CDC840-5632-417C-9D88-384F5E215234}.Debug|x64.Build.0 = Debug|Any CPU
		{50CDC840-5632-417C-9D88-384F5E215234}.Debug|x86.ActiveCfg = Debug|Any CPU
		{50CDC840-5632-417C-9D88-384F5E215234}.Debug|x86.Build.0 = Debug|Any CPU
		{50CDC840-5632-417C-9D88-384F5E215234}.Release|Any CPU.ActiveCfg = Release|Any CPU
		{50CDC840-5632-417C-9D88-384F5E215234}.Release|Any CPU.Build.0 = Release|Any CPU
		{50CDC840-5632-417C-9D88-384F5E215234}.Release|ARM.ActiveCfg = Release|Any CPU
		{50CDC840-5632-417C-9D88-384F5E215234}.Release|ARM.Build.0 = Release|Any CPU
		{50CDC840-5632-417C-9D88-384F5E215234}.Release|ARM64.ActiveCfg = Release|Any CPU
		{50CDC840-5632-417C-9D88-384F5E215234}.Release|ARM64.Build.0 = Release|Any CPU
		{50CDC840-5632-417C-9D88-384F5E215234}.Release|x64.ActiveCfg = Release|Any CPU
		{50CDC840-5632-417C-9D88-384F5E215234}.Release|x64.Build.0 = Release|Any CPU
		{50CDC840-5632-417C-9D88-384F5E215234}.Release|x86.ActiveCfg = Release|Any CPU
		{50CDC840-5632-417C-9D88-384F5E215234}.Release|x86.Build.0 = Release|Any CPU
		{EF726FD9-FE80-4B0A-B9DE-DA3A48298A2F}.Debug|Any CPU.ActiveCfg = Debug|Any CPU
		{EF726FD9-FE80-4B0A-B9DE-DA3A48298A2F}.Debug|Any CPU.Build.0 = Debug|Any CPU
		{EF726FD9-FE80-4B0A-B9DE-DA3A48298A2F}.Debug|ARM.ActiveCfg = Debug|Any CPU
		{EF726FD9-FE80-4B0A-B9DE-DA3A48298A2F}.Debug|ARM.Build.0 = Debug|Any CPU
		{EF726FD9-FE80-4B0A-B9DE-DA3A48298A2F}.Debug|ARM64.ActiveCfg = Debug|Any CPU
		{EF726FD9-FE80-4B0A-B9DE-DA3A48298A2F}.Debug|ARM64.Build.0 = Debug|Any CPU
		{EF726FD9-FE80-4B0A-B9DE-DA3A48298A2F}.Debug|x64.ActiveCfg = Debug|Any CPU
		{EF726FD9-FE80-4B0A-B9DE-DA3A48298A2F}.Debug|x64.Build.0 = Debug|Any CPU
		{EF726FD9-FE80-4B0A-B9DE-DA3A48298A2F}.Debug|x86.ActiveCfg = Debug|Any CPU
		{EF726FD9-FE80-4B0A-B9DE-DA3A48298A2F}.Debug|x86.Build.0 = Debug|Any CPU
		{EF726FD9-FE80-4B0A-B9DE-DA3A48298A2F}.Release|Any CPU.ActiveCfg = Release|Any CPU
		{EF726FD9-FE80-4B0A-B9DE-DA3A48298A2F}.Release|Any CPU.Build.0 = Release|Any CPU
		{EF726FD9-FE80-4B0A-B9DE-DA3A48298A2F}.Release|ARM.ActiveCfg = Release|Any CPU
		{EF726FD9-FE80-4B0A-B9DE-DA3A48298A2F}.Release|ARM.Build.0 = Release|Any CPU
		{EF726FD9-FE80-4B0A-B9DE-DA3A48298A2F}.Release|ARM64.ActiveCfg = Release|Any CPU
		{EF726FD9-FE80-4B0A-B9DE-DA3A48298A2F}.Release|ARM64.Build.0 = Release|Any CPU
		{EF726FD9-FE80-4B0A-B9DE-DA3A48298A2F}.Release|x64.ActiveCfg = Release|Any CPU
		{EF726FD9-FE80-4B0A-B9DE-DA3A48298A2F}.Release|x64.Build.0 = Release|Any CPU
		{EF726FD9-FE80-4B0A-B9DE-DA3A48298A2F}.Release|x86.ActiveCfg = Release|Any CPU
		{EF726FD9-FE80-4B0A-B9DE-DA3A48298A2F}.Release|x86.Build.0 = Release|Any CPU
	EndGlobalSection
	GlobalSection(SolutionProperties) = preSolution
		HideSolutionNode = FALSE
	EndGlobalSection
	GlobalSection(NestedProjects) = preSolution
		{1C5135A2-87B8-4860-872E-026D98001DBA} = {1B0AD709-6E2F-45BE-B6D6-AF43A46EED3E}
		{0697B1C8-8CE1-4A63-BEC8-48F65E201C62} = {2D4266C2-7A0F-4D00-90BB-DF5AE8274EA2}
		{5D24E57E-9E72-4691-9243-474B69F1EA1A} = {1B0AD709-6E2F-45BE-B6D6-AF43A46EED3E}
		{87B2105B-35BF-45DF-9B31-C645DC65474A} = {1B0AD709-6E2F-45BE-B6D6-AF43A46EED3E}
		{9A8A636F-3088-4E45-BC6E-32EDE3E7107C} = {2D4266C2-7A0F-4D00-90BB-DF5AE8274EA2}
		{0B1B480A-2F8C-4A87-9DF7-F6609A52567B} = {9A8A636F-3088-4E45-BC6E-32EDE3E7107C}
		{A9339D0B-0EB9-468F-B5FD-011100429019} = {9A8A636F-3088-4E45-BC6E-32EDE3E7107C}
		{A2D5240A-90BC-451A-B3C8-B2F9F5BB81F0} = {424F7DAB-6256-46F7-8FDA-C753F9C4EF68}
		{F5871092-459A-42BA-A2EE-E035147DAADB} = {424F7DAB-6256-46F7-8FDA-C753F9C4EF68}
		{FCA8F1D3-11C6-4C3D-B35F-FDB630C6CEA7} = {DCD48A48-773A-400F-80FC-1DA9F167CB41}
		{BCFFAE0E-063C-463F-8A4A-2411F54451B8} = {2D4266C2-7A0F-4D00-90BB-DF5AE8274EA2}
		{DA0C3BB7-E0E2-4B19-96B9-763288536CE4} = {2D4266C2-7A0F-4D00-90BB-DF5AE8274EA2}
		{EF6C5D05-47E5-425D-987D-86D410A952C9} = {2D4266C2-7A0F-4D00-90BB-DF5AE8274EA2}
		{6709CB39-CB8A-4E6E-AA1B-0133B75F0E85} = {424F7DAB-6256-46F7-8FDA-C753F9C4EF68}
		{23E50CAB-6D39-4CB1-B72A-78D35BC1C529} = {424F7DAB-6256-46F7-8FDA-C753F9C4EF68}
		{CD13B9BA-3E77-4D66-A009-41DB11817BA9} = {EF6C5D05-47E5-425D-987D-86D410A952C9}
		{6B87CAA3-3DCD-48E7-B5B8-93EE6BB5617C} = {EF6C5D05-47E5-425D-987D-86D410A952C9}
		{3E4BFA72-1C30-4C08-B9C7-407ACA9C17F0} = {EF6C5D05-47E5-425D-987D-86D410A952C9}
		{ED35DE52-F045-4AAA-89EA-05083FBEAE1F} = {2D4266C2-7A0F-4D00-90BB-DF5AE8274EA2}
		{26504E25-393A-4D2D-A02B-ADA7C92B9541} = {ED35DE52-F045-4AAA-89EA-05083FBEAE1F}
		{3E0C6981-DE70-4C1E-A376-1FC5BF1640CD} = {424F7DAB-6256-46F7-8FDA-C753F9C4EF68}
		{B79B6073-88FA-438F-809A-3EA045591ABD} = {ED35DE52-F045-4AAA-89EA-05083FBEAE1F}
		{97E6F5D7-DA45-44A9-A5B3-34B50BE2256F} = {1B0AD709-6E2F-45BE-B6D6-AF43A46EED3E}
		{43141DDF-5C3E-469D-8F7A-3271BAE5E0E1} = {ED35DE52-F045-4AAA-89EA-05083FBEAE1F}
		{072B2574-BE08-4522-B3F5-FB1544525EB0} = {1B0AD709-6E2F-45BE-B6D6-AF43A46EED3E}
		{3BA820CF-7285-4E8F-B286-270828700969} = {2D4266C2-7A0F-4D00-90BB-DF5AE8274EA2}
		{4B57E4C5-0D2F-4FED-A84E-359263F323EE} = {3BA820CF-7285-4E8F-B286-270828700969}
		{CD58547A-BF8E-49EB-8A53-688E1670F89C} = {3BA820CF-7285-4E8F-B286-270828700969}
		{350F5570-F3A8-481D-B039-12BBD3B278DD} = {CD58547A-BF8E-49EB-8A53-688E1670F89C}
		{8F5C3B4E-3E5B-449F-A8C4-FE0138BDBBA8} = {424F7DAB-6256-46F7-8FDA-C753F9C4EF68}
		{BC9B72D9-D8F2-417D-AA2B-8653884264ED} = {BA2060DE-294F-4FF1-B5B0-09F3B317020B}
		{F860D1F3-321B-49EE-995B-7C8D9B2E21C9} = {BA2060DE-294F-4FF1-B5B0-09F3B317020B}
		{18E055CD-D9EF-4E0B-A38F-DBA42400F0BB} = {BA2060DE-294F-4FF1-B5B0-09F3B317020B}
		{6A5BC332-FCAF-4C9B-8CB1-F90D123F202B} = {CD58547A-BF8E-49EB-8A53-688E1670F89C}
		{AFF70672-D7D7-4BFF-B3A3-E074168BFB82} = {B539FB33-AE62-40C5-AB8E-772E9D7E5A51}
		{F70D17C3-6016-4E69-93C7-9CCEEA5747D9} = {3BA820CF-7285-4E8F-B286-270828700969}
		{4E2EB32D-9B81-47DD-A2E0-8F825E348FB2} = {CD58547A-BF8E-49EB-8A53-688E1670F89C}
		{6BE6F711-7560-4CE9-8D74-BDB767770F2D} = {424F7DAB-6256-46F7-8FDA-C753F9C4EF68}
		{71126861-5B15-448F-88B9-8C34B1D1564C} = {6BE6F711-7560-4CE9-8D74-BDB767770F2D}
		{BBC48404-39A4-45AA-AF76-0996D20F81FD} = {6BE6F711-7560-4CE9-8D74-BDB767770F2D}
		{2DA27346-C971-46B0-B8EE-3F86DAD7E0A6} = {6BE6F711-7560-4CE9-8D74-BDB767770F2D}
		{52F75C4B-D73E-47AD-9912-0E88270943EF} = {6BE6F711-7560-4CE9-8D74-BDB767770F2D}
		{F6186106-E92A-4A34-95F6-F9C9502DAB4C} = {6BE6F711-7560-4CE9-8D74-BDB767770F2D}
		{AFA83769-0D40-4516-B05D-A8D3E004E947} = {6BE6F711-7560-4CE9-8D74-BDB767770F2D}
		{8FCFD3F3-7485-4B2E-9C67-2E84AA0C798D} = {6BE6F711-7560-4CE9-8D74-BDB767770F2D}
		{76A91E93-A20E-4944-90DC-74125F1E753C} = {424F7DAB-6256-46F7-8FDA-C753F9C4EF68}
		{0F3DA246-916B-4B6F-A9E6-97C661A7823E} = {76A91E93-A20E-4944-90DC-74125F1E753C}
		{50CDC840-5632-417C-9D88-384F5E215234} = {76A91E93-A20E-4944-90DC-74125F1E753C}
		{EF726FD9-FE80-4B0A-B9DE-DA3A48298A2F} = {76A91E93-A20E-4944-90DC-74125F1E753C}
	EndGlobalSection
	GlobalSection(ExtensibilityGlobals) = postSolution
		SolutionGuid = {47B43C44-6434-4246-8FB4-B195D9E7AFC4}
	EndGlobalSection
EndGlobal
