
Microsoft Visual Studio Solution File, Format Version 12.00
# Visual Studio 15
VisualStudioVersion = 15.0.28307.329
MinimumVisualStudioVersion = 10.0.40219.1
Project("{FAE04EC0-301F-11D3-BF4B-00C04F79EFBC}") = "Point", "Point\Point.csproj", "{87D84B7D-AACB-4ED2-A342-B8D95ECDB8C7}"
EndProject
Global
	GlobalSection(SolutionConfigurationPlatforms) = preSolution
		Debug|Any CPU = Debug|Any CPU
		Release|Any CPU = Release|Any CPU
	EndGlobalSection
	GlobalSection(ProjectConfigurationPlatforms) = postSolution
		{87D84B7D-AACB-4ED2-A342-B8D95ECDB8C7}.Debug|Any CPU.ActiveCfg = Debug|Any CPU
		{87D84B7D-AACB-4ED2-A342-B8D95ECDB8C7}.Debug|Any CPU.Build.0 = Debug|Any CPU
		{87D84B7D-AACB-4ED2-A342-B8D95ECDB8C7}.Release|Any CPU.ActiveCfg = Release|Any CPU
		{87D84B7D-AACB-4ED2-A342-B8D95ECDB8C7}.Release|Any CPU.Build.0 = Release|Any CPU
	EndGlobalSection
	GlobalSection(SolutionProperties) = preSolution
		HideSolutionNode = FALSE
	EndGlobalSection
	GlobalSection(ExtensibilityGlobals) = postSolution
		SolutionGuid = {29244743-C4F8-41E3-8B63-F758E7505093}
	EndGlobalSection
EndGlobal
