
Microsoft Visual Studio Solution File, Format Version 12.00
# Visual Studio Version 17
VisualStudioVersion = 17.2.32616.157
MinimumVisualStudioVersion = 10.0.40219.1
Project("{FAE04EC0-301F-11D3-BF4B-00C04F79EFBC}") = "2705", "2705\2705.csproj", "{54D85296-57E5-4959-8F7D-F831AC4AA74C}"
EndProject
Global
	GlobalSection(SolutionConfigurationPlatforms) = preSolution
		Debug|Any CPU = Debug|Any CPU
		Release|Any CPU = Release|Any CPU
	EndGlobalSection
	GlobalSection(ProjectConfigurationPlatforms) = postSolution
		{54D85296-57E5-4959-8F7D-F831AC4AA74C}.Debug|Any CPU.ActiveCfg = Debug|Any CPU
		{54D85296-57E5-4959-8F7D-F831AC4AA74C}.Debug|Any CPU.Build.0 = Debug|Any CPU
		{54D85296-57E5-4959-8F7D-F831AC4AA74C}.Release|Any CPU.ActiveCfg = Release|Any CPU
		{54D85296-57E5-4959-8F7D-F831AC4AA74C}.Release|Any CPU.Build.0 = Release|Any CPU
	EndGlobalSection
	GlobalSection(SolutionProperties) = preSolution
		HideSolutionNode = FALSE
	EndGlobalSection
	GlobalSection(ExtensibilityGlobals) = postSolution
		SolutionGuid = {EDD2F156-BC7D-412F-87FB-BCF07EF0A8A1}
	EndGlobalSection
EndGlobal
