
Microsoft Visual Studio Solution File, Format Version 12.00
# Visual Studio Version 16
VisualStudioVersion = 16.0.28803.202
MinimumVisualStudioVersion = 10.0.40219.1
Project("{FAE04EC0-301F-11D3-BF4B-00C04F79EFBC}") = "刷刷刷", "刷刷刷.csproj", "{DC5EC5D3-A9D4-4F79-B803-2A4186C2D431}"
EndProject
Global
	GlobalSection(SolutionConfigurationPlatforms) = preSolution
		Debug|Any CPU = Debug|Any CPU
		Release|Any CPU = Release|Any CPU
	EndGlobalSection
	GlobalSection(ProjectConfigurationPlatforms) = postSolution
		{DC5EC5D3-A9D4-4F79-B803-2A4186C2D431}.Debug|Any CPU.ActiveCfg = Debug|Any CPU
		{DC5EC5D3-A9D4-4F79-B803-2A4186C2D431}.Debug|Any CPU.Build.0 = Debug|Any CPU
		{DC5EC5D3-A9D4-4F79-B803-2A4186C2D431}.Release|Any CPU.ActiveCfg = Release|Any CPU
		{DC5EC5D3-A9D4-4F79-B803-2A4186C2D431}.Release|Any CPU.Build.0 = Release|Any CPU
	EndGlobalSection
	GlobalSection(SolutionProperties) = preSolution
		HideSolutionNode = FALSE
	EndGlobalSection
	GlobalSection(ExtensibilityGlobals) = postSolution
		SolutionGuid = {6121E71F-D056-43DA-A97A-B0BD2CACE3DE}
	EndGlobalSection
EndGlobal
