
Microsoft Visual Studio Solution File, Format Version 12.00
# Visual Studio 15
VisualStudioVersion = 15.0.27703.2042
MinimumVisualStudioVersion = 10.0.40219.1
Project("{FAE04EC0-301F-11D3-BF4B-00C04F79EFBC}") = "DownloadSample", "DownloadSample.csproj", "{EBFEC28D-131B-467F-9E0A-32A4E5ADF46F}"
EndProject
Global
	GlobalSection(SolutionConfigurationPlatforms) = preSolution
		Debug|x86 = Debug|x86
		Release|x86 = Release|x86
	EndGlobalSection
	GlobalSection(ProjectConfigurationPlatforms) = postSolution
		{EBFEC28D-131B-467F-9E0A-32A4E5ADF46F}.Debug|x86.ActiveCfg = Debug|x86
		{EBFEC28D-131B-467F-9E0A-32A4E5ADF46F}.Debug|x86.Build.0 = Debug|x86
		{EBFEC28D-131B-467F-9E0A-32A4E5ADF46F}.Release|x86.ActiveCfg = Release|x86
		{EBFEC28D-131B-467F-9E0A-32A4E5ADF46F}.Release|x86.Build.0 = Release|x86
	EndGlobalSection
	GlobalSection(SolutionProperties) = preSolution
		HideSolutionNode = FALSE
	EndGlobalSection
	GlobalSection(ExtensibilityGlobals) = postSolution
		SolutionGuid = {3A2111B7-AAD7-4204-B020-9CA21BE03E55}
	EndGlobalSection
EndGlobal
