
Microsoft Visual Studio Solution File, Format Version 12.00
# Visual Studio 14
VisualStudioVersion = 14.0.25420.1
MinimumVisualStudioVersion = 10.0.40219.1
Project("{FAE04EC0-301F-11D3-BF4B-00C04F79EFBC}") = "语音识别", "WpfApplication3\语音识别.csproj", "{6BB45D24-EF03-46D9-A127-5BA5C3281A2F}"
EndProject
Global
	GlobalSection(SolutionConfigurationPlatforms) = preSolution
		Debug|Any CPU = Debug|Any CPU
		Release|Any CPU = Release|Any CPU
	EndGlobalSection
	GlobalSection(ProjectConfigurationPlatforms) = postSolution
		{6BB45D24-EF03-46D9-A127-5BA5C3281A2F}.Debug|Any CPU.ActiveCfg = Debug|Any CPU
		{6BB45D24-EF03-46D9-A127-5BA5C3281A2F}.Debug|Any CPU.Build.0 = Debug|Any CPU
		{6BB45D24-EF03-46D9-A127-5BA5C3281A2F}.Release|Any CPU.ActiveCfg = Release|Any CPU
		{6BB45D24-EF03-46D9-A127-5BA5C3281A2F}.Release|Any CPU.Build.0 = Release|Any CPU
	EndGlobalSection
	GlobalSection(SolutionProperties) = preSolution
		HideSolutionNode = FALSE
	EndGlobalSection
EndGlobal
