
Microsoft Visual Studio Solution File, Format Version 10.00
# Visual Studio 2008
Project("{FAE04EC0-301F-11D3-BF4B-00C04F79EFBC}") = "CnBlogs.Youzai.HookEx", "CnBlogs.Youzai.HookEx\CnBlogs.Youzai.HookEx.csproj", "{88E38553-C1DF-4D8A-8F5A-80390F4E3753}"
EndProject
Project("{FAE04EC0-301F-11D3-BF4B-00C04F79EFBC}") = "CnBlogs.Youzai.ScreenKeyboard", "CnBlogs.Youzai.ScreenKeyboard\CnBlogs.Youzai.ScreenKeyboard.csproj", "{FE66B211-C90D-4AAA-A73C-515B53B98533}"
EndProject
Global
	GlobalSection(SolutionConfigurationPlatforms) = preSolution
		Debug|Any CPU = Debug|Any CPU
		Release|Any CPU = Release|Any CPU
	EndGlobalSection
	GlobalSection(ProjectConfigurationPlatforms) = postSolution
		{88E38553-C1DF-4D8A-8F5A-80390F4E3753}.Debug|Any CPU.ActiveCfg = Debug|Any CPU
		{88E38553-C1DF-4D8A-8F5A-80390F4E3753}.Debug|Any CPU.Build.0 = Debug|Any CPU
		{88E38553-C1DF-4D8A-8F5A-80390F4E3753}.Release|Any CPU.ActiveCfg = Release|Any CPU
		{88E38553-C1DF-4D8A-8F5A-80390F4E3753}.Release|Any CPU.Build.0 = Release|Any CPU
		{FE66B211-C90D-4AAA-A73C-515B53B98533}.Debug|Any CPU.ActiveCfg = Debug|Any CPU
		{FE66B211-C90D-4AAA-A73C-515B53B98533}.Debug|Any CPU.Build.0 = Debug|Any CPU
		{FE66B211-C90D-4AAA-A73C-515B53B98533}.Release|Any CPU.ActiveCfg = Release|Any CPU
		{FE66B211-C90D-4AAA-A73C-515B53B98533}.Release|Any CPU.Build.0 = Release|Any CPU
	EndGlobalSection
	GlobalSection(SolutionProperties) = preSolution
		HideSolutionNode = FALSE
	EndGlobalSection
EndGlobal
