
Microsoft Visual Studio Solution File, Format Version 12.00
# Visual Studio Version 17
VisualStudioVersion = 17.1.31911.260
MinimumVisualStudioVersion = 10.0.40219.1
Project("{FAE04EC0-301F-11D3-BF4B-00C04F79EFBC}") = "PPTHelper", "PPTHelper\PPTHelper.csproj", "{40738DF0-1400-43C4-AF67-C276DC1F6D8B}"
EndProject
Project("{FAE04EC0-301F-11D3-BF4B-00C04F79EFBC}") = "VoiceControl", "VoiceControl\VoiceControl.csproj", "{8BE5512E-DBAA-4221-9D7A-1DBC28FEAF0F}"
EndProject
Global
	GlobalSection(SolutionConfigurationPlatforms) = preSolution
		Debug|Any CPU = Debug|Any CPU
		Release|Any CPU = Release|Any CPU
	EndGlobalSection
	GlobalSection(ProjectConfigurationPlatforms) = postSolution
		{40738DF0-1400-43C4-AF67-C276DC1F6D8B}.Debug|Any CPU.ActiveCfg = Debug|Any CPU
		{40738DF0-1400-43C4-AF67-C276DC1F6D8B}.Debug|Any CPU.Build.0 = Debug|Any CPU
		{40738DF0-1400-43C4-AF67-C276DC1F6D8B}.Release|Any CPU.ActiveCfg = Release|Any CPU
		{40738DF0-1400-43C4-AF67-C276DC1F6D8B}.Release|Any CPU.Build.0 = Release|Any CPU
		{8BE5512E-DBAA-4221-9D7A-1DBC28FEAF0F}.Debug|Any CPU.ActiveCfg = Debug|Any CPU
		{8BE5512E-DBAA-4221-9D7A-1DBC28FEAF0F}.Debug|Any CPU.Build.0 = Debug|Any CPU
		{8BE5512E-DBAA-4221-9D7A-1DBC28FEAF0F}.Release|Any CPU.ActiveCfg = Release|Any CPU
		{8BE5512E-DBAA-4221-9D7A-1DBC28FEAF0F}.Release|Any CPU.Build.0 = Release|Any CPU
	EndGlobalSection
	GlobalSection(SolutionProperties) = preSolution
		HideSolutionNode = FALSE
	EndGlobalSection
	GlobalSection(ExtensibilityGlobals) = postSolution
		SolutionGuid = {2A3BD77A-5A37-4D42-9BC5-D27DB8BFCEF7}
	EndGlobalSection
EndGlobal
