
Microsoft Visual Studio Solution File, Format Version 12.00
# Visual Studio 14
VisualStudioVersion = 14.0.25123.0
MinimumVisualStudioVersion = 10.0.40219.1
Project("{FAE04EC0-301F-11D3-BF4B-00C04F79EFBC}") = "FastDownload", "FastDownload\FastDownload.csproj", "{B45D4E5D-1650-4B68-A59E-460F79ED8787}"
EndProject
Project("{FAE04EC0-301F-11D3-BF4B-00C04F79EFBC}") = "Locations", "locations\Locations.csproj", "{F7048DED-95E9-416C-BE6C-DA479E488F33}"
EndProject
Global
	GlobalSection(SolutionConfigurationPlatforms) = preSolution
		Debug|Any CPU = Debug|Any CPU
		Release|Any CPU = Release|Any CPU
	EndGlobalSection
	GlobalSection(ProjectConfigurationPlatforms) = postSolution
		{B45D4E5D-1650-4B68-A59E-460F79ED8787}.Debug|Any CPU.ActiveCfg = Debug|Any CPU
		{B45D4E5D-1650-4B68-A59E-460F79ED8787}.Debug|Any CPU.Build.0 = Debug|Any CPU
		{B45D4E5D-1650-4B68-A59E-460F79ED8787}.Release|Any CPU.ActiveCfg = Release|Any CPU
		{B45D4E5D-1650-4B68-A59E-460F79ED8787}.Release|Any CPU.Build.0 = Release|Any CPU
		{F7048DED-95E9-416C-BE6C-DA479E488F33}.Debug|Any CPU.ActiveCfg = Debug|Any CPU
		{F7048DED-95E9-416C-BE6C-DA479E488F33}.Debug|Any CPU.Build.0 = Debug|Any CPU
		{F7048DED-95E9-416C-BE6C-DA479E488F33}.Release|Any CPU.ActiveCfg = Release|Any CPU
		{F7048DED-95E9-416C-BE6C-DA479E488F33}.Release|Any CPU.Build.0 = Release|Any CPU
	EndGlobalSection
	GlobalSection(SolutionProperties) = preSolution
		HideSolutionNode = FALSE
	EndGlobalSection
EndGlobal
