
Microsoft Visual Studio Solution File, Format Version 12.00
# Visual Studio Version 16
VisualStudioVersion = 16.0.29613.14
MinimumVisualStudioVersion = 10.0.40219.1
Project("{FAE04EC0-301F-11D3-BF4B-00C04F79EFBC}") = "Calculator", "Calculator\Calculator.csproj", "{AE09CACF-9A8A-4342-8E9A-3C19033FC309}"
EndProject
Project("{FAE04EC0-301F-11D3-BF4B-00C04F79EFBC}") = "DesktopClip", "DesktopClip\DesktopClip.csproj", "{96B30809-7A68-4818-AC5B-EE1D478FADA7}"
EndProject
Project("{FAE04EC0-301F-11D3-BF4B-00C04F79EFBC}") = "GasWebBrowser", "GasWebBrowser\GasWebBrowser.csproj", "{0D3834E2-B341-41A4-AEF9-1FF3AEE93A47}"
EndProject
Project("{FAE04EC0-301F-11D3-BF4B-00C04F79EFBC}") = "NoPressNoWrite", "NotePad+\NoPressNoWrite.csproj", "{2B9B0089-B7B0-4884-8271-36F011687ADE}"
EndProject
Project("{FAE04EC0-301F-11D3-BF4B-00C04F79EFBC}") = "MediaPlayer", "MediaPlayer\MediaPlayer.csproj", "{06F0C5D4-4B88-4A5D-8131-896839C0F94B}"
EndProject
Project("{FAE04EC0-301F-11D3-BF4B-00C04F79EFBC}") = "OSH", "OSH\OSH.csproj", "{A97EE88A-F6E3-46F2-B6D2-79687D14CA88}"
EndProject
Project("{FAE04EC0-301F-11D3-BF4B-00C04F79EFBC}") = "PublicControls", "PublicControls\PublicControls.csproj", "{E1EADA9F-82D3-4508-A7B0-B5D6C4EAE636}"
EndProject
Project("{FAE04EC0-301F-11D3-BF4B-00C04F79EFBC}") = "Service", "Service\Service.csproj", "{037CB02A-F081-4845-A050-40DF4C31F55D}"
EndProject
Project("{E24C65DC-7377-472B-9ABA-BC803B73C61A}") = "", "..\IgnoreShadow\Website\", "{B41ACCB4-C56C-4EE0-8975-31E349A9E195}"
	ProjectSection(WebsiteProperties) = preProject
		TargetFrameworkMoniker = ".NETFramework,Version%3Dv4.0"
		Debug.AspNetCompiler.VirtualPath = "/localhost_52039"
		Debug.AspNetCompiler.PhysicalPath = "..\IgnoreShadow\Website\"
		Debug.AspNetCompiler.TargetPath = "PrecompiledWeb\localhost_52039\"
		Debug.AspNetCompiler.Updateable = "true"
		Debug.AspNetCompiler.ForceOverwrite = "true"
		Debug.AspNetCompiler.FixedNames = "false"
		Debug.AspNetCompiler.Debug = "True"
		Release.AspNetCompiler.VirtualPath = "/localhost_52039"
		Release.AspNetCompiler.PhysicalPath = "..\IgnoreShadow\Website\"
		Release.AspNetCompiler.TargetPath = "PrecompiledWeb\localhost_52039\"
		Release.AspNetCompiler.Updateable = "true"
		Release.AspNetCompiler.ForceOverwrite = "true"
		Release.AspNetCompiler.FixedNames = "false"
		Release.AspNetCompiler.Debug = "False"
		VWDPort = "52039"
	EndProjectSection
EndProject
Project("{FAE04EC0-301F-11D3-BF4B-00C04F79EFBC}") = "ManageCenter", "ManageCenter\ManageCenter.csproj", "{38D0E53A-3CD2-4A4B-A3C2-B053C687DA8B}"
EndProject
Project("{FAE04EC0-301F-11D3-BF4B-00C04F79EFBC}") = "CenterUWP", "CenterUWP\CenterUWP.csproj", "{38ABD2BD-5C5E-4421-93EF-3BEED43C230C}"
EndProject
Global
	GlobalSection(SolutionConfigurationPlatforms) = preSolution
		Debug|Any CPU = Debug|Any CPU
		Debug|ARM = Debug|ARM
		Debug|ARM64 = Debug|ARM64
		Debug|x64 = Debug|x64
		Debug|x86 = Debug|x86
		Release|Any CPU = Release|Any CPU
		Release|ARM = Release|ARM
		Release|ARM64 = Release|ARM64
		Release|x64 = Release|x64
		Release|x86 = Release|x86
	EndGlobalSection
	GlobalSection(ProjectConfigurationPlatforms) = postSolution
		{AE09CACF-9A8A-4342-8E9A-3C19033FC309}.Debug|Any CPU.ActiveCfg = Debug|Any CPU
		{AE09CACF-9A8A-4342-8E9A-3C19033FC309}.Debug|Any CPU.Build.0 = Debug|Any CPU
		{AE09CACF-9A8A-4342-8E9A-3C19033FC309}.Debug|ARM.ActiveCfg = Debug|Any CPU
		{AE09CACF-9A8A-4342-8E9A-3C19033FC309}.Debug|ARM.Build.0 = Debug|Any CPU
		{AE09CACF-9A8A-4342-8E9A-3C19033FC309}.Debug|ARM64.ActiveCfg = Debug|Any CPU
		{AE09CACF-9A8A-4342-8E9A-3C19033FC309}.Debug|ARM64.Build.0 = Debug|Any CPU
		{AE09CACF-9A8A-4342-8E9A-3C19033FC309}.Debug|x64.ActiveCfg = Debug|Any CPU
		{AE09CACF-9A8A-4342-8E9A-3C19033FC309}.Debug|x64.Build.0 = Debug|Any CPU
		{AE09CACF-9A8A-4342-8E9A-3C19033FC309}.Debug|x86.ActiveCfg = Debug|Any CPU
		{AE09CACF-9A8A-4342-8E9A-3C19033FC309}.Debug|x86.Build.0 = Debug|Any CPU
		{AE09CACF-9A8A-4342-8E9A-3C19033FC309}.Release|Any CPU.ActiveCfg = Release|Any CPU
		{AE09CACF-9A8A-4342-8E9A-3C19033FC309}.Release|Any CPU.Build.0 = Release|Any CPU
		{AE09CACF-9A8A-4342-8E9A-3C19033FC309}.Release|ARM.ActiveCfg = Release|Any CPU
		{AE09CACF-9A8A-4342-8E9A-3C19033FC309}.Release|ARM.Build.0 = Release|Any CPU
		{AE09CACF-9A8A-4342-8E9A-3C19033FC309}.Release|ARM64.ActiveCfg = Release|Any CPU
		{AE09CACF-9A8A-4342-8E9A-3C19033FC309}.Release|ARM64.Build.0 = Release|Any CPU
		{AE09CACF-9A8A-4342-8E9A-3C19033FC309}.Release|x64.ActiveCfg = Release|Any CPU
		{AE09CACF-9A8A-4342-8E9A-3C19033FC309}.Release|x64.Build.0 = Release|Any CPU
		{AE09CACF-9A8A-4342-8E9A-3C19033FC309}.Release|x86.ActiveCfg = Release|Any CPU
		{AE09CACF-9A8A-4342-8E9A-3C19033FC309}.Release|x86.Build.0 = Release|Any CPU
		{96B30809-7A68-4818-AC5B-EE1D478FADA7}.Debug|Any CPU.ActiveCfg = Debug|Any CPU
		{96B30809-7A68-4818-AC5B-EE1D478FADA7}.Debug|Any CPU.Build.0 = Debug|Any CPU
		{96B30809-7A68-4818-AC5B-EE1D478FADA7}.Debug|ARM.ActiveCfg = Debug|Any CPU
		{96B30809-7A68-4818-AC5B-EE1D478FADA7}.Debug|ARM.Build.0 = Debug|Any CPU
		{96B30809-7A68-4818-AC5B-EE1D478FADA7}.Debug|ARM64.ActiveCfg = Debug|Any CPU
		{96B30809-7A68-4818-AC5B-EE1D478FADA7}.Debug|ARM64.Build.0 = Debug|Any CPU
		{96B30809-7A68-4818-AC5B-EE1D478FADA7}.Debug|x64.ActiveCfg = Debug|Any CPU
		{96B30809-7A68-4818-AC5B-EE1D478FADA7}.Debug|x64.Build.0 = Debug|Any CPU
		{96B30809-7A68-4818-AC5B-EE1D478FADA7}.Debug|x86.ActiveCfg = Debug|x86
		{96B30809-7A68-4818-AC5B-EE1D478FADA7}.Debug|x86.Build.0 = Debug|x86
		{96B30809-7A68-4818-AC5B-EE1D478FADA7}.Release|Any CPU.ActiveCfg = Release|Any CPU
		{96B30809-7A68-4818-AC5B-EE1D478FADA7}.Release|Any CPU.Build.0 = Release|Any CPU
		{96B30809-7A68-4818-AC5B-EE1D478FADA7}.Release|ARM.ActiveCfg = Release|Any CPU
		{96B30809-7A68-4818-AC5B-EE1D478FADA7}.Release|ARM.Build.0 = Release|Any CPU
		{96B30809-7A68-4818-AC5B-EE1D478FADA7}.Release|ARM64.ActiveCfg = Release|Any CPU
		{96B30809-7A68-4818-AC5B-EE1D478FADA7}.Release|ARM64.Build.0 = Release|Any CPU
		{96B30809-7A68-4818-AC5B-EE1D478FADA7}.Release|x64.ActiveCfg = Release|Any CPU
		{96B30809-7A68-4818-AC5B-EE1D478FADA7}.Release|x64.Build.0 = Release|Any CPU
		{96B30809-7A68-4818-AC5B-EE1D478FADA7}.Release|x86.ActiveCfg = Release|x86
		{96B30809-7A68-4818-AC5B-EE1D478FADA7}.Release|x86.Build.0 = Release|x86
		{0D3834E2-B341-41A4-AEF9-1FF3AEE93A47}.Debug|Any CPU.ActiveCfg = Debug|Any CPU
		{0D3834E2-B341-41A4-AEF9-1FF3AEE93A47}.Debug|Any CPU.Build.0 = Debug|Any CPU
		{0D3834E2-B341-41A4-AEF9-1FF3AEE93A47}.Debug|ARM.ActiveCfg = Debug|Any CPU
		{0D3834E2-B341-41A4-AEF9-1FF3AEE93A47}.Debug|ARM.Build.0 = Debug|Any CPU
		{0D3834E2-B341-41A4-AEF9-1FF3AEE93A47}.Debug|ARM64.ActiveCfg = Debug|Any CPU
		{0D3834E2-B341-41A4-AEF9-1FF3AEE93A47}.Debug|ARM64.Build.0 = Debug|Any CPU
		{0D3834E2-B341-41A4-AEF9-1FF3AEE93A47}.Debug|x64.ActiveCfg = Debug|Any CPU
		{0D3834E2-B341-41A4-AEF9-1FF3AEE93A47}.Debug|x64.Build.0 = Debug|Any CPU
		{0D3834E2-B341-41A4-AEF9-1FF3AEE93A47}.Debug|x86.ActiveCfg = Debug|x86
		{0D3834E2-B341-41A4-AEF9-1FF3AEE93A47}.Debug|x86.Build.0 = Debug|x86
		{0D3834E2-B341-41A4-AEF9-1FF3AEE93A47}.Release|Any CPU.ActiveCfg = Release|Any CPU
		{0D3834E2-B341-41A4-AEF9-1FF3AEE93A47}.Release|Any CPU.Build.0 = Release|Any CPU
		{0D3834E2-B341-41A4-AEF9-1FF3AEE93A47}.Release|ARM.ActiveCfg = Release|Any CPU
		{0D3834E2-B341-41A4-AEF9-1FF3AEE93A47}.Release|ARM.Build.0 = Release|Any CPU
		{0D3834E2-B341-41A4-AEF9-1FF3AEE93A47}.Release|ARM64.ActiveCfg = Release|Any CPU
		{0D3834E2-B341-41A4-AEF9-1FF3AEE93A47}.Release|ARM64.Build.0 = Release|Any CPU
		{0D3834E2-B341-41A4-AEF9-1FF3AEE93A47}.Release|x64.ActiveCfg = Release|Any CPU
		{0D3834E2-B341-41A4-AEF9-1FF3AEE93A47}.Release|x64.Build.0 = Release|Any CPU
		{0D3834E2-B341-41A4-AEF9-1FF3AEE93A47}.Release|x86.ActiveCfg = Release|x86
		{0D3834E2-B341-41A4-AEF9-1FF3AEE93A47}.Release|x86.Build.0 = Release|x86
		{2B9B0089-B7B0-4884-8271-36F011687ADE}.Debug|Any CPU.ActiveCfg = Debug|Any CPU
		{2B9B0089-B7B0-4884-8271-36F011687ADE}.Debug|Any CPU.Build.0 = Debug|Any CPU
		{2B9B0089-B7B0-4884-8271-36F011687ADE}.Debug|ARM.ActiveCfg = Debug|Any CPU
		{2B9B0089-B7B0-4884-8271-36F011687ADE}.Debug|ARM.Build.0 = Debug|Any CPU
		{2B9B0089-B7B0-4884-8271-36F011687ADE}.Debug|ARM64.ActiveCfg = Debug|Any CPU
		{2B9B0089-B7B0-4884-8271-36F011687ADE}.Debug|ARM64.Build.0 = Debug|Any CPU
		{2B9B0089-B7B0-4884-8271-36F011687ADE}.Debug|x64.ActiveCfg = Debug|Any CPU
		{2B9B0089-B7B0-4884-8271-36F011687ADE}.Debug|x64.Build.0 = Debug|Any CPU
		{2B9B0089-B7B0-4884-8271-36F011687ADE}.Debug|x86.ActiveCfg = Debug|Any CPU
		{2B9B0089-B7B0-4884-8271-36F011687ADE}.Debug|x86.Build.0 = Debug|Any CPU
		{2B9B0089-B7B0-4884-8271-36F011687ADE}.Release|Any CPU.ActiveCfg = Release|Any CPU
		{2B9B0089-B7B0-4884-8271-36F011687ADE}.Release|Any CPU.Build.0 = Release|Any CPU
		{2B9B0089-B7B0-4884-8271-36F011687ADE}.Release|ARM.ActiveCfg = Release|Any CPU
		{2B9B0089-B7B0-4884-8271-36F011687ADE}.Release|ARM.Build.0 = Release|Any CPU
		{2B9B0089-B7B0-4884-8271-36F011687ADE}.Release|ARM64.ActiveCfg = Release|Any CPU
		{2B9B0089-B7B0-4884-8271-36F011687ADE}.Release|ARM64.Build.0 = Release|Any CPU
		{2B9B0089-B7B0-4884-8271-36F011687ADE}.Release|x64.ActiveCfg = Release|Any CPU
		{2B9B0089-B7B0-4884-8271-36F011687ADE}.Release|x64.Build.0 = Release|Any CPU
		{2B9B0089-B7B0-4884-8271-36F011687ADE}.Release|x86.ActiveCfg = Release|Any CPU
		{2B9B0089-B7B0-4884-8271-36F011687ADE}.Release|x86.Build.0 = Release|Any CPU
		{06F0C5D4-4B88-4A5D-8131-896839C0F94B}.Debug|Any CPU.ActiveCfg = Debug|Any CPU
		{06F0C5D4-4B88-4A5D-8131-896839C0F94B}.Debug|Any CPU.Build.0 = Debug|Any CPU
		{06F0C5D4-4B88-4A5D-8131-896839C0F94B}.Debug|ARM.ActiveCfg = Debug|Any CPU
		{06F0C5D4-4B88-4A5D-8131-896839C0F94B}.Debug|ARM.Build.0 = Debug|Any CPU
		{06F0C5D4-4B88-4A5D-8131-896839C0F94B}.Debug|ARM64.ActiveCfg = Debug|Any CPU
		{06F0C5D4-4B88-4A5D-8131-896839C0F94B}.Debug|ARM64.Build.0 = Debug|Any CPU
		{06F0C5D4-4B88-4A5D-8131-896839C0F94B}.Debug|x64.ActiveCfg = Debug|Any CPU
		{06F0C5D4-4B88-4A5D-8131-896839C0F94B}.Debug|x64.Build.0 = Debug|Any CPU
		{06F0C5D4-4B88-4A5D-8131-896839C0F94B}.Debug|x86.ActiveCfg = Debug|x86
		{06F0C5D4-4B88-4A5D-8131-896839C0F94B}.Debug|x86.Build.0 = Debug|x86
		{06F0C5D4-4B88-4A5D-8131-896839C0F94B}.Release|Any CPU.ActiveCfg = Release|Any CPU
		{06F0C5D4-4B88-4A5D-8131-896839C0F94B}.Release|Any CPU.Build.0 = Release|Any CPU
		{06F0C5D4-4B88-4A5D-8131-896839C0F94B}.Release|ARM.ActiveCfg = Release|Any CPU
		{06F0C5D4-4B88-4A5D-8131-896839C0F94B}.Release|ARM.Build.0 = Release|Any CPU
		{06F0C5D4-4B88-4A5D-8131-896839C0F94B}.Release|ARM64.ActiveCfg = Release|Any CPU
		{06F0C5D4-4B88-4A5D-8131-896839C0F94B}.Release|ARM64.Build.0 = Release|Any CPU
		{06F0C5D4-4B88-4A5D-8131-896839C0F94B}.Release|x64.ActiveCfg = Release|Any CPU
		{06F0C5D4-4B88-4A5D-8131-896839C0F94B}.Release|x64.Build.0 = Release|Any CPU
		{06F0C5D4-4B88-4A5D-8131-896839C0F94B}.Release|x86.ActiveCfg = Release|x86
		{06F0C5D4-4B88-4A5D-8131-896839C0F94B}.Release|x86.Build.0 = Release|x86
		{A97EE88A-F6E3-46F2-B6D2-79687D14CA88}.Debug|Any CPU.ActiveCfg = Debug|Any CPU
		{A97EE88A-F6E3-46F2-B6D2-79687D14CA88}.Debug|Any CPU.Build.0 = Debug|Any CPU
		{A97EE88A-F6E3-46F2-B6D2-79687D14CA88}.Debug|ARM.ActiveCfg = Debug|Any CPU
		{A97EE88A-F6E3-46F2-B6D2-79687D14CA88}.Debug|ARM.Build.0 = Debug|Any CPU
		{A97EE88A-F6E3-46F2-B6D2-79687D14CA88}.Debug|ARM64.ActiveCfg = Debug|Any CPU
		{A97EE88A-F6E3-46F2-B6D2-79687D14CA88}.Debug|ARM64.Build.0 = Debug|Any CPU
		{A97EE88A-F6E3-46F2-B6D2-79687D14CA88}.Debug|x64.ActiveCfg = Debug|x64
		{A97EE88A-F6E3-46F2-B6D2-79687D14CA88}.Debug|x64.Build.0 = Debug|x64
		{A97EE88A-F6E3-46F2-B6D2-79687D14CA88}.Debug|x86.ActiveCfg = Debug|x86
		{A97EE88A-F6E3-46F2-B6D2-79687D14CA88}.Debug|x86.Build.0 = Debug|x86
		{A97EE88A-F6E3-46F2-B6D2-79687D14CA88}.Release|Any CPU.ActiveCfg = Release|Any CPU
		{A97EE88A-F6E3-46F2-B6D2-79687D14CA88}.Release|Any CPU.Build.0 = Release|Any CPU
		{A97EE88A-F6E3-46F2-B6D2-79687D14CA88}.Release|ARM.ActiveCfg = Release|Any CPU
		{A97EE88A-F6E3-46F2-B6D2-79687D14CA88}.Release|ARM.Build.0 = Release|Any CPU
		{A97EE88A-F6E3-46F2-B6D2-79687D14CA88}.Release|ARM64.ActiveCfg = Release|Any CPU
		{A97EE88A-F6E3-46F2-B6D2-79687D14CA88}.Release|ARM64.Build.0 = Release|Any CPU
		{A97EE88A-F6E3-46F2-B6D2-79687D14CA88}.Release|x64.ActiveCfg = Release|x64
		{A97EE88A-F6E3-46F2-B6D2-79687D14CA88}.Release|x64.Build.0 = Release|x64
		{A97EE88A-F6E3-46F2-B6D2-79687D14CA88}.Release|x86.ActiveCfg = Release|x86
		{A97EE88A-F6E3-46F2-B6D2-79687D14CA88}.Release|x86.Build.0 = Release|x86
		{E1EADA9F-82D3-4508-A7B0-B5D6C4EAE636}.Debug|Any CPU.ActiveCfg = Debug|Any CPU
		{E1EADA9F-82D3-4508-A7B0-B5D6C4EAE636}.Debug|Any CPU.Build.0 = Debug|Any CPU
		{E1EADA9F-82D3-4508-A7B0-B5D6C4EAE636}.Debug|ARM.ActiveCfg = Debug|Any CPU
		{E1EADA9F-82D3-4508-A7B0-B5D6C4EAE636}.Debug|ARM.Build.0 = Debug|Any CPU
		{E1EADA9F-82D3-4508-A7B0-B5D6C4EAE636}.Debug|ARM64.ActiveCfg = Debug|Any CPU
		{E1EADA9F-82D3-4508-A7B0-B5D6C4EAE636}.Debug|ARM64.Build.0 = Debug|Any CPU
		{E1EADA9F-82D3-4508-A7B0-B5D6C4EAE636}.Debug|x64.ActiveCfg = Debug|Any CPU
		{E1EADA9F-82D3-4508-A7B0-B5D6C4EAE636}.Debug|x64.Build.0 = Debug|Any CPU
		{E1EADA9F-82D3-4508-A7B0-B5D6C4EAE636}.Debug|x86.ActiveCfg = Debug|Any CPU
		{E1EADA9F-82D3-4508-A7B0-B5D6C4EAE636}.Debug|x86.Build.0 = Debug|Any CPU
		{E1EADA9F-82D3-4508-A7B0-B5D6C4EAE636}.Release|Any CPU.ActiveCfg = Release|Any CPU
		{E1EADA9F-82D3-4508-A7B0-B5D6C4EAE636}.Release|Any CPU.Build.0 = Release|Any CPU
		{E1EADA9F-82D3-4508-A7B0-B5D6C4EAE636}.Release|ARM.ActiveCfg = Release|Any CPU
		{E1EADA9F-82D3-4508-A7B0-B5D6C4EAE636}.Release|ARM.Build.0 = Release|Any CPU
		{E1EADA9F-82D3-4508-A7B0-B5D6C4EAE636}.Release|ARM64.ActiveCfg = Release|Any CPU
		{E1EADA9F-82D3-4508-A7B0-B5D6C4EAE636}.Release|ARM64.Build.0 = Release|Any CPU
		{E1EADA9F-82D3-4508-A7B0-B5D6C4EAE636}.Release|x64.ActiveCfg = Release|Any CPU
		{E1EADA9F-82D3-4508-A7B0-B5D6C4EAE636}.Release|x64.Build.0 = Release|Any CPU
		{E1EADA9F-82D3-4508-A7B0-B5D6C4EAE636}.Release|x86.ActiveCfg = Release|Any CPU
		{E1EADA9F-82D3-4508-A7B0-B5D6C4EAE636}.Release|x86.Build.0 = Release|Any CPU
		{037CB02A-F081-4845-A050-40DF4C31F55D}.Debug|Any CPU.ActiveCfg = Debug|Any CPU
		{037CB02A-F081-4845-A050-40DF4C31F55D}.Debug|Any CPU.Build.0 = Debug|Any CPU
		{037CB02A-F081-4845-A050-40DF4C31F55D}.Debug|ARM.ActiveCfg = Debug|Any CPU
		{037CB02A-F081-4845-A050-40DF4C31F55D}.Debug|ARM.Build.0 = Debug|Any CPU
		{037CB02A-F081-4845-A050-40DF4C31F55D}.Debug|ARM64.ActiveCfg = Debug|Any CPU
		{037CB02A-F081-4845-A050-40DF4C31F55D}.Debug|ARM64.Build.0 = Debug|Any CPU
		{037CB02A-F081-4845-A050-40DF4C31F55D}.Debug|x64.ActiveCfg = Debug|Any CPU
		{037CB02A-F081-4845-A050-40DF4C31F55D}.Debug|x64.Build.0 = Debug|Any CPU
		{037CB02A-F081-4845-A050-40DF4C31F55D}.Debug|x86.ActiveCfg = Debug|Any CPU
		{037CB02A-F081-4845-A050-40DF4C31F55D}.Debug|x86.Build.0 = Debug|Any CPU
		{037CB02A-F081-4845-A050-40DF4C31F55D}.Release|Any CPU.ActiveCfg = Release|Any CPU
		{037CB02A-F081-4845-A050-40DF4C31F55D}.Release|Any CPU.Build.0 = Release|Any CPU
		{037CB02A-F081-4845-A050-40DF4C31F55D}.Release|ARM.ActiveCfg = Release|Any CPU
		{037CB02A-F081-4845-A050-40DF4C31F55D}.Release|ARM.Build.0 = Release|Any CPU
		{037CB02A-F081-4845-A050-40DF4C31F55D}.Release|ARM64.ActiveCfg = Release|Any CPU
		{037CB02A-F081-4845-A050-40DF4C31F55D}.Release|ARM64.Build.0 = Release|Any CPU
		{037CB02A-F081-4845-A050-40DF4C31F55D}.Release|x64.ActiveCfg = Release|Any CPU
		{037CB02A-F081-4845-A050-40DF4C31F55D}.Release|x64.Build.0 = Release|Any CPU
		{037CB02A-F081-4845-A050-40DF4C31F55D}.Release|x86.ActiveCfg = Release|Any CPU
		{037CB02A-F081-4845-A050-40DF4C31F55D}.Release|x86.Build.0 = Release|Any CPU
		{B41ACCB4-C56C-4EE0-8975-31E349A9E195}.Debug|Any CPU.ActiveCfg = Debug|Any CPU
		{B41ACCB4-C56C-4EE0-8975-31E349A9E195}.Debug|Any CPU.Build.0 = Debug|Any CPU
		{B41ACCB4-C56C-4EE0-8975-31E349A9E195}.Debug|ARM.ActiveCfg = Debug|Any CPU
		{B41ACCB4-C56C-4EE0-8975-31E349A9E195}.Debug|ARM.Build.0 = Debug|Any CPU
		{B41ACCB4-C56C-4EE0-8975-31E349A9E195}.Debug|ARM64.ActiveCfg = Debug|Any CPU
		{B41ACCB4-C56C-4EE0-8975-31E349A9E195}.Debug|ARM64.Build.0 = Debug|Any CPU
		{B41ACCB4-C56C-4EE0-8975-31E349A9E195}.Debug|x64.ActiveCfg = Debug|Any CPU
		{B41ACCB4-C56C-4EE0-8975-31E349A9E195}.Debug|x64.Build.0 = Debug|Any CPU
		{B41ACCB4-C56C-4EE0-8975-31E349A9E195}.Debug|x86.ActiveCfg = Debug|Any CPU
		{B41ACCB4-C56C-4EE0-8975-31E349A9E195}.Debug|x86.Build.0 = Debug|Any CPU
		{B41ACCB4-C56C-4EE0-8975-31E349A9E195}.Release|Any CPU.ActiveCfg = Debug|Any CPU
		{B41ACCB4-C56C-4EE0-8975-31E349A9E195}.Release|Any CPU.Build.0 = Debug|Any CPU
		{B41ACCB4-C56C-4EE0-8975-31E349A9E195}.Release|ARM.ActiveCfg = Debug|Any CPU
		{B41ACCB4-C56C-4EE0-8975-31E349A9E195}.Release|ARM.Build.0 = Debug|Any CPU
		{B41ACCB4-C56C-4EE0-8975-31E349A9E195}.Release|ARM64.ActiveCfg = Debug|Any CPU
		{B41ACCB4-C56C-4EE0-8975-31E349A9E195}.Release|ARM64.Build.0 = Debug|Any CPU
		{B41ACCB4-C56C-4EE0-8975-31E349A9E195}.Release|x64.ActiveCfg = Debug|Any CPU
		{B41ACCB4-C56C-4EE0-8975-31E349A9E195}.Release|x64.Build.0 = Debug|Any CPU
		{B41ACCB4-C56C-4EE0-8975-31E349A9E195}.Release|x86.ActiveCfg = Debug|Any CPU
		{B41ACCB4-C56C-4EE0-8975-31E349A9E195}.Release|x86.Build.0 = Debug|Any CPU
		{38D0E53A-3CD2-4A4B-A3C2-B053C687DA8B}.Debug|Any CPU.ActiveCfg = Debug|Any CPU
		{38D0E53A-3CD2-4A4B-A3C2-B053C687DA8B}.Debug|Any CPU.Build.0 = Debug|Any CPU
		{38D0E53A-3CD2-4A4B-A3C2-B053C687DA8B}.Debug|ARM.ActiveCfg = Debug|Any CPU
		{38D0E53A-3CD2-4A4B-A3C2-B053C687DA8B}.Debug|ARM.Build.0 = Debug|Any CPU
		{38D0E53A-3CD2-4A4B-A3C2-B053C687DA8B}.Debug|ARM64.ActiveCfg = Debug|Any CPU
		{38D0E53A-3CD2-4A4B-A3C2-B053C687DA8B}.Debug|ARM64.Build.0 = Debug|Any CPU
		{38D0E53A-3CD2-4A4B-A3C2-B053C687DA8B}.Debug|x64.ActiveCfg = Debug|Any CPU
		{38D0E53A-3CD2-4A4B-A3C2-B053C687DA8B}.Debug|x64.Build.0 = Debug|Any CPU
		{38D0E53A-3CD2-4A4B-A3C2-B053C687DA8B}.Debug|x86.ActiveCfg = Debug|Any CPU
		{38D0E53A-3CD2-4A4B-A3C2-B053C687DA8B}.Debug|x86.Build.0 = Debug|Any CPU
		{38D0E53A-3CD2-4A4B-A3C2-B053C687DA8B}.Release|Any CPU.ActiveCfg = Release|Any CPU
		{38D0E53A-3CD2-4A4B-A3C2-B053C687DA8B}.Release|Any CPU.Build.0 = Release|Any CPU
		{38D0E53A-3CD2-4A4B-A3C2-B053C687DA8B}.Release|ARM.ActiveCfg = Release|Any CPU
		{38D0E53A-3CD2-4A4B-A3C2-B053C687DA8B}.Release|ARM.Build.0 = Release|Any CPU
		{38D0E53A-3CD2-4A4B-A3C2-B053C687DA8B}.Release|ARM64.ActiveCfg = Release|Any CPU
		{38D0E53A-3CD2-4A4B-A3C2-B053C687DA8B}.Release|ARM64.Build.0 = Release|Any CPU
		{38D0E53A-3CD2-4A4B-A3C2-B053C687DA8B}.Release|x64.ActiveCfg = Release|Any CPU
		{38D0E53A-3CD2-4A4B-A3C2-B053C687DA8B}.Release|x64.Build.0 = Release|Any CPU
		{38D0E53A-3CD2-4A4B-A3C2-B053C687DA8B}.Release|x86.ActiveCfg = Release|Any CPU
		{38D0E53A-3CD2-4A4B-A3C2-B053C687DA8B}.Release|x86.Build.0 = Release|Any CPU
		{38ABD2BD-5C5E-4421-93EF-3BEED43C230C}.Debug|Any CPU.ActiveCfg = Debug|x86
		{38ABD2BD-5C5E-4421-93EF-3BEED43C230C}.Debug|ARM.ActiveCfg = Debug|ARM
		{38ABD2BD-5C5E-4421-93EF-3BEED43C230C}.Debug|ARM.Build.0 = Debug|ARM
		{38ABD2BD-5C5E-4421-93EF-3BEED43C230C}.Debug|ARM.Deploy.0 = Debug|ARM
		{38ABD2BD-5C5E-4421-93EF-3BEED43C230C}.Debug|ARM64.ActiveCfg = Debug|ARM64
		{38ABD2BD-5C5E-4421-93EF-3BEED43C230C}.Debug|ARM64.Build.0 = Debug|ARM64
		{38ABD2BD-5C5E-4421-93EF-3BEED43C230C}.Debug|ARM64.Deploy.0 = Debug|ARM64
		{38ABD2BD-5C5E-4421-93EF-3BEED43C230C}.Debug|x64.ActiveCfg = Debug|x64
		{38ABD2BD-5C5E-4421-93EF-3BEED43C230C}.Debug|x64.Build.0 = Debug|x64
		{38ABD2BD-5C5E-4421-93EF-3BEED43C230C}.Debug|x64.Deploy.0 = Debug|x64
		{38ABD2BD-5C5E-4421-93EF-3BEED43C230C}.Debug|x86.ActiveCfg = Debug|x86
		{38ABD2BD-5C5E-4421-93EF-3BEED43C230C}.Debug|x86.Build.0 = Debug|x86
		{38ABD2BD-5C5E-4421-93EF-3BEED43C230C}.Debug|x86.Deploy.0 = Debug|x86
		{38ABD2BD-5C5E-4421-93EF-3BEED43C230C}.Release|Any CPU.ActiveCfg = Release|x86
		{38ABD2BD-5C5E-4421-93EF-3BEED43C230C}.Release|ARM.ActiveCfg = Release|ARM
		{38ABD2BD-5C5E-4421-93EF-3BEED43C230C}.Release|ARM.Build.0 = Release|ARM
		{38ABD2BD-5C5E-4421-93EF-3BEED43C230C}.Release|ARM.Deploy.0 = Release|ARM
		{38ABD2BD-5C5E-4421-93EF-3BEED43C230C}.Release|ARM64.ActiveCfg = Release|ARM64
		{38ABD2BD-5C5E-4421-93EF-3BEED43C230C}.Release|ARM64.Build.0 = Release|ARM64
		{38ABD2BD-5C5E-4421-93EF-3BEED43C230C}.Release|ARM64.Deploy.0 = Release|ARM64
		{38ABD2BD-5C5E-4421-93EF-3BEED43C230C}.Release|x64.ActiveCfg = Release|x64
		{38ABD2BD-5C5E-4421-93EF-3BEED43C230C}.Release|x64.Build.0 = Release|x64
		{38ABD2BD-5C5E-4421-93EF-3BEED43C230C}.Release|x64.Deploy.0 = Release|x64
		{38ABD2BD-5C5E-4421-93EF-3BEED43C230C}.Release|x86.ActiveCfg = Release|x86
		{38ABD2BD-5C5E-4421-93EF-3BEED43C230C}.Release|x86.Build.0 = Release|x86
		{38ABD2BD-5C5E-4421-93EF-3BEED43C230C}.Release|x86.Deploy.0 = Release|x86
	EndGlobalSection
	GlobalSection(SolutionProperties) = preSolution
		HideSolutionNode = FALSE
	EndGlobalSection
	GlobalSection(ExtensibilityGlobals) = postSolution
		SolutionGuid = {36AD91AE-FDA1-43EB-BD09-E68CED11EE36}
	EndGlobalSection
EndGlobal
