
Microsoft Visual Studio Solution File, Format Version 12.00
# Visual Studio Version 16
VisualStudioVersion = 16.0.29613.14
MinimumVisualStudioVersion = 10.0.40219.1
Project("{FAE04EC0-301F-11D3-BF4B-00C04F79EFBC}") = "Center", "Center\Center.csproj", "{78DEBDD6-3846-486E-BEDA-BBA40A28D054}"
EndProject
Project("{2150E333-8FDC-42A3-9474-1A3956D46DE8}") = "SubItem", "SubItem", "{BBFECEF4-C6CC-4809-A42F-B17C7822C05F}"
EndProject
Project("{9A19103F-16F7-4668-BE54-9A1E7A4F7556}") = "Observe", "Observe\Observe.csproj", "{1F2C51FD-4F9B-4F35-8966-AE4244FCE0AD}"
EndProject
Project("{2150E333-8FDC-42A3-9474-1A3956D46DE8}") = "SizenItems", "SizenItems", "{6F2F097A-2984-451B-91AE-8A8CE79B63F2}"
EndProject
Project("{FAE04EC0-301F-11D3-BF4B-00C04F79EFBC}") = "签到积分", "SubItem\SizenItems\签到积分\签到积分.csproj", "{B3768AF8-F6F0-42DB-B9A4-13F00B19765B}"
EndProject
Project("{FAE04EC0-301F-11D3-BF4B-00C04F79EFBC}") = "AppTool", "AppTool\AppTool.csproj", "{5404D226-2763-49F4-BAD8-313C39CA0314}"
EndProject
Project("{2150E333-8FDC-42A3-9474-1A3956D46DE8}") = "Learn", "Learn", "{F24B2B22-C009-407F-92A6-66A9E58C5AFA}"
EndProject
Project("{FAE04EC0-301F-11D3-BF4B-00C04F79EFBC}") = "SocketServerDemo", "Learn\SocketServerDemo\SocketServerDemo.csproj", "{F5871092-459A-42BA-A2EE-E035147DAADB}"
EndProject
Project("{FAE04EC0-301F-11D3-BF4B-00C04F79EFBC}") = "SocketClientDemo", "Learn\SocketClientDemo\SocketClientDemo.csproj", "{A2D5240A-90BC-451A-B3C8-B2F9F5BB81F0}"
EndProject
Project("{2150E333-8FDC-42A3-9474-1A3956D46DE8}") = "TeamC", "TeamC", "{BA343373-F47A-418F-ABB4-03E784B37171}"
EndProject
Project("{FAE04EC0-301F-11D3-BF4B-00C04F79EFBC}") = "TeamC", "SubItem\SizenItems\TeamC\TeamC\TeamC.csproj", "{0B1B480A-2F8C-4A87-9DF7-F6609A52567B}"
EndProject
Project("{FAE04EC0-301F-11D3-BF4B-00C04F79EFBC}") = "TeamC-Serve", "SubItem\SizenItems\TeamC\TeamC-Serve\TeamC-Serve.csproj", "{A9339D0B-0EB9-468F-B5FD-011100429019}"
EndProject
Project("{FAE04EC0-301F-11D3-BF4B-00C04F79EFBC}") = "Temp", "Learn\Temp\Temp.csproj", "{A53BF004-E39A-4057-B83A-5A5E6B318ED0}"
EndProject
Project("{2150E333-8FDC-42A3-9474-1A3956D46DE8}") = "Test And Learn", "Test And Learn", "{B1881580-9AAF-430E-811F-7555EA30EF8B}"
EndProject
Project("{FAE04EC0-301F-11D3-BF4B-00C04F79EFBC}") = "Test", "Test And Learn\Test\Test.csproj", "{CCEB1593-F233-40F4-9F39-66B9C3194C72}"
EndProject
Global
	GlobalSection(SolutionConfigurationPlatforms) = preSolution
		Debug|Any CPU = Debug|Any CPU
		Debug|ARM = Debug|ARM
		Debug|ARM64 = Debug|ARM64
		Debug|x64 = Debug|x64
		Debug|x86 = Debug|x86
		Release|Any CPU = Release|Any CPU
		Release|ARM = Release|ARM
		Release|ARM64 = Release|ARM64
		Release|x64 = Release|x64
		Release|x86 = Release|x86
	EndGlobalSection
	GlobalSection(ProjectConfigurationPlatforms) = postSolution
		{78DEBDD6-3846-486E-BEDA-BBA40A28D054}.Debug|Any CPU.ActiveCfg = Debug|x86
		{78DEBDD6-3846-486E-BEDA-BBA40A28D054}.Debug|ARM.ActiveCfg = Debug|x86
		{78DEBDD6-3846-486E-BEDA-BBA40A28D054}.Debug|ARM64.ActiveCfg = Debug|x86
		{78DEBDD6-3846-486E-BEDA-BBA40A28D054}.Debug|x64.ActiveCfg = Debug|x86
		{78DEBDD6-3846-486E-BEDA-BBA40A28D054}.Debug|x86.ActiveCfg = Debug|x86
		{78DEBDD6-3846-486E-BEDA-BBA40A28D054}.Debug|x86.Build.0 = Debug|x86
		{78DEBDD6-3846-486E-BEDA-BBA40A28D054}.Release|Any CPU.ActiveCfg = Release|x86
		{78DEBDD6-3846-486E-BEDA-BBA40A28D054}.Release|ARM.ActiveCfg = Release|x86
		{78DEBDD6-3846-486E-BEDA-BBA40A28D054}.Release|ARM64.ActiveCfg = Release|x86
		{78DEBDD6-3846-486E-BEDA-BBA40A28D054}.Release|x64.ActiveCfg = Release|x86
		{78DEBDD6-3846-486E-BEDA-BBA40A28D054}.Release|x86.ActiveCfg = Release|x86
		{78DEBDD6-3846-486E-BEDA-BBA40A28D054}.Release|x86.Build.0 = Release|x86
		{1F2C51FD-4F9B-4F35-8966-AE4244FCE0AD}.Debug|Any CPU.ActiveCfg = Debug|Any CPU
		{1F2C51FD-4F9B-4F35-8966-AE4244FCE0AD}.Debug|Any CPU.Build.0 = Debug|Any CPU
		{1F2C51FD-4F9B-4F35-8966-AE4244FCE0AD}.Debug|ARM.ActiveCfg = Debug|Any CPU
		{1F2C51FD-4F9B-4F35-8966-AE4244FCE0AD}.Debug|ARM.Build.0 = Debug|Any CPU
		{1F2C51FD-4F9B-4F35-8966-AE4244FCE0AD}.Debug|ARM64.ActiveCfg = Debug|Any CPU
		{1F2C51FD-4F9B-4F35-8966-AE4244FCE0AD}.Debug|ARM64.Build.0 = Debug|Any CPU
		{1F2C51FD-4F9B-4F35-8966-AE4244FCE0AD}.Debug|x64.ActiveCfg = Debug|Any CPU
		{1F2C51FD-4F9B-4F35-8966-AE4244FCE0AD}.Debug|x64.Build.0 = Debug|Any CPU
		{1F2C51FD-4F9B-4F35-8966-AE4244FCE0AD}.Debug|x86.ActiveCfg = Debug|x86
		{1F2C51FD-4F9B-4F35-8966-AE4244FCE0AD}.Debug|x86.Build.0 = Debug|x86
		{1F2C51FD-4F9B-4F35-8966-AE4244FCE0AD}.Release|Any CPU.ActiveCfg = Release|Any CPU
		{1F2C51FD-4F9B-4F35-8966-AE4244FCE0AD}.Release|Any CPU.Build.0 = Release|Any CPU
		{1F2C51FD-4F9B-4F35-8966-AE4244FCE0AD}.Release|ARM.ActiveCfg = Release|Any CPU
		{1F2C51FD-4F9B-4F35-8966-AE4244FCE0AD}.Release|ARM.Build.0 = Release|Any CPU
		{1F2C51FD-4F9B-4F35-8966-AE4244FCE0AD}.Release|ARM64.ActiveCfg = Release|Any CPU
		{1F2C51FD-4F9B-4F35-8966-AE4244FCE0AD}.Release|ARM64.Build.0 = Release|Any CPU
		{1F2C51FD-4F9B-4F35-8966-AE4244FCE0AD}.Release|x64.ActiveCfg = Release|Any CPU
		{1F2C51FD-4F9B-4F35-8966-AE4244FCE0AD}.Release|x64.Build.0 = Release|Any CPU
		{1F2C51FD-4F9B-4F35-8966-AE4244FCE0AD}.Release|x86.ActiveCfg = Release|Any CPU
		{1F2C51FD-4F9B-4F35-8966-AE4244FCE0AD}.Release|x86.Build.0 = Release|Any CPU
		{B3768AF8-F6F0-42DB-B9A4-13F00B19765B}.Debug|Any CPU.ActiveCfg = Debug|x86
		{B3768AF8-F6F0-42DB-B9A4-13F00B19765B}.Debug|ARM.ActiveCfg = Debug|x86
		{B3768AF8-F6F0-42DB-B9A4-13F00B19765B}.Debug|ARM64.ActiveCfg = Debug|x86
		{B3768AF8-F6F0-42DB-B9A4-13F00B19765B}.Debug|x64.ActiveCfg = Debug|x64
		{B3768AF8-F6F0-42DB-B9A4-13F00B19765B}.Debug|x64.Build.0 = Debug|x64
		{B3768AF8-F6F0-42DB-B9A4-13F00B19765B}.Debug|x86.ActiveCfg = Debug|x86
		{B3768AF8-F6F0-42DB-B9A4-13F00B19765B}.Debug|x86.Build.0 = Debug|x86
		{B3768AF8-F6F0-42DB-B9A4-13F00B19765B}.Release|Any CPU.ActiveCfg = Release|x86
		{B3768AF8-F6F0-42DB-B9A4-13F00B19765B}.Release|ARM.ActiveCfg = Release|x86
		{B3768AF8-F6F0-42DB-B9A4-13F00B19765B}.Release|ARM64.ActiveCfg = Release|x86
		{B3768AF8-F6F0-42DB-B9A4-13F00B19765B}.Release|x64.ActiveCfg = Release|x64
		{B3768AF8-F6F0-42DB-B9A4-13F00B19765B}.Release|x64.Build.0 = Release|x64
		{B3768AF8-F6F0-42DB-B9A4-13F00B19765B}.Release|x86.ActiveCfg = Release|x86
		{B3768AF8-F6F0-42DB-B9A4-13F00B19765B}.Release|x86.Build.0 = Release|x86
		{5404D226-2763-49F4-BAD8-313C39CA0314}.Debug|Any CPU.ActiveCfg = Debug|Any CPU
		{5404D226-2763-49F4-BAD8-313C39CA0314}.Debug|Any CPU.Build.0 = Debug|Any CPU
		{5404D226-2763-49F4-BAD8-313C39CA0314}.Debug|ARM.ActiveCfg = Debug|Any CPU
		{5404D226-2763-49F4-BAD8-313C39CA0314}.Debug|ARM.Build.0 = Debug|Any CPU
		{5404D226-2763-49F4-BAD8-313C39CA0314}.Debug|ARM64.ActiveCfg = Debug|Any CPU
		{5404D226-2763-49F4-BAD8-313C39CA0314}.Debug|ARM64.Build.0 = Debug|Any CPU
		{5404D226-2763-49F4-BAD8-313C39CA0314}.Debug|x64.ActiveCfg = Debug|Any CPU
		{5404D226-2763-49F4-BAD8-313C39CA0314}.Debug|x64.Build.0 = Debug|Any CPU
		{5404D226-2763-49F4-BAD8-313C39CA0314}.Debug|x86.ActiveCfg = Debug|Any CPU
		{5404D226-2763-49F4-BAD8-313C39CA0314}.Debug|x86.Build.0 = Debug|Any CPU
		{5404D226-2763-49F4-BAD8-313C39CA0314}.Release|Any CPU.ActiveCfg = Release|Any CPU
		{5404D226-2763-49F4-BAD8-313C39CA0314}.Release|Any CPU.Build.0 = Release|Any CPU
		{5404D226-2763-49F4-BAD8-313C39CA0314}.Release|ARM.ActiveCfg = Release|Any CPU
		{5404D226-2763-49F4-BAD8-313C39CA0314}.Release|ARM.Build.0 = Release|Any CPU
		{5404D226-2763-49F4-BAD8-313C39CA0314}.Release|ARM64.ActiveCfg = Release|Any CPU
		{5404D226-2763-49F4-BAD8-313C39CA0314}.Release|ARM64.Build.0 = Release|Any CPU
		{5404D226-2763-49F4-BAD8-313C39CA0314}.Release|x64.ActiveCfg = Release|Any CPU
		{5404D226-2763-49F4-BAD8-313C39CA0314}.Release|x64.Build.0 = Release|Any CPU
		{5404D226-2763-49F4-BAD8-313C39CA0314}.Release|x86.ActiveCfg = Release|Any CPU
		{5404D226-2763-49F4-BAD8-313C39CA0314}.Release|x86.Build.0 = Release|Any CPU
		{F5871092-459A-42BA-A2EE-E035147DAADB}.Debug|Any CPU.ActiveCfg = Debug|Any CPU
		{F5871092-459A-42BA-A2EE-E035147DAADB}.Debug|Any CPU.Build.0 = Debug|Any CPU
		{F5871092-459A-42BA-A2EE-E035147DAADB}.Debug|ARM.ActiveCfg = Debug|Any CPU
		{F5871092-459A-42BA-A2EE-E035147DAADB}.Debug|ARM.Build.0 = Debug|Any CPU
		{F5871092-459A-42BA-A2EE-E035147DAADB}.Debug|ARM64.ActiveCfg = Debug|Any CPU
		{F5871092-459A-42BA-A2EE-E035147DAADB}.Debug|ARM64.Build.0 = Debug|Any CPU
		{F5871092-459A-42BA-A2EE-E035147DAADB}.Debug|x64.ActiveCfg = Debug|Any CPU
		{F5871092-459A-42BA-A2EE-E035147DAADB}.Debug|x64.Build.0 = Debug|Any CPU
		{F5871092-459A-42BA-A2EE-E035147DAADB}.Debug|x86.ActiveCfg = Debug|Any CPU
		{F5871092-459A-42BA-A2EE-E035147DAADB}.Debug|x86.Build.0 = Debug|Any CPU
		{F5871092-459A-42BA-A2EE-E035147DAADB}.Release|Any CPU.ActiveCfg = Release|Any CPU
		{F5871092-459A-42BA-A2EE-E035147DAADB}.Release|Any CPU.Build.0 = Release|Any CPU
		{F5871092-459A-42BA-A2EE-E035147DAADB}.Release|ARM.ActiveCfg = Release|Any CPU
		{F5871092-459A-42BA-A2EE-E035147DAADB}.Release|ARM.Build.0 = Release|Any CPU
		{F5871092-459A-42BA-A2EE-E035147DAADB}.Release|ARM64.ActiveCfg = Release|Any CPU
		{F5871092-459A-42BA-A2EE-E035147DAADB}.Release|ARM64.Build.0 = Release|Any CPU
		{F5871092-459A-42BA-A2EE-E035147DAADB}.Release|x64.ActiveCfg = Release|Any CPU
		{F5871092-459A-42BA-A2EE-E035147DAADB}.Release|x64.Build.0 = Release|Any CPU
		{F5871092-459A-42BA-A2EE-E035147DAADB}.Release|x86.ActiveCfg = Release|Any CPU
		{F5871092-459A-42BA-A2EE-E035147DAADB}.Release|x86.Build.0 = Release|Any CPU
		{A2D5240A-90BC-451A-B3C8-B2F9F5BB81F0}.Debug|Any CPU.ActiveCfg = Debug|Any CPU
		{A2D5240A-90BC-451A-B3C8-B2F9F5BB81F0}.Debug|Any CPU.Build.0 = Debug|Any CPU
		{A2D5240A-90BC-451A-B3C8-B2F9F5BB81F0}.Debug|ARM.ActiveCfg = Debug|Any CPU
		{A2D5240A-90BC-451A-B3C8-B2F9F5BB81F0}.Debug|ARM.Build.0 = Debug|Any CPU
		{A2D5240A-90BC-451A-B3C8-B2F9F5BB81F0}.Debug|ARM64.ActiveCfg = Debug|Any CPU
		{A2D5240A-90BC-451A-B3C8-B2F9F5BB81F0}.Debug|ARM64.Build.0 = Debug|Any CPU
		{A2D5240A-90BC-451A-B3C8-B2F9F5BB81F0}.Debug|x64.ActiveCfg = Debug|Any CPU
		{A2D5240A-90BC-451A-B3C8-B2F9F5BB81F0}.Debug|x64.Build.0 = Debug|Any CPU
		{A2D5240A-90BC-451A-B3C8-B2F9F5BB81F0}.Debug|x86.ActiveCfg = Debug|Any CPU
		{A2D5240A-90BC-451A-B3C8-B2F9F5BB81F0}.Debug|x86.Build.0 = Debug|Any CPU
		{A2D5240A-90BC-451A-B3C8-B2F9F5BB81F0}.Release|Any CPU.ActiveCfg = Release|Any CPU
		{A2D5240A-90BC-451A-B3C8-B2F9F5BB81F0}.Release|Any CPU.Build.0 = Release|Any CPU
		{A2D5240A-90BC-451A-B3C8-B2F9F5BB81F0}.Release|ARM.ActiveCfg = Release|Any CPU
		{A2D5240A-90BC-451A-B3C8-B2F9F5BB81F0}.Release|ARM.Build.0 = Release|Any CPU
		{A2D5240A-90BC-451A-B3C8-B2F9F5BB81F0}.Release|ARM64.ActiveCfg = Release|Any CPU
		{A2D5240A-90BC-451A-B3C8-B2F9F5BB81F0}.Release|ARM64.Build.0 = Release|Any CPU
		{A2D5240A-90BC-451A-B3C8-B2F9F5BB81F0}.Release|x64.ActiveCfg = Release|Any CPU
		{A2D5240A-90BC-451A-B3C8-B2F9F5BB81F0}.Release|x64.Build.0 = Release|Any CPU
		{A2D5240A-90BC-451A-B3C8-B2F9F5BB81F0}.Release|x86.ActiveCfg = Release|Any CPU
		{A2D5240A-90BC-451A-B3C8-B2F9F5BB81F0}.Release|x86.Build.0 = Release|Any CPU
		{0B1B480A-2F8C-4A87-9DF7-F6609A52567B}.Debug|Any CPU.ActiveCfg = Debug|Any CPU
		{0B1B480A-2F8C-4A87-9DF7-F6609A52567B}.Debug|Any CPU.Build.0 = Debug|Any CPU
		{0B1B480A-2F8C-4A87-9DF7-F6609A52567B}.Debug|ARM.ActiveCfg = Debug|Any CPU
		{0B1B480A-2F8C-4A87-9DF7-F6609A52567B}.Debug|ARM.Build.0 = Debug|Any CPU
		{0B1B480A-2F8C-4A87-9DF7-F6609A52567B}.Debug|ARM64.ActiveCfg = Debug|Any CPU
		{0B1B480A-2F8C-4A87-9DF7-F6609A52567B}.Debug|ARM64.Build.0 = Debug|Any CPU
		{0B1B480A-2F8C-4A87-9DF7-F6609A52567B}.Debug|x64.ActiveCfg = Debug|Any CPU
		{0B1B480A-2F8C-4A87-9DF7-F6609A52567B}.Debug|x64.Build.0 = Debug|Any CPU
		{0B1B480A-2F8C-4A87-9DF7-F6609A52567B}.Debug|x86.ActiveCfg = Debug|Any CPU
		{0B1B480A-2F8C-4A87-9DF7-F6609A52567B}.Debug|x86.Build.0 = Debug|Any CPU
		{0B1B480A-2F8C-4A87-9DF7-F6609A52567B}.Release|Any CPU.ActiveCfg = Release|Any CPU
		{0B1B480A-2F8C-4A87-9DF7-F6609A52567B}.Release|Any CPU.Build.0 = Release|Any CPU
		{0B1B480A-2F8C-4A87-9DF7-F6609A52567B}.Release|ARM.ActiveCfg = Release|Any CPU
		{0B1B480A-2F8C-4A87-9DF7-F6609A52567B}.Release|ARM.Build.0 = Release|Any CPU
		{0B1B480A-2F8C-4A87-9DF7-F6609A52567B}.Release|ARM64.ActiveCfg = Release|Any CPU
		{0B1B480A-2F8C-4A87-9DF7-F6609A52567B}.Release|ARM64.Build.0 = Release|Any CPU
		{0B1B480A-2F8C-4A87-9DF7-F6609A52567B}.Release|x64.ActiveCfg = Release|Any CPU
		{0B1B480A-2F8C-4A87-9DF7-F6609A52567B}.Release|x64.Build.0 = Release|Any CPU
		{0B1B480A-2F8C-4A87-9DF7-F6609A52567B}.Release|x86.ActiveCfg = Release|Any CPU
		{0B1B480A-2F8C-4A87-9DF7-F6609A52567B}.Release|x86.Build.0 = Release|Any CPU
		{A9339D0B-0EB9-468F-B5FD-011100429019}.Debug|Any CPU.ActiveCfg = Debug|Any CPU
		{A9339D0B-0EB9-468F-B5FD-011100429019}.Debug|Any CPU.Build.0 = Debug|Any CPU
		{A9339D0B-0EB9-468F-B5FD-011100429019}.Debug|ARM.ActiveCfg = Debug|Any CPU
		{A9339D0B-0EB9-468F-B5FD-011100429019}.Debug|ARM.Build.0 = Debug|Any CPU
		{A9339D0B-0EB9-468F-B5FD-011100429019}.Debug|ARM64.ActiveCfg = Debug|Any CPU
		{A9339D0B-0EB9-468F-B5FD-011100429019}.Debug|ARM64.Build.0 = Debug|Any CPU
		{A9339D0B-0EB9-468F-B5FD-011100429019}.Debug|x64.ActiveCfg = Debug|Any CPU
		{A9339D0B-0EB9-468F-B5FD-011100429019}.Debug|x64.Build.0 = Debug|Any CPU
		{A9339D0B-0EB9-468F-B5FD-011100429019}.Debug|x86.ActiveCfg = Debug|Any CPU
		{A9339D0B-0EB9-468F-B5FD-011100429019}.Debug|x86.Build.0 = Debug|Any CPU
		{A9339D0B-0EB9-468F-B5FD-011100429019}.Release|Any CPU.ActiveCfg = Release|Any CPU
		{A9339D0B-0EB9-468F-B5FD-011100429019}.Release|Any CPU.Build.0 = Release|Any CPU
		{A9339D0B-0EB9-468F-B5FD-011100429019}.Release|ARM.ActiveCfg = Release|Any CPU
		{A9339D0B-0EB9-468F-B5FD-011100429019}.Release|ARM.Build.0 = Release|Any CPU
		{A9339D0B-0EB9-468F-B5FD-011100429019}.Release|ARM64.ActiveCfg = Release|Any CPU
		{A9339D0B-0EB9-468F-B5FD-011100429019}.Release|ARM64.Build.0 = Release|Any CPU
		{A9339D0B-0EB9-468F-B5FD-011100429019}.Release|x64.ActiveCfg = Release|Any CPU
		{A9339D0B-0EB9-468F-B5FD-011100429019}.Release|x64.Build.0 = Release|Any CPU
		{A9339D0B-0EB9-468F-B5FD-011100429019}.Release|x86.ActiveCfg = Release|Any CPU
		{A9339D0B-0EB9-468F-B5FD-011100429019}.Release|x86.Build.0 = Release|Any CPU
		{A53BF004-E39A-4057-B83A-5A5E6B318ED0}.Debug|Any CPU.ActiveCfg = Debug|Any CPU
		{A53BF004-E39A-4057-B83A-5A5E6B318ED0}.Debug|Any CPU.Build.0 = Debug|Any CPU
		{A53BF004-E39A-4057-B83A-5A5E6B318ED0}.Debug|ARM.ActiveCfg = Debug|Any CPU
		{A53BF004-E39A-4057-B83A-5A5E6B318ED0}.Debug|ARM.Build.0 = Debug|Any CPU
		{A53BF004-E39A-4057-B83A-5A5E6B318ED0}.Debug|ARM64.ActiveCfg = Debug|Any CPU
		{A53BF004-E39A-4057-B83A-5A5E6B318ED0}.Debug|ARM64.Build.0 = Debug|Any CPU
		{A53BF004-E39A-4057-B83A-5A5E6B318ED0}.Debug|x64.ActiveCfg = Debug|Any CPU
		{A53BF004-E39A-4057-B83A-5A5E6B318ED0}.Debug|x64.Build.0 = Debug|Any CPU
		{A53BF004-E39A-4057-B83A-5A5E6B318ED0}.Debug|x86.ActiveCfg = Debug|Any CPU
		{A53BF004-E39A-4057-B83A-5A5E6B318ED0}.Debug|x86.Build.0 = Debug|Any CPU
		{A53BF004-E39A-4057-B83A-5A5E6B318ED0}.Release|Any CPU.ActiveCfg = Release|Any CPU
		{A53BF004-E39A-4057-B83A-5A5E6B318ED0}.Release|Any CPU.Build.0 = Release|Any CPU
		{A53BF004-E39A-4057-B83A-5A5E6B318ED0}.Release|ARM.ActiveCfg = Release|Any CPU
		{A53BF004-E39A-4057-B83A-5A5E6B318ED0}.Release|ARM.Build.0 = Release|Any CPU
		{A53BF004-E39A-4057-B83A-5A5E6B318ED0}.Release|ARM64.ActiveCfg = Release|Any CPU
		{A53BF004-E39A-4057-B83A-5A5E6B318ED0}.Release|ARM64.Build.0 = Release|Any CPU
		{A53BF004-E39A-4057-B83A-5A5E6B318ED0}.Release|x64.ActiveCfg = Release|Any CPU
		{A53BF004-E39A-4057-B83A-5A5E6B318ED0}.Release|x64.Build.0 = Release|Any CPU
		{A53BF004-E39A-4057-B83A-5A5E6B318ED0}.Release|x86.ActiveCfg = Release|Any CPU
		{A53BF004-E39A-4057-B83A-5A5E6B318ED0}.Release|x86.Build.0 = Release|Any CPU
		{CCEB1593-F233-40F4-9F39-66B9C3194C72}.Debug|Any CPU.ActiveCfg = Debug|Any CPU
		{CCEB1593-F233-40F4-9F39-66B9C3194C72}.Debug|Any CPU.Build.0 = Debug|Any CPU
		{CCEB1593-F233-40F4-9F39-66B9C3194C72}.Debug|ARM.ActiveCfg = Debug|Any CPU
		{CCEB1593-F233-40F4-9F39-66B9C3194C72}.Debug|ARM.Build.0 = Debug|Any CPU
		{CCEB1593-F233-40F4-9F39-66B9C3194C72}.Debug|ARM64.ActiveCfg = Debug|Any CPU
		{CCEB1593-F233-40F4-9F39-66B9C3194C72}.Debug|ARM64.Build.0 = Debug|Any CPU
		{CCEB1593-F233-40F4-9F39-66B9C3194C72}.Debug|x64.ActiveCfg = Debug|Any CPU
		{CCEB1593-F233-40F4-9F39-66B9C3194C72}.Debug|x64.Build.0 = Debug|Any CPU
		{CCEB1593-F233-40F4-9F39-66B9C3194C72}.Debug|x86.ActiveCfg = Debug|Any CPU
		{CCEB1593-F233-40F4-9F39-66B9C3194C72}.Debug|x86.Build.0 = Debug|Any CPU
		{CCEB1593-F233-40F4-9F39-66B9C3194C72}.Release|Any CPU.ActiveCfg = Release|Any CPU
		{CCEB1593-F233-40F4-9F39-66B9C3194C72}.Release|Any CPU.Build.0 = Release|Any CPU
		{CCEB1593-F233-40F4-9F39-66B9C3194C72}.Release|ARM.ActiveCfg = Release|Any CPU
		{CCEB1593-F233-40F4-9F39-66B9C3194C72}.Release|ARM.Build.0 = Release|Any CPU
		{CCEB1593-F233-40F4-9F39-66B9C3194C72}.Release|ARM64.ActiveCfg = Release|Any CPU
		{CCEB1593-F233-40F4-9F39-66B9C3194C72}.Release|ARM64.Build.0 = Release|Any CPU
		{CCEB1593-F233-40F4-9F39-66B9C3194C72}.Release|x64.ActiveCfg = Release|Any CPU
		{CCEB1593-F233-40F4-9F39-66B9C3194C72}.Release|x64.Build.0 = Release|Any CPU
		{CCEB1593-F233-40F4-9F39-66B9C3194C72}.Release|x86.ActiveCfg = Release|Any CPU
		{CCEB1593-F233-40F4-9F39-66B9C3194C72}.Release|x86.Build.0 = Release|Any CPU
	EndGlobalSection
	GlobalSection(SolutionProperties) = preSolution
		HideSolutionNode = FALSE
	EndGlobalSection
	GlobalSection(NestedProjects) = preSolution
		{6F2F097A-2984-451B-91AE-8A8CE79B63F2} = {BBFECEF4-C6CC-4809-A42F-B17C7822C05F}
		{B3768AF8-F6F0-42DB-B9A4-13F00B19765B} = {6F2F097A-2984-451B-91AE-8A8CE79B63F2}
		{F5871092-459A-42BA-A2EE-E035147DAADB} = {F24B2B22-C009-407F-92A6-66A9E58C5AFA}
		{A2D5240A-90BC-451A-B3C8-B2F9F5BB81F0} = {F24B2B22-C009-407F-92A6-66A9E58C5AFA}
		{BA343373-F47A-418F-ABB4-03E784B37171} = {6F2F097A-2984-451B-91AE-8A8CE79B63F2}
		{0B1B480A-2F8C-4A87-9DF7-F6609A52567B} = {BA343373-F47A-418F-ABB4-03E784B37171}
		{A9339D0B-0EB9-468F-B5FD-011100429019} = {BA343373-F47A-418F-ABB4-03E784B37171}
		{A53BF004-E39A-4057-B83A-5A5E6B318ED0} = {F24B2B22-C009-407F-92A6-66A9E58C5AFA}
		{CCEB1593-F233-40F4-9F39-66B9C3194C72} = {B1881580-9AAF-430E-811F-7555EA30EF8B}
	EndGlobalSection
	GlobalSection(ExtensibilityGlobals) = postSolution
		SolutionGuid = {CDCFE0E0-0018-4AF9-AA10-4D49986BEC5F}
	EndGlobalSection
EndGlobal
