
Microsoft Visual Studio Solution File, Format Version 12.00
# Visual Studio 2012
Project("{FAE04EC0-301F-11D3-BF4B-00C04F79EFBC}") = "WindowsFormsTest2", "WindowsFormsTest2.csproj", "{9C854313-C6C0-49B5-8314-C5D57B17ABE0}"
EndProject
Global
	GlobalSection(SolutionConfigurationPlatforms) = preSolution
		Debug|Any CPU = Debug|Any CPU
		Release|Any CPU = Release|Any CPU
	EndGlobalSection
	GlobalSection(ProjectConfigurationPlatforms) = postSolution
		{9C854313-C6C0-49B5-8314-C5D57B17ABE0}.Debug|Any CPU.ActiveCfg = Debug|Any CPU
		{9C854313-C6C0-49B5-8314-C5D57B17ABE0}.Debug|Any CPU.Build.0 = Debug|Any CPU
		{9C854313-C6C0-49B5-8314-C5D57B17ABE0}.Release|Any CPU.ActiveCfg = Release|Any CPU
		{9C854313-C6C0-49B5-8314-C5D57B17ABE0}.Release|Any CPU.Build.0 = Release|Any CPU
	EndGlobalSection
	GlobalSection(SolutionProperties) = preSolution
		HideSolutionNode = FALSE
	EndGlobalSection
EndGlobal
