
Microsoft Visual Studio Solution File, Format Version 9.00
# Visual Studio 2005
Project("{FAE04EC0-301F-11D3-BF4B-00C04F79EFBC}") = "YD.Compare", "YD.Compare\YD.Compare.csproj", "{9C9F9761-7B01-4EB1-8AD8-A0C1B8F669CE}"
EndProject
Project("{2150E333-8FDC-42A3-9474-1A3956D46DE8}") = "Solution Items", "Solution Items", "{BE26F915-141B-4DB7-A88C-5E7B4BE0B0CB}"
	ProjectSection(SolutionItems) = preProject
		CompareV2.vsmdi = CompareV2.vsmdi
		localtestrun.testrunconfig = localtestrun.testrunconfig
	EndProjectSection
EndProject
Project("{E24C65DC-7377-472B-9ABA-BC803B73C61A}") = "D:\...\Demo\", "Demo", "{4698EDBE-E8C6-4A7D-9EDA-619BDEDA3B91}"
	ProjectSection(WebsiteProperties) = preProject
		ProjectReferences = "{9C9F9761-7B01-4EB1-8AD8-A0C1B8F669CE}|YD.Compare.dll;"
		Debug.AspNetCompiler.VirtualPath = "/Demo"
		Debug.AspNetCompiler.PhysicalPath = "Demo\"
		Debug.AspNetCompiler.TargetPath = "PrecompiledWeb\Demo\"
		Debug.AspNetCompiler.Updateable = "true"
		Debug.AspNetCompiler.ForceOverwrite = "true"
		Debug.AspNetCompiler.FixedNames = "false"
		Debug.AspNetCompiler.Debug = "True"
		Release.AspNetCompiler.VirtualPath = "/Demo"
		Release.AspNetCompiler.PhysicalPath = "Demo\"
		Release.AspNetCompiler.TargetPath = "PrecompiledWeb\Demo\"
		Release.AspNetCompiler.Updateable = "true"
		Release.AspNetCompiler.ForceOverwrite = "true"
		Release.AspNetCompiler.FixedNames = "false"
		Release.AspNetCompiler.Debug = "False"
		VWDPort = "1443"
		DefaultWebSiteLanguage = "Visual C#"
	EndProjectSection
EndProject
Global
	GlobalSection(TestCaseManagementSettings) = postSolution
		CategoryFile = CompareV2.vsmdi
	EndGlobalSection
	GlobalSection(SolutionConfigurationPlatforms) = preSolution
		Debug|.NET = Debug|.NET
		Debug|Any CPU = Debug|Any CPU
		Debug|Mixed Platforms = Debug|Mixed Platforms
		Release|.NET = Release|.NET
		Release|Any CPU = Release|Any CPU
		Release|Mixed Platforms = Release|Mixed Platforms
	EndGlobalSection
	GlobalSection(ProjectConfigurationPlatforms) = postSolution
		{9C9F9761-7B01-4EB1-8AD8-A0C1B8F669CE}.Debug|.NET.ActiveCfg = Debug|Any CPU
		{9C9F9761-7B01-4EB1-8AD8-A0C1B8F669CE}.Debug|Any CPU.ActiveCfg = Debug|Any CPU
		{9C9F9761-7B01-4EB1-8AD8-A0C1B8F669CE}.Debug|Any CPU.Build.0 = Debug|Any CPU
		{9C9F9761-7B01-4EB1-8AD8-A0C1B8F669CE}.Debug|Mixed Platforms.ActiveCfg = Debug|Any CPU
		{9C9F9761-7B01-4EB1-8AD8-A0C1B8F669CE}.Debug|Mixed Platforms.Build.0 = Debug|Any CPU
		{9C9F9761-7B01-4EB1-8AD8-A0C1B8F669CE}.Release|.NET.ActiveCfg = Release|Any CPU
		{9C9F9761-7B01-4EB1-8AD8-A0C1B8F669CE}.Release|Any CPU.ActiveCfg = Release|Any CPU
		{9C9F9761-7B01-4EB1-8AD8-A0C1B8F669CE}.Release|Any CPU.Build.0 = Release|Any CPU
		{9C9F9761-7B01-4EB1-8AD8-A0C1B8F669CE}.Release|Mixed Platforms.ActiveCfg = Release|Any CPU
		{9C9F9761-7B01-4EB1-8AD8-A0C1B8F669CE}.Release|Mixed Platforms.Build.0 = Release|Any CPU
		{4698EDBE-E8C6-4A7D-9EDA-619BDEDA3B91}.Debug|.NET.ActiveCfg = Debug|.NET
		{4698EDBE-E8C6-4A7D-9EDA-619BDEDA3B91}.Debug|.NET.Build.0 = Debug|.NET
		{4698EDBE-E8C6-4A7D-9EDA-619BDEDA3B91}.Debug|Any CPU.ActiveCfg = Debug|.NET
		{4698EDBE-E8C6-4A7D-9EDA-619BDEDA3B91}.Debug|Mixed Platforms.ActiveCfg = Debug|.NET
		{4698EDBE-E8C6-4A7D-9EDA-619BDEDA3B91}.Debug|Mixed Platforms.Build.0 = Debug|.NET
		{4698EDBE-E8C6-4A7D-9EDA-619BDEDA3B91}.Release|.NET.ActiveCfg = Debug|.NET
		{4698EDBE-E8C6-4A7D-9EDA-619BDEDA3B91}.Release|.NET.Build.0 = Debug|.NET
		{4698EDBE-E8C6-4A7D-9EDA-619BDEDA3B91}.Release|Any CPU.ActiveCfg = Debug|.NET
		{4698EDBE-E8C6-4A7D-9EDA-619BDEDA3B91}.Release|Mixed Platforms.ActiveCfg = Debug|.NET
		{4698EDBE-E8C6-4A7D-9EDA-619BDEDA3B91}.Release|Mixed Platforms.Build.0 = Debug|.NET
	EndGlobalSection
	GlobalSection(SolutionProperties) = preSolution
		HideSolutionNode = FALSE
	EndGlobalSection
EndGlobal
